{
    "format_version": "1.2",
    "terraform_version": "1.12.2",
    "variables": {
        "availability_zones_count": {
            "value": 3
        },
        "enable_nat_gateway": {
            "value": false
        },
        "enable_vpc_endpoints": {
            "value": false
        },
        "environment": {
            "value": "dev"
        },
        "owner": {
            "value": "tth"
        },
        "project": {
            "value": "k8s-pj"
        },
        "region": {
            "value": "ap-southeast-5"
        },
        "vpc_cidr": {
            "value": "10.25.0.0/16"
        }
    },
    "planned_values": {
        "outputs": {
            "availability_zones": {
                "sensitive": false,
                "type": [
                    "list",
                    "string"
                ],
                "value": [
                    "ap-southeast-5a",
                    "ap-southeast-5b",
                    "ap-southeast-5c"
                ]
            },
            "private_subnet_ids": {
                "sensitive": false,
                "type": [
                    "tuple",
                    [
                        "string",
                        "string",
                        "string"
                    ]
                ],
                "value": [
                    "subnet-038245452c18fdcd3",
                    "subnet-0cebcc97620a59c5c",
                    "subnet-022bead9e9bf1881a"
                ]
            },
            "public_subnet_ids": {
                "sensitive": false,
                "type": [
                    "tuple",
                    [
                        "string",
                        "string",
                        "string"
                    ]
                ],
                "value": [
                    "subnet-01164d443a698c146",
                    "subnet-0728b3c4a8b34f64d",
                    "subnet-0af67cc33786e9d19"
                ]
            },
            "vpc_cidr_block": {
                "sensitive": false,
                "type": "string",
                "value": "10.25.0.0/16"
            },
            "vpc_id": {
                "sensitive": false,
                "type": "string",
                "value": "vpc-036c34f6badf10f07"
            }
        },
        "root_module": {
            "resources": [
                {
                    "address": "aws_resourcegroups_group.dev_resources",
                    "mode": "managed",
                    "type": "aws_resourcegroups_group",
                    "name": "dev_resources",
                    "provider_name": "registry.terraform.io/hashicorp/aws",
                    "schema_version": 0,
                    "values": {
                        "arn": "arn:aws:resource-groups:ap-southeast-5:187091248012:group/tth-k8s-pj-dev-resourcesgroup",
                        "configuration": [],
                        "description": "All resources for k8s-pj dev environment",
                        "id": "tth-k8s-pj-dev-resourcesgroup",
                        "name": "tth-k8s-pj-dev-resourcesgroup",
                        "resource_query": [
                            {
                                "query": "{\"ResourceTypeFilters\":[\"AWS::AllSupported\"],\"TagFilters\":[{\"Key\":\"Project\",\"Values\":[\"k8s-pj\"]},{\"Key\":\"Environment\",\"Values\":[\"dev\"]}]}",
                                "type": "TAG_FILTERS_1_0"
                            }
                        ],
                        "tags": {
                            "Environment": "dev",
                            "Managed_by": "terraform",
                            "Name": "tth-k8s-pj-dev-resourcesgroup",
                            "Owner": "tth",
                            "Project": "k8s-pj"
                        },
                        "tags_all": {
                            "Environment": "dev",
                            "Managed_by": "terraform",
                            "Name": "tth-k8s-pj-dev-resourcesgroup",
                            "Owner": "tth",
                            "Project": "k8s-pj"
                        },
                        "timeouts": null
                    },
                    "sensitive_values": {
                        "configuration": [],
                        "resource_query": [
                            {}
                        ],
                        "tags": {},
                        "tags_all": {}
                    }
                }
            ],
            "child_modules": [
                {
                    "resources": [
                        {
                            "address": "module.ec2.aws_iam_instance_profile.k8s_master",
                            "mode": "managed",
                            "type": "aws_iam_instance_profile",
                            "name": "k8s_master",
                            "provider_name": "registry.terraform.io/hashicorp/aws",
                            "schema_version": 0,
                            "values": {
                                "name": "k8s-pj-dev-master-profile",
                                "path": "/",
                                "role": "k8s-pj-dev-master-role",
                                "tags": {
                                    "Component": "compute",
                                    "Name": "k8s-pj-dev-master-profile"
                                },
                                "tags_all": {
                                    "Component": "compute",
                                    "Environment": "dev",
                                    "Managed_by": "terraform",
                                    "Name": "k8s-pj-dev-master-profile",
                                    "Owner": "tth",
                                    "Project": "k8s-pj"
                                }
                            },
                            "sensitive_values": {
                                "tags": {},
                                "tags_all": {}
                            }
                        },
                        {
                            "address": "module.ec2.aws_iam_instance_profile.k8s_worker",
                            "mode": "managed",
                            "type": "aws_iam_instance_profile",
                            "name": "k8s_worker",
                            "provider_name": "registry.terraform.io/hashicorp/aws",
                            "schema_version": 0,
                            "values": {
                                "name": "k8s-pj-dev-worker-profile",
                                "path": "/",
                                "role": "k8s-pj-dev-worker-role",
                                "tags": {
                                    "Component": "compute",
                                    "Name": "k8s-pj-dev-worker-profile"
                                },
                                "tags_all": {
                                    "Component": "compute",
                                    "Environment": "dev",
                                    "Managed_by": "terraform",
                                    "Name": "k8s-pj-dev-worker-profile",
                                    "Owner": "tth",
                                    "Project": "k8s-pj"
                                }
                            },
                            "sensitive_values": {
                                "tags": {},
                                "tags_all": {}
                            }
                        },
                        {
                            "address": "module.ec2.aws_iam_role.k8s_master",
                            "mode": "managed",
                            "type": "aws_iam_role",
                            "name": "k8s_master",
                            "provider_name": "registry.terraform.io/hashicorp/aws",
                            "schema_version": 0,
                            "values": {
                                "assume_role_policy": "{\"Statement\":[{\"Action\":\"sts:AssumeRole\",\"Effect\":\"Allow\",\"Principal\":{\"Service\":\"ec2.amazonaws.com\"}}],\"Version\":\"2012-10-17\"}",
                                "description": null,
                                "force_detach_policies": false,
                                "max_session_duration": 3600,
                                "name": "k8s-pj-dev-master-role",
                                "path": "/",
                                "permissions_boundary": null,
                                "tags": {
                                    "Component": "compute",
                                    "Name": "k8s-pj-dev-master-role"
                                },
                                "tags_all": {
                                    "Component": "compute",
                                    "Environment": "dev",
                                    "Managed_by": "terraform",
                                    "Name": "k8s-pj-dev-master-role",
                                    "Owner": "tth",
                                    "Project": "k8s-pj"
                                }
                            },
                            "sensitive_values": {
                                "inline_policy": [],
                                "managed_policy_arns": [],
                                "tags": {},
                                "tags_all": {}
                            }
                        },
                        {
                            "address": "module.ec2.aws_iam_role.k8s_worker",
                            "mode": "managed",
                            "type": "aws_iam_role",
                            "name": "k8s_worker",
                            "provider_name": "registry.terraform.io/hashicorp/aws",
                            "schema_version": 0,
                            "values": {
                                "assume_role_policy": "{\"Statement\":[{\"Action\":\"sts:AssumeRole\",\"Effect\":\"Allow\",\"Principal\":{\"Service\":\"ec2.amazonaws.com\"}}],\"Version\":\"2012-10-17\"}",
                                "description": null,
                                "force_detach_policies": false,
                                "max_session_duration": 3600,
                                "name": "k8s-pj-dev-worker-role",
                                "path": "/",
                                "permissions_boundary": null,
                                "tags": {
                                    "Component": "compute",
                                    "Name": "k8s-pj-dev-worker-role"
                                },
                                "tags_all": {
                                    "Component": "compute",
                                    "Environment": "dev",
                                    "Managed_by": "terraform",
                                    "Name": "k8s-pj-dev-worker-role",
                                    "Owner": "tth",
                                    "Project": "k8s-pj"
                                }
                            },
                            "sensitive_values": {
                                "inline_policy": [],
                                "managed_policy_arns": [],
                                "tags": {},
                                "tags_all": {}
                            }
                        },
                        {
                            "address": "module.ec2.aws_iam_role_policy.k8s_master_policy",
                            "mode": "managed",
                            "type": "aws_iam_role_policy",
                            "name": "k8s_master_policy",
                            "provider_name": "registry.terraform.io/hashicorp/aws",
                            "schema_version": 0,
                            "values": {
                                "name": "k8s-pj-dev-master-policy",
                                "policy": "{\"Version\":\"2012-10-17\",\"Statement\":[{\"Action\":[\"ec2:DescribeInstances\",\"ec2:DescribeRegions\",\"ec2:DescribeRouteTables\",\"ec2:DescribeSecurityGroups\",\"ec2:DescribeSubnets\",\"ec2:DescribeVolumes\",\"ec2:CreateSecurityGroup\",\"ec2:CreateTags\",\"ec2:CreateVolume\",\"ec2:ModifyInstanceAttribute\",\"ec2:ModifyVolume\",\"ec2:AttachVolume\",\"ec2:AuthorizeSecurityGroupIngress\",\"ec2:CreateRoute\",\"ec2:DeleteRoute\",\"ec2:DeleteSecurityGroup\",\"ec2:DeleteVolume\",\"ec2:DetachVolume\",\"ec2:RevokeSecurityGroupIngress\",\"elasticloadbalancing:*\",\"autoscaling:DescribeAutoScalingGroups\",\"autoscaling:DescribeLaunchConfigurations\",\"autoscaling:DescribeTags\"],\"Effect\":\"Allow\",\"Resource\":\"*\"}]}"
                            },
                            "sensitive_values": {}
                        },
                        {
                            "address": "module.ec2.aws_iam_role_policy.k8s_worker_policy",
                            "mode": "managed",
                            "type": "aws_iam_role_policy",
                            "name": "k8s_worker_policy",
                            "provider_name": "registry.terraform.io/hashicorp/aws",
                            "schema_version": 0,
                            "values": {
                                "name": "k8s-pj-dev-worker-policy",
                                "policy": "{\"Version\":\"2012-10-17\",\"Statement\":[{\"Action\":[\"ec2:DescribeInstances\",\"ec2:DescribeRegions\",\"ecr:GetAuthorizationToken\",\"ecr:BatchCheckLayerAvailability\",\"ecr:GetDownloadUrlForLayer\",\"ecr:BatchGetImage\"],\"Effect\":\"Allow\",\"Resource\":\"*\"}]}"
                            },
                            "sensitive_values": {}
                        },
                        {
                            "address": "module.ec2.aws_instance.master[0]",
                            "mode": "managed",
                            "type": "aws_instance",
                            "name": "master",
                            "index": 0,
                            "provider_name": "registry.terraform.io/hashicorp/aws",
                            "schema_version": 1,
                            "values": {
                                "ami": "ami-0b0fc92e07c19b67f",
                                "credit_specification": [],
                                "get_password_data": false,
                                "hibernation": null,
                                "iam_instance_profile": "k8s-pj-dev-master-profile",
                                "instance_type": "t3.medium",
                                "key_name": "k8s-pj-dev-key",
                                "launch_template": [],
                                "root_block_device": [
                                    {
                                        "delete_on_termination": true,
                                        "encrypted": true,
                                        "tags": {
                                            "Component": "compute",
                                            "Name": "k8s-pj-dev-master-1-root"
                                        },
                                        "volume_size": 20,
                                        "volume_type": "gp3"
                                    }
                                ],
                                "source_dest_check": true,
                                "subnet_id": "subnet-038245452c18fdcd3",
                                "tags": {
                                    "Component": "compute",
                                    "Name": "k8s-pj-dev-master-1",
                                    "Role": "control-plane",
                                    "Type": "k8s-master",
                                    "kubernetes.io/cluster/k8s-pj-dev": "owned"
                                },
                                "tags_all": {
                                    "Component": "compute",
                                    "Environment": "dev",
                                    "Managed_by": "terraform",
                                    "Name": "k8s-pj-dev-master-1",
                                    "Owner": "tth",
                                    "Project": "k8s-pj",
                                    "Role": "control-plane",
                                    "Type": "k8s-master",
                                    "kubernetes.io/cluster/k8s-pj-dev": "owned"
                                },
                                "timeouts": null,
                                "user_data": "4514cd27a0b9353333b3a4139f8d60fee5da16f8",
                                "user_data_replace_on_change": false,
                                "volume_tags": null,
                                "vpc_security_group_ids": [
                                    "sg-031d7360941b108e9"
                                ]
                            },
                            "sensitive_values": {
                                "capacity_reservation_specification": [],
                                "cpu_options": [],
                                "credit_specification": [],
                                "ebs_block_device": [],
                                "enclave_options": [],
                                "ephemeral_block_device": [],
                                "instance_market_options": [],
                                "ipv6_addresses": [],
                                "launch_template": [],
                                "maintenance_options": [],
                                "metadata_options": [],
                                "network_interface": [],
                                "private_dns_name_options": [],
                                "root_block_device": [
                                    {
                                        "tags": {},
                                        "tags_all": {}
                                    }
                                ],
                                "secondary_private_ips": [],
                                "security_groups": [],
                                "tags": {},
                                "tags_all": {},
                                "vpc_security_group_ids": [
                                    false
                                ]
                            }
                        },
                        {
                            "address": "module.ec2.aws_instance.master[1]",
                            "mode": "managed",
                            "type": "aws_instance",
                            "name": "master",
                            "index": 1,
                            "provider_name": "registry.terraform.io/hashicorp/aws",
                            "schema_version": 1,
                            "values": {
                                "ami": "ami-0b0fc92e07c19b67f",
                                "credit_specification": [],
                                "get_password_data": false,
                                "hibernation": null,
                                "iam_instance_profile": "k8s-pj-dev-master-profile",
                                "instance_type": "t3.medium",
                                "key_name": "k8s-pj-dev-key",
                                "launch_template": [],
                                "root_block_device": [
                                    {
                                        "delete_on_termination": true,
                                        "encrypted": true,
                                        "tags": {
                                            "Component": "compute",
                                            "Name": "k8s-pj-dev-master-2-root"
                                        },
                                        "volume_size": 20,
                                        "volume_type": "gp3"
                                    }
                                ],
                                "source_dest_check": true,
                                "subnet_id": "subnet-0cebcc97620a59c5c",
                                "tags": {
                                    "Component": "compute",
                                    "Name": "k8s-pj-dev-master-2",
                                    "Role": "control-plane",
                                    "Type": "k8s-master",
                                    "kubernetes.io/cluster/k8s-pj-dev": "owned"
                                },
                                "tags_all": {
                                    "Component": "compute",
                                    "Environment": "dev",
                                    "Managed_by": "terraform",
                                    "Name": "k8s-pj-dev-master-2",
                                    "Owner": "tth",
                                    "Project": "k8s-pj",
                                    "Role": "control-plane",
                                    "Type": "k8s-master",
                                    "kubernetes.io/cluster/k8s-pj-dev": "owned"
                                },
                                "timeouts": null,
                                "user_data": "a29766ffcdb7ba64223ad33131cc2c45b9c8eef5",
                                "user_data_replace_on_change": false,
                                "volume_tags": null,
                                "vpc_security_group_ids": [
                                    "sg-031d7360941b108e9"
                                ]
                            },
                            "sensitive_values": {
                                "capacity_reservation_specification": [],
                                "cpu_options": [],
                                "credit_specification": [],
                                "ebs_block_device": [],
                                "enclave_options": [],
                                "ephemeral_block_device": [],
                                "instance_market_options": [],
                                "ipv6_addresses": [],
                                "launch_template": [],
                                "maintenance_options": [],
                                "metadata_options": [],
                                "network_interface": [],
                                "private_dns_name_options": [],
                                "root_block_device": [
                                    {
                                        "tags": {},
                                        "tags_all": {}
                                    }
                                ],
                                "secondary_private_ips": [],
                                "security_groups": [],
                                "tags": {},
                                "tags_all": {},
                                "vpc_security_group_ids": [
                                    false
                                ]
                            }
                        },
                        {
                            "address": "module.ec2.aws_instance.master[2]",
                            "mode": "managed",
                            "type": "aws_instance",
                            "name": "master",
                            "index": 2,
                            "provider_name": "registry.terraform.io/hashicorp/aws",
                            "schema_version": 1,
                            "values": {
                                "ami": "ami-0b0fc92e07c19b67f",
                                "credit_specification": [],
                                "get_password_data": false,
                                "hibernation": null,
                                "iam_instance_profile": "k8s-pj-dev-master-profile",
                                "instance_type": "t3.medium",
                                "key_name": "k8s-pj-dev-key",
                                "launch_template": [],
                                "root_block_device": [
                                    {
                                        "delete_on_termination": true,
                                        "encrypted": true,
                                        "tags": {
                                            "Component": "compute",
                                            "Name": "k8s-pj-dev-master-3-root"
                                        },
                                        "volume_size": 20,
                                        "volume_type": "gp3"
                                    }
                                ],
                                "source_dest_check": true,
                                "subnet_id": "subnet-022bead9e9bf1881a",
                                "tags": {
                                    "Component": "compute",
                                    "Name": "k8s-pj-dev-master-3",
                                    "Role": "control-plane",
                                    "Type": "k8s-master",
                                    "kubernetes.io/cluster/k8s-pj-dev": "owned"
                                },
                                "tags_all": {
                                    "Component": "compute",
                                    "Environment": "dev",
                                    "Managed_by": "terraform",
                                    "Name": "k8s-pj-dev-master-3",
                                    "Owner": "tth",
                                    "Project": "k8s-pj",
                                    "Role": "control-plane",
                                    "Type": "k8s-master",
                                    "kubernetes.io/cluster/k8s-pj-dev": "owned"
                                },
                                "timeouts": null,
                                "user_data": "06fc5e6af0ec1e1b27d32557f0b5f7de3e9369fe",
                                "user_data_replace_on_change": false,
                                "volume_tags": null,
                                "vpc_security_group_ids": [
                                    "sg-031d7360941b108e9"
                                ]
                            },
                            "sensitive_values": {
                                "capacity_reservation_specification": [],
                                "cpu_options": [],
                                "credit_specification": [],
                                "ebs_block_device": [],
                                "enclave_options": [],
                                "ephemeral_block_device": [],
                                "instance_market_options": [],
                                "ipv6_addresses": [],
                                "launch_template": [],
                                "maintenance_options": [],
                                "metadata_options": [],
                                "network_interface": [],
                                "private_dns_name_options": [],
                                "root_block_device": [
                                    {
                                        "tags": {},
                                        "tags_all": {}
                                    }
                                ],
                                "secondary_private_ips": [],
                                "security_groups": [],
                                "tags": {},
                                "tags_all": {},
                                "vpc_security_group_ids": [
                                    false
                                ]
                            }
                        },
                        {
                            "address": "module.ec2.aws_instance.worker[0]",
                            "mode": "managed",
                            "type": "aws_instance",
                            "name": "worker",
                            "index": 0,
                            "provider_name": "registry.terraform.io/hashicorp/aws",
                            "schema_version": 1,
                            "values": {
                                "ami": "ami-0b0fc92e07c19b67f",
                                "credit_specification": [],
                                "get_password_data": false,
                                "hibernation": null,
                                "iam_instance_profile": "k8s-pj-dev-worker-profile",
                                "instance_type": "t3.large",
                                "key_name": "k8s-pj-dev-key",
                                "launch_template": [],
                                "root_block_device": [
                                    {
                                        "delete_on_termination": true,
                                        "encrypted": true,
                                        "tags": {
                                            "Component": "compute",
                                            "Name": "k8s-pj-dev-worker-1-root"
                                        },
                                        "volume_size": 30,
                                        "volume_type": "gp3"
                                    }
                                ],
                                "source_dest_check": true,
                                "subnet_id": "subnet-038245452c18fdcd3",
                                "tags": {
                                    "Component": "compute",
                                    "Name": "k8s-pj-dev-worker-1",
                                    "Role": "worker",
                                    "Type": "k8s-worker",
                                    "kubernetes.io/cluster/k8s-pj-dev": "owned"
                                },
                                "tags_all": {
                                    "Component": "compute",
                                    "Environment": "dev",
                                    "Managed_by": "terraform",
                                    "Name": "k8s-pj-dev-worker-1",
                                    "Owner": "tth",
                                    "Project": "k8s-pj",
                                    "Role": "worker",
                                    "Type": "k8s-worker",
                                    "kubernetes.io/cluster/k8s-pj-dev": "owned"
                                },
                                "timeouts": null,
                                "user_data": "57820cc7fd42951b0ea3bf0c844463bbc6364388",
                                "user_data_replace_on_change": false,
                                "volume_tags": null,
                                "vpc_security_group_ids": [
                                    "sg-046de11f549086969"
                                ]
                            },
                            "sensitive_values": {
                                "capacity_reservation_specification": [],
                                "cpu_options": [],
                                "credit_specification": [],
                                "ebs_block_device": [],
                                "enclave_options": [],
                                "ephemeral_block_device": [],
                                "instance_market_options": [],
                                "ipv6_addresses": [],
                                "launch_template": [],
                                "maintenance_options": [],
                                "metadata_options": [],
                                "network_interface": [],
                                "private_dns_name_options": [],
                                "root_block_device": [
                                    {
                                        "tags": {},
                                        "tags_all": {}
                                    }
                                ],
                                "secondary_private_ips": [],
                                "security_groups": [],
                                "tags": {},
                                "tags_all": {},
                                "vpc_security_group_ids": [
                                    false
                                ]
                            }
                        },
                        {
                            "address": "module.ec2.aws_instance.worker[1]",
                            "mode": "managed",
                            "type": "aws_instance",
                            "name": "worker",
                            "index": 1,
                            "provider_name": "registry.terraform.io/hashicorp/aws",
                            "schema_version": 1,
                            "values": {
                                "ami": "ami-0b0fc92e07c19b67f",
                                "credit_specification": [],
                                "get_password_data": false,
                                "hibernation": null,
                                "iam_instance_profile": "k8s-pj-dev-worker-profile",
                                "instance_type": "t3.large",
                                "key_name": "k8s-pj-dev-key",
                                "launch_template": [],
                                "root_block_device": [
                                    {
                                        "delete_on_termination": true,
                                        "encrypted": true,
                                        "tags": {
                                            "Component": "compute",
                                            "Name": "k8s-pj-dev-worker-2-root"
                                        },
                                        "volume_size": 30,
                                        "volume_type": "gp3"
                                    }
                                ],
                                "source_dest_check": true,
                                "subnet_id": "subnet-0cebcc97620a59c5c",
                                "tags": {
                                    "Component": "compute",
                                    "Name": "k8s-pj-dev-worker-2",
                                    "Role": "worker",
                                    "Type": "k8s-worker",
                                    "kubernetes.io/cluster/k8s-pj-dev": "owned"
                                },
                                "tags_all": {
                                    "Component": "compute",
                                    "Environment": "dev",
                                    "Managed_by": "terraform",
                                    "Name": "k8s-pj-dev-worker-2",
                                    "Owner": "tth",
                                    "Project": "k8s-pj",
                                    "Role": "worker",
                                    "Type": "k8s-worker",
                                    "kubernetes.io/cluster/k8s-pj-dev": "owned"
                                },
                                "timeouts": null,
                                "user_data": "2365db95eed8ec73483157aed7a8259fdf279f9a",
                                "user_data_replace_on_change": false,
                                "volume_tags": null,
                                "vpc_security_group_ids": [
                                    "sg-046de11f549086969"
                                ]
                            },
                            "sensitive_values": {
                                "capacity_reservation_specification": [],
                                "cpu_options": [],
                                "credit_specification": [],
                                "ebs_block_device": [],
                                "enclave_options": [],
                                "ephemeral_block_device": [],
                                "instance_market_options": [],
                                "ipv6_addresses": [],
                                "launch_template": [],
                                "maintenance_options": [],
                                "metadata_options": [],
                                "network_interface": [],
                                "private_dns_name_options": [],
                                "root_block_device": [
                                    {
                                        "tags": {},
                                        "tags_all": {}
                                    }
                                ],
                                "secondary_private_ips": [],
                                "security_groups": [],
                                "tags": {},
                                "tags_all": {},
                                "vpc_security_group_ids": [
                                    false
                                ]
                            }
                        },
                        {
                            "address": "module.ec2.aws_instance.worker[2]",
                            "mode": "managed",
                            "type": "aws_instance",
                            "name": "worker",
                            "index": 2,
                            "provider_name": "registry.terraform.io/hashicorp/aws",
                            "schema_version": 1,
                            "values": {
                                "ami": "ami-0b0fc92e07c19b67f",
                                "credit_specification": [],
                                "get_password_data": false,
                                "hibernation": null,
                                "iam_instance_profile": "k8s-pj-dev-worker-profile",
                                "instance_type": "t3.large",
                                "key_name": "k8s-pj-dev-key",
                                "launch_template": [],
                                "root_block_device": [
                                    {
                                        "delete_on_termination": true,
                                        "encrypted": true,
                                        "tags": {
                                            "Component": "compute",
                                            "Name": "k8s-pj-dev-worker-3-root"
                                        },
                                        "volume_size": 30,
                                        "volume_type": "gp3"
                                    }
                                ],
                                "source_dest_check": true,
                                "subnet_id": "subnet-022bead9e9bf1881a",
                                "tags": {
                                    "Component": "compute",
                                    "Name": "k8s-pj-dev-worker-3",
                                    "Role": "worker",
                                    "Type": "k8s-worker",
                                    "kubernetes.io/cluster/k8s-pj-dev": "owned"
                                },
                                "tags_all": {
                                    "Component": "compute",
                                    "Environment": "dev",
                                    "Managed_by": "terraform",
                                    "Name": "k8s-pj-dev-worker-3",
                                    "Owner": "tth",
                                    "Project": "k8s-pj",
                                    "Role": "worker",
                                    "Type": "k8s-worker",
                                    "kubernetes.io/cluster/k8s-pj-dev": "owned"
                                },
                                "timeouts": null,
                                "user_data": "ab0df9277b8708e7afb61bffa41338dfb9c9cca3",
                                "user_data_replace_on_change": false,
                                "volume_tags": null,
                                "vpc_security_group_ids": [
                                    "sg-046de11f549086969"
                                ]
                            },
                            "sensitive_values": {
                                "capacity_reservation_specification": [],
                                "cpu_options": [],
                                "credit_specification": [],
                                "ebs_block_device": [],
                                "enclave_options": [],
                                "ephemeral_block_device": [],
                                "instance_market_options": [],
                                "ipv6_addresses": [],
                                "launch_template": [],
                                "maintenance_options": [],
                                "metadata_options": [],
                                "network_interface": [],
                                "private_dns_name_options": [],
                                "root_block_device": [
                                    {
                                        "tags": {},
                                        "tags_all": {}
                                    }
                                ],
                                "secondary_private_ips": [],
                                "security_groups": [],
                                "tags": {},
                                "tags_all": {},
                                "vpc_security_group_ids": [
                                    false
                                ]
                            }
                        },
                        {
                            "address": "module.ec2.aws_key_pair.k8s_key",
                            "mode": "managed",
                            "type": "aws_key_pair",
                            "name": "k8s_key",
                            "provider_name": "registry.terraform.io/hashicorp/aws",
                            "schema_version": 1,
                            "values": {
                                "key_name": "k8s-pj-dev-key",
                                "public_key": "ssh-rsa AAAAB3NzaC1yc2EAAAADAQABAAABgQC90wpsDwb4Ul2rktyAnUk9YDB2gBH2Vlv0j/O4ObQoOgCWLy3R7GVUgkuBvQyd0llIbtuach8mji9l7GjDqj/+fOLwBYFAQNss/trePSqEPLdTw9N3XS9OuQE6X3D06EvpGWktZyRj6ny3ObJ+NcWpYm5D+a3J5uo8ynhpyvbYYcjKzKoWQADLIsNp4JDW7X4ggTJunCsDY/tjlFlxxZ/9gWnsvlQ2OGsTI/wmI0u/EQD81HphWC9DSdu/WsQqgROj9qI8nmzyrMuNK4CppHHorzHt31tQLPHiWXhYe9CnMxrQiBQwhXRQfu4k7FTcJf/rRJhhcX+jEeTBftq2NGzOtwaxneMbm+O0TTF2Yzk6/2yLUB8D1Da/Z25CM5lt5IgJTCuUmN8mpzcACss61mP1qxD9mr5l7Pg/OKk0aWpNeBLdTeeRXLEDFe+lDvNYmDEuqoiNfyc8Nnv94ceNdFz1atY4TZcJrI1xqoSxuFyiltvdgCK30azDX70wW87iswE= ubuntu@XPS-9310-TTH0102",
                                "tags": {
                                    "Component": "compute",
                                    "Name": "k8s-pj-dev-key"
                                },
                                "tags_all": {
                                    "Component": "compute",
                                    "Environment": "dev",
                                    "Managed_by": "terraform",
                                    "Name": "k8s-pj-dev-key",
                                    "Owner": "tth",
                                    "Project": "k8s-pj"
                                }
                            },
                            "sensitive_values": {
                                "tags": {},
                                "tags_all": {}
                            }
                        }
                    ],
                    "address": "module.ec2"
                },
                {
                    "resources": [
                        {
                            "address": "module.security.aws_security_group.alb",
                            "mode": "managed",
                            "type": "aws_security_group",
                            "name": "alb",
                            "provider_name": "registry.terraform.io/hashicorp/aws",
                            "schema_version": 1,
                            "values": {
                                "arn": "arn:aws:ec2:ap-southeast-5:187091248012:security-group/sg-0c62d4f2f995e96ba",
                                "description": "Security group for ALB",
                                "egress": [
                                    {
                                        "cidr_blocks": [],
                                        "description": "To K8s API",
                                        "from_port": 6443,
                                        "ipv6_cidr_blocks": [],
                                        "prefix_list_ids": [],
                                        "protocol": "tcp",
                                        "security_groups": [
                                            "sg-031d7360941b108e9"
                                        ],
                                        "self": false,
                                        "to_port": 6443
                                    }
                                ],
                                "id": "sg-0c62d4f2f995e96ba",
                                "ingress": [
                                    {
                                        "cidr_blocks": [
                                            "0.0.0.0/0"
                                        ],
                                        "description": "HTTP",
                                        "from_port": 80,
                                        "ipv6_cidr_blocks": [],
                                        "prefix_list_ids": [],
                                        "protocol": "tcp",
                                        "security_groups": [],
                                        "self": false,
                                        "to_port": 80
                                    },
                                    {
                                        "cidr_blocks": [
                                            "0.0.0.0/0"
                                        ],
                                        "description": "HTTPS",
                                        "from_port": 443,
                                        "ipv6_cidr_blocks": [],
                                        "prefix_list_ids": [],
                                        "protocol": "tcp",
                                        "security_groups": [],
                                        "self": false,
                                        "to_port": 443
                                    }
                                ],
                                "name": "tth-k8s-pj-dev-alb-sg",
                                "name_prefix": "",
                                "owner_id": "187091248012",
                                "revoke_rules_on_delete": false,
                                "tags": {
                                    "Component": "security",
                                    "Name": "tth-k8s-pj-dev-alb-sg",
                                    "Type": "load-balancer"
                                },
                                "tags_all": {
                                    "Component": "security",
                                    "Environment": "dev",
                                    "Managed_by": "terraform",
                                    "Name": "tth-k8s-pj-dev-alb-sg",
                                    "Owner": "tth",
                                    "Project": "k8s-pj",
                                    "Type": "load-balancer"
                                },
                                "timeouts": null,
                                "vpc_id": "vpc-036c34f6badf10f07"
                            },
                            "sensitive_values": {
                                "egress": [
                                    {
                                        "cidr_blocks": [],
                                        "ipv6_cidr_blocks": [],
                                        "prefix_list_ids": [],
                                        "security_groups": [
                                            false
                                        ]
                                    }
                                ],
                                "ingress": [
                                    {
                                        "cidr_blocks": [
                                            false
                                        ],
                                        "ipv6_cidr_blocks": [],
                                        "prefix_list_ids": [],
                                        "security_groups": []
                                    },
                                    {
                                        "cidr_blocks": [
                                            false
                                        ],
                                        "ipv6_cidr_blocks": [],
                                        "prefix_list_ids": [],
                                        "security_groups": []
                                    }
                                ],
                                "tags": {},
                                "tags_all": {}
                            }
                        },
                        {
                            "address": "module.security.aws_security_group.k8s_master",
                            "mode": "managed",
                            "type": "aws_security_group",
                            "name": "k8s_master",
                            "provider_name": "registry.terraform.io/hashicorp/aws",
                            "schema_version": 1,
                            "values": {
                                "arn": "arn:aws:ec2:ap-southeast-5:187091248012:security-group/sg-031d7360941b108e9",
                                "description": "Security group for Kubernetes master nodes",
                                "egress": [
                                    {
                                        "cidr_blocks": [
                                            "0.0.0.0/0"
                                        ],
                                        "description": "",
                                        "from_port": 0,
                                        "ipv6_cidr_blocks": [],
                                        "prefix_list_ids": [],
                                        "protocol": "-1",
                                        "security_groups": [],
                                        "self": false,
                                        "to_port": 0
                                    }
                                ],
                                "id": "sg-031d7360941b108e9",
                                "ingress": [
                                    {
                                        "cidr_blocks": [
                                            "10.25.0.0/16"
                                        ],
                                        "description": "K8s API Server",
                                        "from_port": 6443,
                                        "ipv6_cidr_blocks": [],
                                        "prefix_list_ids": [],
                                        "protocol": "tcp",
                                        "security_groups": [],
                                        "self": false,
                                        "to_port": 6443
                                    },
                                    {
                                        "cidr_blocks": [
                                            "10.25.0.0/16"
                                        ],
                                        "description": "Kubelet API",
                                        "from_port": 10250,
                                        "ipv6_cidr_blocks": [],
                                        "prefix_list_ids": [],
                                        "protocol": "tcp",
                                        "security_groups": [],
                                        "self": false,
                                        "to_port": 10250
                                    },
                                    {
                                        "cidr_blocks": [
                                            "10.25.0.0/16"
                                        ],
                                        "description": "SSH",
                                        "from_port": 22,
                                        "ipv6_cidr_blocks": [],
                                        "prefix_list_ids": [],
                                        "protocol": "tcp",
                                        "security_groups": [],
                                        "self": false,
                                        "to_port": 22
                                    },
                                    {
                                        "cidr_blocks": [],
                                        "description": "etcd client requests",
                                        "from_port": 2379,
                                        "ipv6_cidr_blocks": [],
                                        "prefix_list_ids": [],
                                        "protocol": "tcp",
                                        "security_groups": [],
                                        "self": true,
                                        "to_port": 2380
                                    },
                                    {
                                        "cidr_blocks": [],
                                        "description": "kube-controller-manager",
                                        "from_port": 10252,
                                        "ipv6_cidr_blocks": [],
                                        "prefix_list_ids": [],
                                        "protocol": "tcp",
                                        "security_groups": [],
                                        "self": true,
                                        "to_port": 10252
                                    },
                                    {
                                        "cidr_blocks": [],
                                        "description": "kube-scheduler",
                                        "from_port": 10251,
                                        "ipv6_cidr_blocks": [],
                                        "prefix_list_ids": [],
                                        "protocol": "tcp",
                                        "security_groups": [],
                                        "self": true,
                                        "to_port": 10251
                                    }
                                ],
                                "name": "tth-k8s-pj-dev-master-sg",
                                "name_prefix": "",
                                "owner_id": "187091248012",
                                "revoke_rules_on_delete": false,
                                "tags": {
                                    "Component": "security",
                                    "Name": "tth-k8s-pj-dev-master-sg",
                                    "Type": "k8s-master"
                                },
                                "tags_all": {
                                    "Component": "security",
                                    "Environment": "dev",
                                    "Managed_by": "terraform",
                                    "Name": "tth-k8s-pj-dev-master-sg",
                                    "Owner": "tth",
                                    "Project": "k8s-pj",
                                    "Type": "k8s-master"
                                },
                                "timeouts": null,
                                "vpc_id": "vpc-036c34f6badf10f07"
                            },
                            "sensitive_values": {
                                "egress": [
                                    {
                                        "cidr_blocks": [
                                            false
                                        ],
                                        "ipv6_cidr_blocks": [],
                                        "prefix_list_ids": [],
                                        "security_groups": []
                                    }
                                ],
                                "ingress": [
                                    {
                                        "cidr_blocks": [
                                            false
                                        ],
                                        "ipv6_cidr_blocks": [],
                                        "prefix_list_ids": [],
                                        "security_groups": []
                                    },
                                    {
                                        "cidr_blocks": [
                                            false
                                        ],
                                        "ipv6_cidr_blocks": [],
                                        "prefix_list_ids": [],
                                        "security_groups": []
                                    },
                                    {
                                        "cidr_blocks": [
                                            false
                                        ],
                                        "ipv6_cidr_blocks": [],
                                        "prefix_list_ids": [],
                                        "security_groups": []
                                    },
                                    {
                                        "cidr_blocks": [],
                                        "ipv6_cidr_blocks": [],
                                        "prefix_list_ids": [],
                                        "security_groups": []
                                    },
                                    {
                                        "cidr_blocks": [],
                                        "ipv6_cidr_blocks": [],
                                        "prefix_list_ids": [],
                                        "security_groups": []
                                    },
                                    {
                                        "cidr_blocks": [],
                                        "ipv6_cidr_blocks": [],
                                        "prefix_list_ids": [],
                                        "security_groups": []
                                    }
                                ],
                                "tags": {},
                                "tags_all": {}
                            }
                        },
                        {
                            "address": "module.security.aws_security_group.k8s_worker",
                            "mode": "managed",
                            "type": "aws_security_group",
                            "name": "k8s_worker",
                            "provider_name": "registry.terraform.io/hashicorp/aws",
                            "schema_version": 1,
                            "values": {
                                "arn": "arn:aws:ec2:ap-southeast-5:187091248012:security-group/sg-046de11f549086969",
                                "description": "Security group for Kubernetes worker nodes",
                                "egress": [
                                    {
                                        "cidr_blocks": [
                                            "0.0.0.0/0"
                                        ],
                                        "description": "",
                                        "from_port": 0,
                                        "ipv6_cidr_blocks": [],
                                        "prefix_list_ids": [],
                                        "protocol": "-1",
                                        "security_groups": [],
                                        "self": false,
                                        "to_port": 0
                                    }
                                ],
                                "id": "sg-046de11f549086969",
                                "ingress": [
                                    {
                                        "cidr_blocks": [
                                            "10.25.0.0/16"
                                        ],
                                        "description": "NodePort Services",
                                        "from_port": 30000,
                                        "ipv6_cidr_blocks": [],
                                        "prefix_list_ids": [],
                                        "protocol": "tcp",
                                        "security_groups": [],
                                        "self": false,
                                        "to_port": 32767
                                    },
                                    {
                                        "cidr_blocks": [
                                            "10.25.0.0/16"
                                        ],
                                        "description": "SSH",
                                        "from_port": 22,
                                        "ipv6_cidr_blocks": [],
                                        "prefix_list_ids": [],
                                        "protocol": "tcp",
                                        "security_groups": [],
                                        "self": false,
                                        "to_port": 22
                                    },
                                    {
                                        "cidr_blocks": [],
                                        "description": "K8s API Server",
                                        "from_port": 6443,
                                        "ipv6_cidr_blocks": [],
                                        "prefix_list_ids": [],
                                        "protocol": "tcp",
                                        "security_groups": [
                                            "sg-031d7360941b108e9"
                                        ],
                                        "self": false,
                                        "to_port": 6443
                                    },
                                    {
                                        "cidr_blocks": [],
                                        "description": "Kubelet API from masters",
                                        "from_port": 10250,
                                        "ipv6_cidr_blocks": [],
                                        "prefix_list_ids": [],
                                        "protocol": "tcp",
                                        "security_groups": [
                                            "sg-031d7360941b108e9"
                                        ],
                                        "self": false,
                                        "to_port": 10250
                                    },
                                    {
                                        "cidr_blocks": [],
                                        "description": "Worker to worker UDP (CNI)",
                                        "from_port": 0,
                                        "ipv6_cidr_blocks": [],
                                        "prefix_list_ids": [],
                                        "protocol": "udp",
                                        "security_groups": [],
                                        "self": true,
                                        "to_port": 65535
                                    },
                                    {
                                        "cidr_blocks": [],
                                        "description": "Worker to worker communication",
                                        "from_port": 0,
                                        "ipv6_cidr_blocks": [],
                                        "prefix_list_ids": [],
                                        "protocol": "tcp",
                                        "security_groups": [],
                                        "self": true,
                                        "to_port": 65535
                                    }
                                ],
                                "name": "tth-k8s-pj-dev-worker-sg",
                                "name_prefix": "",
                                "owner_id": "187091248012",
                                "revoke_rules_on_delete": false,
                                "tags": {
                                    "Component": "security",
                                    "Name": "tth-k8s-pj-dev-worker-sg",
                                    "Type": "k8s-worker"
                                },
                                "tags_all": {
                                    "Component": "security",
                                    "Environment": "dev",
                                    "Managed_by": "terraform",
                                    "Name": "tth-k8s-pj-dev-worker-sg",
                                    "Owner": "tth",
                                    "Project": "k8s-pj",
                                    "Type": "k8s-worker"
                                },
                                "timeouts": null,
                                "vpc_id": "vpc-036c34f6badf10f07"
                            },
                            "sensitive_values": {
                                "egress": [
                                    {
                                        "cidr_blocks": [
                                            false
                                        ],
                                        "ipv6_cidr_blocks": [],
                                        "prefix_list_ids": [],
                                        "security_groups": []
                                    }
                                ],
                                "ingress": [
                                    {
                                        "cidr_blocks": [
                                            false
                                        ],
                                        "ipv6_cidr_blocks": [],
                                        "prefix_list_ids": [],
                                        "security_groups": []
                                    },
                                    {
                                        "cidr_blocks": [
                                            false
                                        ],
                                        "ipv6_cidr_blocks": [],
                                        "prefix_list_ids": [],
                                        "security_groups": []
                                    },
                                    {
                                        "cidr_blocks": [],
                                        "ipv6_cidr_blocks": [],
                                        "prefix_list_ids": [],
                                        "security_groups": [
                                            false
                                        ]
                                    },
                                    {
                                        "cidr_blocks": [],
                                        "ipv6_cidr_blocks": [],
                                        "prefix_list_ids": [],
                                        "security_groups": [
                                            false
                                        ]
                                    },
                                    {
                                        "cidr_blocks": [],
                                        "ipv6_cidr_blocks": [],
                                        "prefix_list_ids": [],
                                        "security_groups": []
                                    },
                                    {
                                        "cidr_blocks": [],
                                        "ipv6_cidr_blocks": [],
                                        "prefix_list_ids": [],
                                        "security_groups": []
                                    }
                                ],
                                "tags": {},
                                "tags_all": {}
                            }
                        }
                    ],
                    "address": "module.security"
                },
                {
                    "resources": [
                        {
                            "address": "module.vpc.aws_internet_gateway.main",
                            "mode": "managed",
                            "type": "aws_internet_gateway",
                            "name": "main",
                            "provider_name": "registry.terraform.io/hashicorp/aws",
                            "schema_version": 0,
                            "values": {
                                "arn": "arn:aws:ec2:ap-southeast-5:187091248012:internet-gateway/igw-06da4ef37b385e1de",
                                "id": "igw-06da4ef37b385e1de",
                                "owner_id": "187091248012",
                                "tags": {
                                    "Name": "tth-k8s-pj-dev-igw"
                                },
                                "tags_all": {
                                    "Environment": "dev",
                                    "Managed_by": "terraform",
                                    "Name": "tth-k8s-pj-dev-igw",
                                    "Owner": "tth",
                                    "Project": "k8s-pj"
                                },
                                "timeouts": null,
                                "vpc_id": "vpc-036c34f6badf10f07"
                            },
                            "sensitive_values": {
                                "tags": {},
                                "tags_all": {}
                            }
                        },
                        {
                            "address": "module.vpc.aws_route_table.private[0]",
                            "mode": "managed",
                            "type": "aws_route_table",
                            "name": "private",
                            "index": 0,
                            "provider_name": "registry.terraform.io/hashicorp/aws",
                            "schema_version": 0,
                            "values": {
                                "arn": "arn:aws:ec2:ap-southeast-5:187091248012:route-table/rtb-08e6985dac5174e7b",
                                "id": "rtb-08e6985dac5174e7b",
                                "owner_id": "187091248012",
                                "propagating_vgws": [],
                                "route": [],
                                "tags": {
                                    "Name": "tth-k8s-pj-dev-private-rt"
                                },
                                "tags_all": {
                                    "Environment": "dev",
                                    "Managed_by": "terraform",
                                    "Name": "tth-k8s-pj-dev-private-rt",
                                    "Owner": "tth",
                                    "Project": "k8s-pj"
                                },
                                "timeouts": null,
                                "vpc_id": "vpc-036c34f6badf10f07"
                            },
                            "sensitive_values": {
                                "propagating_vgws": [],
                                "route": [],
                                "tags": {},
                                "tags_all": {}
                            }
                        },
                        {
                            "address": "module.vpc.aws_route_table.public",
                            "mode": "managed",
                            "type": "aws_route_table",
                            "name": "public",
                            "provider_name": "registry.terraform.io/hashicorp/aws",
                            "schema_version": 0,
                            "values": {
                                "arn": "arn:aws:ec2:ap-southeast-5:187091248012:route-table/rtb-0f32fae5b9bf1c148",
                                "id": "rtb-0f32fae5b9bf1c148",
                                "owner_id": "187091248012",
                                "propagating_vgws": [],
                                "route": [
                                    {
                                        "carrier_gateway_id": "",
                                        "cidr_block": "0.0.0.0/0",
                                        "core_network_arn": "",
                                        "destination_prefix_list_id": "",
                                        "egress_only_gateway_id": "",
                                        "gateway_id": "igw-06da4ef37b385e1de",
                                        "ipv6_cidr_block": "",
                                        "local_gateway_id": "",
                                        "nat_gateway_id": "",
                                        "network_interface_id": "",
                                        "transit_gateway_id": "",
                                        "vpc_endpoint_id": "",
                                        "vpc_peering_connection_id": ""
                                    }
                                ],
                                "tags": {
                                    "Name": "tth-k8s-pj-dev-public-rt"
                                },
                                "tags_all": {
                                    "Environment": "dev",
                                    "Managed_by": "terraform",
                                    "Name": "tth-k8s-pj-dev-public-rt",
                                    "Owner": "tth",
                                    "Project": "k8s-pj"
                                },
                                "timeouts": null,
                                "vpc_id": "vpc-036c34f6badf10f07"
                            },
                            "sensitive_values": {
                                "propagating_vgws": [],
                                "route": [
                                    {}
                                ],
                                "tags": {},
                                "tags_all": {}
                            }
                        },
                        {
                            "address": "module.vpc.aws_route_table_association.private[0]",
                            "mode": "managed",
                            "type": "aws_route_table_association",
                            "name": "private",
                            "index": 0,
                            "provider_name": "registry.terraform.io/hashicorp/aws",
                            "schema_version": 0,
                            "values": {
                                "gateway_id": "",
                                "id": "rtbassoc-04d237a7f68019fcb",
                                "route_table_id": "rtb-08e6985dac5174e7b",
                                "subnet_id": "subnet-038245452c18fdcd3",
                                "timeouts": null
                            },
                            "sensitive_values": {}
                        },
                        {
                            "address": "module.vpc.aws_route_table_association.private[1]",
                            "mode": "managed",
                            "type": "aws_route_table_association",
                            "name": "private",
                            "index": 1,
                            "provider_name": "registry.terraform.io/hashicorp/aws",
                            "schema_version": 0,
                            "values": {
                                "gateway_id": "",
                                "id": "rtbassoc-063a0d4f881095567",
                                "route_table_id": "rtb-08e6985dac5174e7b",
                                "subnet_id": "subnet-0cebcc97620a59c5c",
                                "timeouts": null
                            },
                            "sensitive_values": {}
                        },
                        {
                            "address": "module.vpc.aws_route_table_association.private[2]",
                            "mode": "managed",
                            "type": "aws_route_table_association",
                            "name": "private",
                            "index": 2,
                            "provider_name": "registry.terraform.io/hashicorp/aws",
                            "schema_version": 0,
                            "values": {
                                "gateway_id": "",
                                "id": "rtbassoc-03596caeea3092f4a",
                                "route_table_id": "rtb-08e6985dac5174e7b",
                                "subnet_id": "subnet-022bead9e9bf1881a",
                                "timeouts": null
                            },
                            "sensitive_values": {}
                        },
                        {
                            "address": "module.vpc.aws_route_table_association.public[0]",
                            "mode": "managed",
                            "type": "aws_route_table_association",
                            "name": "public",
                            "index": 0,
                            "provider_name": "registry.terraform.io/hashicorp/aws",
                            "schema_version": 0,
                            "values": {
                                "gateway_id": "",
                                "id": "rtbassoc-0e1aae262972f592f",
                                "route_table_id": "rtb-0f32fae5b9bf1c148",
                                "subnet_id": "subnet-01164d443a698c146",
                                "timeouts": null
                            },
                            "sensitive_values": {}
                        },
                        {
                            "address": "module.vpc.aws_route_table_association.public[1]",
                            "mode": "managed",
                            "type": "aws_route_table_association",
                            "name": "public",
                            "index": 1,
                            "provider_name": "registry.terraform.io/hashicorp/aws",
                            "schema_version": 0,
                            "values": {
                                "gateway_id": "",
                                "id": "rtbassoc-0ca3e817df5739a87",
                                "route_table_id": "rtb-0f32fae5b9bf1c148",
                                "subnet_id": "subnet-0728b3c4a8b34f64d",
                                "timeouts": null
                            },
                            "sensitive_values": {}
                        },
                        {
                            "address": "module.vpc.aws_route_table_association.public[2]",
                            "mode": "managed",
                            "type": "aws_route_table_association",
                            "name": "public",
                            "index": 2,
                            "provider_name": "registry.terraform.io/hashicorp/aws",
                            "schema_version": 0,
                            "values": {
                                "gateway_id": "",
                                "id": "rtbassoc-0b1cc8ca9819d3439",
                                "route_table_id": "rtb-0f32fae5b9bf1c148",
                                "subnet_id": "subnet-0af67cc33786e9d19",
                                "timeouts": null
                            },
                            "sensitive_values": {}
                        },
                        {
                            "address": "module.vpc.aws_subnet.private[0]",
                            "mode": "managed",
                            "type": "aws_subnet",
                            "name": "private",
                            "index": 0,
                            "provider_name": "registry.terraform.io/hashicorp/aws",
                            "schema_version": 1,
                            "values": {
                                "arn": "arn:aws:ec2:ap-southeast-5:187091248012:subnet/subnet-038245452c18fdcd3",
                                "assign_ipv6_address_on_creation": false,
                                "availability_zone": "ap-southeast-5a",
                                "availability_zone_id": "apse5-az1",
                                "cidr_block": "10.25.10.0/24",
                                "customer_owned_ipv4_pool": "",
                                "enable_dns64": false,
                                "enable_lni_at_device_index": 0,
                                "enable_resource_name_dns_a_record_on_launch": false,
                                "enable_resource_name_dns_aaaa_record_on_launch": false,
                                "id": "subnet-038245452c18fdcd3",
                                "ipv6_cidr_block": "",
                                "ipv6_cidr_block_association_id": "",
                                "ipv6_native": false,
                                "map_customer_owned_ip_on_launch": false,
                                "map_public_ip_on_launch": false,
                                "outpost_arn": "",
                                "owner_id": "187091248012",
                                "private_dns_hostname_type_on_launch": "ip-name",
                                "tags": {
                                    "Name": "tth-k8s-pj-dev-private-1",
                                    "Type": "private",
                                    "kubernetes.io/role/internal-elb": "1"
                                },
                                "tags_all": {
                                    "Environment": "dev",
                                    "Managed_by": "terraform",
                                    "Name": "tth-k8s-pj-dev-private-1",
                                    "Owner": "tth",
                                    "Project": "k8s-pj",
                                    "Type": "private",
                                    "kubernetes.io/role/internal-elb": "1"
                                },
                                "timeouts": null,
                                "vpc_id": "vpc-036c34f6badf10f07"
                            },
                            "sensitive_values": {
                                "tags": {},
                                "tags_all": {}
                            }
                        },
                        {
                            "address": "module.vpc.aws_subnet.private[1]",
                            "mode": "managed",
                            "type": "aws_subnet",
                            "name": "private",
                            "index": 1,
                            "provider_name": "registry.terraform.io/hashicorp/aws",
                            "schema_version": 1,
                            "values": {
                                "arn": "arn:aws:ec2:ap-southeast-5:187091248012:subnet/subnet-0cebcc97620a59c5c",
                                "assign_ipv6_address_on_creation": false,
                                "availability_zone": "ap-southeast-5b",
                                "availability_zone_id": "apse5-az2",
                                "cidr_block": "10.25.11.0/24",
                                "customer_owned_ipv4_pool": "",
                                "enable_dns64": false,
                                "enable_lni_at_device_index": 0,
                                "enable_resource_name_dns_a_record_on_launch": false,
                                "enable_resource_name_dns_aaaa_record_on_launch": false,
                                "id": "subnet-0cebcc97620a59c5c",
                                "ipv6_cidr_block": "",
                                "ipv6_cidr_block_association_id": "",
                                "ipv6_native": false,
                                "map_customer_owned_ip_on_launch": false,
                                "map_public_ip_on_launch": false,
                                "outpost_arn": "",
                                "owner_id": "187091248012",
                                "private_dns_hostname_type_on_launch": "ip-name",
                                "tags": {
                                    "Name": "tth-k8s-pj-dev-private-2",
                                    "Type": "private",
                                    "kubernetes.io/role/internal-elb": "1"
                                },
                                "tags_all": {
                                    "Environment": "dev",
                                    "Managed_by": "terraform",
                                    "Name": "tth-k8s-pj-dev-private-2",
                                    "Owner": "tth",
                                    "Project": "k8s-pj",
                                    "Type": "private",
                                    "kubernetes.io/role/internal-elb": "1"
                                },
                                "timeouts": null,
                                "vpc_id": "vpc-036c34f6badf10f07"
                            },
                            "sensitive_values": {
                                "tags": {},
                                "tags_all": {}
                            }
                        },
                        {
                            "address": "module.vpc.aws_subnet.private[2]",
                            "mode": "managed",
                            "type": "aws_subnet",
                            "name": "private",
                            "index": 2,
                            "provider_name": "registry.terraform.io/hashicorp/aws",
                            "schema_version": 1,
                            "values": {
                                "arn": "arn:aws:ec2:ap-southeast-5:187091248012:subnet/subnet-022bead9e9bf1881a",
                                "assign_ipv6_address_on_creation": false,
                                "availability_zone": "ap-southeast-5c",
                                "availability_zone_id": "apse5-az3",
                                "cidr_block": "10.25.12.0/24",
                                "customer_owned_ipv4_pool": "",
                                "enable_dns64": false,
                                "enable_lni_at_device_index": 0,
                                "enable_resource_name_dns_a_record_on_launch": false,
                                "enable_resource_name_dns_aaaa_record_on_launch": false,
                                "id": "subnet-022bead9e9bf1881a",
                                "ipv6_cidr_block": "",
                                "ipv6_cidr_block_association_id": "",
                                "ipv6_native": false,
                                "map_customer_owned_ip_on_launch": false,
                                "map_public_ip_on_launch": false,
                                "outpost_arn": "",
                                "owner_id": "187091248012",
                                "private_dns_hostname_type_on_launch": "ip-name",
                                "tags": {
                                    "Name": "tth-k8s-pj-dev-private-3",
                                    "Type": "private",
                                    "kubernetes.io/role/internal-elb": "1"
                                },
                                "tags_all": {
                                    "Environment": "dev",
                                    "Managed_by": "terraform",
                                    "Name": "tth-k8s-pj-dev-private-3",
                                    "Owner": "tth",
                                    "Project": "k8s-pj",
                                    "Type": "private",
                                    "kubernetes.io/role/internal-elb": "1"
                                },
                                "timeouts": null,
                                "vpc_id": "vpc-036c34f6badf10f07"
                            },
                            "sensitive_values": {
                                "tags": {},
                                "tags_all": {}
                            }
                        },
                        {
                            "address": "module.vpc.aws_subnet.public[0]",
                            "mode": "managed",
                            "type": "aws_subnet",
                            "name": "public",
                            "index": 0,
                            "provider_name": "registry.terraform.io/hashicorp/aws",
                            "schema_version": 1,
                            "values": {
                                "arn": "arn:aws:ec2:ap-southeast-5:187091248012:subnet/subnet-01164d443a698c146",
                                "assign_ipv6_address_on_creation": false,
                                "availability_zone": "ap-southeast-5a",
                                "availability_zone_id": "apse5-az1",
                                "cidr_block": "10.25.0.0/24",
                                "customer_owned_ipv4_pool": "",
                                "enable_dns64": false,
                                "enable_lni_at_device_index": 0,
                                "enable_resource_name_dns_a_record_on_launch": false,
                                "enable_resource_name_dns_aaaa_record_on_launch": false,
                                "id": "subnet-01164d443a698c146",
                                "ipv6_cidr_block": "",
                                "ipv6_cidr_block_association_id": "",
                                "ipv6_native": false,
                                "map_customer_owned_ip_on_launch": false,
                                "map_public_ip_on_launch": true,
                                "outpost_arn": "",
                                "owner_id": "187091248012",
                                "private_dns_hostname_type_on_launch": "ip-name",
                                "tags": {
                                    "Name": "tth-k8s-pj-dev-public-1",
                                    "Type": "public",
                                    "kubernetes.io/role/elb": "1"
                                },
                                "tags_all": {
                                    "Environment": "dev",
                                    "Managed_by": "terraform",
                                    "Name": "tth-k8s-pj-dev-public-1",
                                    "Owner": "tth",
                                    "Project": "k8s-pj",
                                    "Type": "public",
                                    "kubernetes.io/role/elb": "1"
                                },
                                "timeouts": null,
                                "vpc_id": "vpc-036c34f6badf10f07"
                            },
                            "sensitive_values": {
                                "tags": {},
                                "tags_all": {}
                            }
                        },
                        {
                            "address": "module.vpc.aws_subnet.public[1]",
                            "mode": "managed",
                            "type": "aws_subnet",
                            "name": "public",
                            "index": 1,
                            "provider_name": "registry.terraform.io/hashicorp/aws",
                            "schema_version": 1,
                            "values": {
                                "arn": "arn:aws:ec2:ap-southeast-5:187091248012:subnet/subnet-0728b3c4a8b34f64d",
                                "assign_ipv6_address_on_creation": false,
                                "availability_zone": "ap-southeast-5b",
                                "availability_zone_id": "apse5-az2",
                                "cidr_block": "10.25.1.0/24",
                                "customer_owned_ipv4_pool": "",
                                "enable_dns64": false,
                                "enable_lni_at_device_index": 0,
                                "enable_resource_name_dns_a_record_on_launch": false,
                                "enable_resource_name_dns_aaaa_record_on_launch": false,
                                "id": "subnet-0728b3c4a8b34f64d",
                                "ipv6_cidr_block": "",
                                "ipv6_cidr_block_association_id": "",
                                "ipv6_native": false,
                                "map_customer_owned_ip_on_launch": false,
                                "map_public_ip_on_launch": true,
                                "outpost_arn": "",
                                "owner_id": "187091248012",
                                "private_dns_hostname_type_on_launch": "ip-name",
                                "tags": {
                                    "Name": "tth-k8s-pj-dev-public-2",
                                    "Type": "public",
                                    "kubernetes.io/role/elb": "1"
                                },
                                "tags_all": {
                                    "Environment": "dev",
                                    "Managed_by": "terraform",
                                    "Name": "tth-k8s-pj-dev-public-2",
                                    "Owner": "tth",
                                    "Project": "k8s-pj",
                                    "Type": "public",
                                    "kubernetes.io/role/elb": "1"
                                },
                                "timeouts": null,
                                "vpc_id": "vpc-036c34f6badf10f07"
                            },
                            "sensitive_values": {
                                "tags": {},
                                "tags_all": {}
                            }
                        },
                        {
                            "address": "module.vpc.aws_subnet.public[2]",
                            "mode": "managed",
                            "type": "aws_subnet",
                            "name": "public",
                            "index": 2,
                            "provider_name": "registry.terraform.io/hashicorp/aws",
                            "schema_version": 1,
                            "values": {
                                "arn": "arn:aws:ec2:ap-southeast-5:187091248012:subnet/subnet-0af67cc33786e9d19",
                                "assign_ipv6_address_on_creation": false,
                                "availability_zone": "ap-southeast-5c",
                                "availability_zone_id": "apse5-az3",
                                "cidr_block": "10.25.2.0/24",
                                "customer_owned_ipv4_pool": "",
                                "enable_dns64": false,
                                "enable_lni_at_device_index": 0,
                                "enable_resource_name_dns_a_record_on_launch": false,
                                "enable_resource_name_dns_aaaa_record_on_launch": false,
                                "id": "subnet-0af67cc33786e9d19",
                                "ipv6_cidr_block": "",
                                "ipv6_cidr_block_association_id": "",
                                "ipv6_native": false,
                                "map_customer_owned_ip_on_launch": false,
                                "map_public_ip_on_launch": true,
                                "outpost_arn": "",
                                "owner_id": "187091248012",
                                "private_dns_hostname_type_on_launch": "ip-name",
                                "tags": {
                                    "Name": "tth-k8s-pj-dev-public-3",
                                    "Type": "public",
                                    "kubernetes.io/role/elb": "1"
                                },
                                "tags_all": {
                                    "Environment": "dev",
                                    "Managed_by": "terraform",
                                    "Name": "tth-k8s-pj-dev-public-3",
                                    "Owner": "tth",
                                    "Project": "k8s-pj",
                                    "Type": "public",
                                    "kubernetes.io/role/elb": "1"
                                },
                                "timeouts": null,
                                "vpc_id": "vpc-036c34f6badf10f07"
                            },
                            "sensitive_values": {
                                "tags": {},
                                "tags_all": {}
                            }
                        },
                        {
                            "address": "module.vpc.aws_vpc.main",
                            "mode": "managed",
                            "type": "aws_vpc",
                            "name": "main",
                            "provider_name": "registry.terraform.io/hashicorp/aws",
                            "schema_version": 1,
                            "values": {
                                "arn": "arn:aws:ec2:ap-southeast-5:187091248012:vpc/vpc-036c34f6badf10f07",
                                "assign_generated_ipv6_cidr_block": false,
                                "cidr_block": "10.25.0.0/16",
                                "default_network_acl_id": "acl-01a5d99a0b23415fd",
                                "default_route_table_id": "rtb-072d33812801e023a",
                                "default_security_group_id": "sg-0e4f52e9a17948440",
                                "dhcp_options_id": "dopt-0b1ed4b643f18010a",
                                "enable_dns_hostnames": true,
                                "enable_dns_support": true,
                                "enable_network_address_usage_metrics": false,
                                "id": "vpc-036c34f6badf10f07",
                                "instance_tenancy": "default",
                                "ipv4_ipam_pool_id": null,
                                "ipv4_netmask_length": null,
                                "ipv6_association_id": "",
                                "ipv6_cidr_block": "",
                                "ipv6_cidr_block_network_border_group": "",
                                "ipv6_ipam_pool_id": "",
                                "ipv6_netmask_length": 0,
                                "main_route_table_id": "rtb-072d33812801e023a",
                                "owner_id": "187091248012",
                                "tags": {
                                    "Name": "tth-k8s-pj-dev-vpc"
                                },
                                "tags_all": {
                                    "Environment": "dev",
                                    "Managed_by": "terraform",
                                    "Name": "tth-k8s-pj-dev-vpc",
                                    "Owner": "tth",
                                    "Project": "k8s-pj"
                                }
                            },
                            "sensitive_values": {
                                "tags": {},
                                "tags_all": {}
                            }
                        }
                    ],
                    "address": "module.vpc"
                }
            ]
        }
    },
    "resource_changes": [
        {
            "address": "aws_resourcegroups_group.dev_resources",
            "mode": "managed",
            "type": "aws_resourcegroups_group",
            "name": "dev_resources",
            "provider_name": "registry.terraform.io/hashicorp/aws",
            "change": {
                "actions": [
                    "no-op"
                ],
                "before": {
                    "arn": "arn:aws:resource-groups:ap-southeast-5:187091248012:group/tth-k8s-pj-dev-resourcesgroup",
                    "configuration": [],
                    "description": "All resources for k8s-pj dev environment",
                    "id": "tth-k8s-pj-dev-resourcesgroup",
                    "name": "tth-k8s-pj-dev-resourcesgroup",
                    "resource_query": [
                        {
                            "query": "{\"ResourceTypeFilters\":[\"AWS::AllSupported\"],\"TagFilters\":[{\"Key\":\"Project\",\"Values\":[\"k8s-pj\"]},{\"Key\":\"Environment\",\"Values\":[\"dev\"]}]}",
                            "type": "TAG_FILTERS_1_0"
                        }
                    ],
                    "tags": {
                        "Environment": "dev",
                        "Managed_by": "terraform",
                        "Name": "tth-k8s-pj-dev-resourcesgroup",
                        "Owner": "tth",
                        "Project": "k8s-pj"
                    },
                    "tags_all": {
                        "Environment": "dev",
                        "Managed_by": "terraform",
                        "Name": "tth-k8s-pj-dev-resourcesgroup",
                        "Owner": "tth",
                        "Project": "k8s-pj"
                    },
                    "timeouts": null
                },
                "after": {
                    "arn": "arn:aws:resource-groups:ap-southeast-5:187091248012:group/tth-k8s-pj-dev-resourcesgroup",
                    "configuration": [],
                    "description": "All resources for k8s-pj dev environment",
                    "id": "tth-k8s-pj-dev-resourcesgroup",
                    "name": "tth-k8s-pj-dev-resourcesgroup",
                    "resource_query": [
                        {
                            "query": "{\"ResourceTypeFilters\":[\"AWS::AllSupported\"],\"TagFilters\":[{\"Key\":\"Project\",\"Values\":[\"k8s-pj\"]},{\"Key\":\"Environment\",\"Values\":[\"dev\"]}]}",
                            "type": "TAG_FILTERS_1_0"
                        }
                    ],
                    "tags": {
                        "Environment": "dev",
                        "Managed_by": "terraform",
                        "Name": "tth-k8s-pj-dev-resourcesgroup",
                        "Owner": "tth",
                        "Project": "k8s-pj"
                    },
                    "tags_all": {
                        "Environment": "dev",
                        "Managed_by": "terraform",
                        "Name": "tth-k8s-pj-dev-resourcesgroup",
                        "Owner": "tth",
                        "Project": "k8s-pj"
                    },
                    "timeouts": null
                },
                "after_unknown": {},
                "before_sensitive": {
                    "configuration": [],
                    "resource_query": [
                        {}
                    ],
                    "tags": {},
                    "tags_all": {}
                },
                "after_sensitive": {
                    "configuration": [],
                    "resource_query": [
                        {}
                    ],
                    "tags": {},
                    "tags_all": {}
                }
            }
        },
        {
            "address": "module.ec2.aws_iam_instance_profile.k8s_master",
            "module_address": "module.ec2",
            "mode": "managed",
            "type": "aws_iam_instance_profile",
            "name": "k8s_master",
            "provider_name": "registry.terraform.io/hashicorp/aws",
            "change": {
                "actions": [
                    "create"
                ],
                "before": null,
                "after": {
                    "name": "k8s-pj-dev-master-profile",
                    "path": "/",
                    "role": "k8s-pj-dev-master-role",
                    "tags": {
                        "Component": "compute",
                        "Name": "k8s-pj-dev-master-profile"
                    },
                    "tags_all": {
                        "Component": "compute",
                        "Environment": "dev",
                        "Managed_by": "terraform",
                        "Name": "k8s-pj-dev-master-profile",
                        "Owner": "tth",
                        "Project": "k8s-pj"
                    }
                },
                "after_unknown": {
                    "arn": true,
                    "create_date": true,
                    "id": true,
                    "name_prefix": true,
                    "tags": {},
                    "tags_all": {},
                    "unique_id": true
                },
                "before_sensitive": false,
                "after_sensitive": {
                    "tags": {},
                    "tags_all": {}
                }
            }
        },
        {
            "address": "module.ec2.aws_iam_instance_profile.k8s_worker",
            "module_address": "module.ec2",
            "mode": "managed",
            "type": "aws_iam_instance_profile",
            "name": "k8s_worker",
            "provider_name": "registry.terraform.io/hashicorp/aws",
            "change": {
                "actions": [
                    "create"
                ],
                "before": null,
                "after": {
                    "name": "k8s-pj-dev-worker-profile",
                    "path": "/",
                    "role": "k8s-pj-dev-worker-role",
                    "tags": {
                        "Component": "compute",
                        "Name": "k8s-pj-dev-worker-profile"
                    },
                    "tags_all": {
                        "Component": "compute",
                        "Environment": "dev",
                        "Managed_by": "terraform",
                        "Name": "k8s-pj-dev-worker-profile",
                        "Owner": "tth",
                        "Project": "k8s-pj"
                    }
                },
                "after_unknown": {
                    "arn": true,
                    "create_date": true,
                    "id": true,
                    "name_prefix": true,
                    "tags": {},
                    "tags_all": {},
                    "unique_id": true
                },
                "before_sensitive": false,
                "after_sensitive": {
                    "tags": {},
                    "tags_all": {}
                }
            }
        },
        {
            "address": "module.ec2.aws_iam_role.k8s_master",
            "module_address": "module.ec2",
            "mode": "managed",
            "type": "aws_iam_role",
            "name": "k8s_master",
            "provider_name": "registry.terraform.io/hashicorp/aws",
            "change": {
                "actions": [
                    "create"
                ],
                "before": null,
                "after": {
                    "assume_role_policy": "{\"Statement\":[{\"Action\":\"sts:AssumeRole\",\"Effect\":\"Allow\",\"Principal\":{\"Service\":\"ec2.amazonaws.com\"}}],\"Version\":\"2012-10-17\"}",
                    "description": null,
                    "force_detach_policies": false,
                    "max_session_duration": 3600,
                    "name": "k8s-pj-dev-master-role",
                    "path": "/",
                    "permissions_boundary": null,
                    "tags": {
                        "Component": "compute",
                        "Name": "k8s-pj-dev-master-role"
                    },
                    "tags_all": {
                        "Component": "compute",
                        "Environment": "dev",
                        "Managed_by": "terraform",
                        "Name": "k8s-pj-dev-master-role",
                        "Owner": "tth",
                        "Project": "k8s-pj"
                    }
                },
                "after_unknown": {
                    "arn": true,
                    "create_date": true,
                    "id": true,
                    "inline_policy": true,
                    "managed_policy_arns": true,
                    "name_prefix": true,
                    "tags": {},
                    "tags_all": {},
                    "unique_id": true
                },
                "before_sensitive": false,
                "after_sensitive": {
                    "inline_policy": [],
                    "managed_policy_arns": [],
                    "tags": {},
                    "tags_all": {}
                }
            }
        },
        {
            "address": "module.ec2.aws_iam_role.k8s_worker",
            "module_address": "module.ec2",
            "mode": "managed",
            "type": "aws_iam_role",
            "name": "k8s_worker",
            "provider_name": "registry.terraform.io/hashicorp/aws",
            "change": {
                "actions": [
                    "create"
                ],
                "before": null,
                "after": {
                    "assume_role_policy": "{\"Statement\":[{\"Action\":\"sts:AssumeRole\",\"Effect\":\"Allow\",\"Principal\":{\"Service\":\"ec2.amazonaws.com\"}}],\"Version\":\"2012-10-17\"}",
                    "description": null,
                    "force_detach_policies": false,
                    "max_session_duration": 3600,
                    "name": "k8s-pj-dev-worker-role",
                    "path": "/",
                    "permissions_boundary": null,
                    "tags": {
                        "Component": "compute",
                        "Name": "k8s-pj-dev-worker-role"
                    },
                    "tags_all": {
                        "Component": "compute",
                        "Environment": "dev",
                        "Managed_by": "terraform",
                        "Name": "k8s-pj-dev-worker-role",
                        "Owner": "tth",
                        "Project": "k8s-pj"
                    }
                },
                "after_unknown": {
                    "arn": true,
                    "create_date": true,
                    "id": true,
                    "inline_policy": true,
                    "managed_policy_arns": true,
                    "name_prefix": true,
                    "tags": {},
                    "tags_all": {},
                    "unique_id": true
                },
                "before_sensitive": false,
                "after_sensitive": {
                    "inline_policy": [],
                    "managed_policy_arns": [],
                    "tags": {},
                    "tags_all": {}
                }
            }
        },
        {
            "address": "module.ec2.aws_iam_role_policy.k8s_master_policy",
            "module_address": "module.ec2",
            "mode": "managed",
            "type": "aws_iam_role_policy",
            "name": "k8s_master_policy",
            "provider_name": "registry.terraform.io/hashicorp/aws",
            "change": {
                "actions": [
                    "create"
                ],
                "before": null,
                "after": {
                    "name": "k8s-pj-dev-master-policy",
                    "policy": "{\"Version\":\"2012-10-17\",\"Statement\":[{\"Action\":[\"ec2:DescribeInstances\",\"ec2:DescribeRegions\",\"ec2:DescribeRouteTables\",\"ec2:DescribeSecurityGroups\",\"ec2:DescribeSubnets\",\"ec2:DescribeVolumes\",\"ec2:CreateSecurityGroup\",\"ec2:CreateTags\",\"ec2:CreateVolume\",\"ec2:ModifyInstanceAttribute\",\"ec2:ModifyVolume\",\"ec2:AttachVolume\",\"ec2:AuthorizeSecurityGroupIngress\",\"ec2:CreateRoute\",\"ec2:DeleteRoute\",\"ec2:DeleteSecurityGroup\",\"ec2:DeleteVolume\",\"ec2:DetachVolume\",\"ec2:RevokeSecurityGroupIngress\",\"elasticloadbalancing:*\",\"autoscaling:DescribeAutoScalingGroups\",\"autoscaling:DescribeLaunchConfigurations\",\"autoscaling:DescribeTags\"],\"Effect\":\"Allow\",\"Resource\":\"*\"}]}"
                },
                "after_unknown": {
                    "id": true,
                    "name_prefix": true,
                    "role": true
                },
                "before_sensitive": false,
                "after_sensitive": {}
            }
        },
        {
            "address": "module.ec2.aws_iam_role_policy.k8s_worker_policy",
            "module_address": "module.ec2",
            "mode": "managed",
            "type": "aws_iam_role_policy",
            "name": "k8s_worker_policy",
            "provider_name": "registry.terraform.io/hashicorp/aws",
            "change": {
                "actions": [
                    "create"
                ],
                "before": null,
                "after": {
                    "name": "k8s-pj-dev-worker-policy",
                    "policy": "{\"Version\":\"2012-10-17\",\"Statement\":[{\"Action\":[\"ec2:DescribeInstances\",\"ec2:DescribeRegions\",\"ecr:GetAuthorizationToken\",\"ecr:BatchCheckLayerAvailability\",\"ecr:GetDownloadUrlForLayer\",\"ecr:BatchGetImage\"],\"Effect\":\"Allow\",\"Resource\":\"*\"}]}"
                },
                "after_unknown": {
                    "id": true,
                    "name_prefix": true,
                    "role": true
                },
                "before_sensitive": false,
                "after_sensitive": {}
            }
        },
        {
            "address": "module.ec2.aws_instance.master[0]",
            "module_address": "module.ec2",
            "mode": "managed",
            "type": "aws_instance",
            "name": "master",
            "index": 0,
            "provider_name": "registry.terraform.io/hashicorp/aws",
            "change": {
                "actions": [
                    "create"
                ],
                "before": null,
                "after": {
                    "ami": "ami-0b0fc92e07c19b67f",
                    "credit_specification": [],
                    "get_password_data": false,
                    "hibernation": null,
                    "iam_instance_profile": "k8s-pj-dev-master-profile",
                    "instance_type": "t3.medium",
                    "key_name": "k8s-pj-dev-key",
                    "launch_template": [],
                    "root_block_device": [
                        {
                            "delete_on_termination": true,
                            "encrypted": true,
                            "tags": {
                                "Component": "compute",
                                "Name": "k8s-pj-dev-master-1-root"
                            },
                            "volume_size": 20,
                            "volume_type": "gp3"
                        }
                    ],
                    "source_dest_check": true,
                    "subnet_id": "subnet-038245452c18fdcd3",
                    "tags": {
                        "Component": "compute",
                        "Name": "k8s-pj-dev-master-1",
                        "Role": "control-plane",
                        "Type": "k8s-master",
                        "kubernetes.io/cluster/k8s-pj-dev": "owned"
                    },
                    "tags_all": {
                        "Component": "compute",
                        "Environment": "dev",
                        "Managed_by": "terraform",
                        "Name": "k8s-pj-dev-master-1",
                        "Owner": "tth",
                        "Project": "k8s-pj",
                        "Role": "control-plane",
                        "Type": "k8s-master",
                        "kubernetes.io/cluster/k8s-pj-dev": "owned"
                    },
                    "timeouts": null,
                    "user_data": "4514cd27a0b9353333b3a4139f8d60fee5da16f8",
                    "user_data_replace_on_change": false,
                    "volume_tags": null,
                    "vpc_security_group_ids": [
                        "sg-031d7360941b108e9"
                    ]
                },
                "after_unknown": {
                    "arn": true,
                    "associate_public_ip_address": true,
                    "availability_zone": true,
                    "capacity_reservation_specification": true,
                    "cpu_core_count": true,
                    "cpu_options": true,
                    "cpu_threads_per_core": true,
                    "credit_specification": [],
                    "disable_api_stop": true,
                    "disable_api_termination": true,
                    "ebs_block_device": true,
                    "ebs_optimized": true,
                    "enable_primary_ipv6": true,
                    "enclave_options": true,
                    "ephemeral_block_device": true,
                    "host_id": true,
                    "host_resource_group_arn": true,
                    "id": true,
                    "instance_initiated_shutdown_behavior": true,
                    "instance_lifecycle": true,
                    "instance_market_options": true,
                    "instance_state": true,
                    "ipv6_address_count": true,
                    "ipv6_addresses": true,
                    "launch_template": [],
                    "maintenance_options": true,
                    "metadata_options": true,
                    "monitoring": true,
                    "network_interface": true,
                    "outpost_arn": true,
                    "password_data": true,
                    "placement_group": true,
                    "placement_partition_number": true,
                    "primary_network_interface_id": true,
                    "private_dns": true,
                    "private_dns_name_options": true,
                    "private_ip": true,
                    "public_dns": true,
                    "public_ip": true,
                    "root_block_device": [
                        {
                            "device_name": true,
                            "iops": true,
                            "kms_key_id": true,
                            "tags": {},
                            "tags_all": true,
                            "throughput": true,
                            "volume_id": true
                        }
                    ],
                    "secondary_private_ips": true,
                    "security_groups": true,
                    "spot_instance_request_id": true,
                    "tags": {},
                    "tags_all": {},
                    "tenancy": true,
                    "user_data_base64": true,
                    "vpc_security_group_ids": [
                        false
                    ]
                },
                "before_sensitive": false,
                "after_sensitive": {
                    "capacity_reservation_specification": [],
                    "cpu_options": [],
                    "credit_specification": [],
                    "ebs_block_device": [],
                    "enclave_options": [],
                    "ephemeral_block_device": [],
                    "instance_market_options": [],
                    "ipv6_addresses": [],
                    "launch_template": [],
                    "maintenance_options": [],
                    "metadata_options": [],
                    "network_interface": [],
                    "private_dns_name_options": [],
                    "root_block_device": [
                        {
                            "tags": {},
                            "tags_all": {}
                        }
                    ],
                    "secondary_private_ips": [],
                    "security_groups": [],
                    "tags": {},
                    "tags_all": {},
                    "vpc_security_group_ids": [
                        false
                    ]
                }
            }
        },
        {
            "address": "module.ec2.aws_instance.master[1]",
            "module_address": "module.ec2",
            "mode": "managed",
            "type": "aws_instance",
            "name": "master",
            "index": 1,
            "provider_name": "registry.terraform.io/hashicorp/aws",
            "change": {
                "actions": [
                    "create"
                ],
                "before": null,
                "after": {
                    "ami": "ami-0b0fc92e07c19b67f",
                    "credit_specification": [],
                    "get_password_data": false,
                    "hibernation": null,
                    "iam_instance_profile": "k8s-pj-dev-master-profile",
                    "instance_type": "t3.medium",
                    "key_name": "k8s-pj-dev-key",
                    "launch_template": [],
                    "root_block_device": [
                        {
                            "delete_on_termination": true,
                            "encrypted": true,
                            "tags": {
                                "Component": "compute",
                                "Name": "k8s-pj-dev-master-2-root"
                            },
                            "volume_size": 20,
                            "volume_type": "gp3"
                        }
                    ],
                    "source_dest_check": true,
                    "subnet_id": "subnet-0cebcc97620a59c5c",
                    "tags": {
                        "Component": "compute",
                        "Name": "k8s-pj-dev-master-2",
                        "Role": "control-plane",
                        "Type": "k8s-master",
                        "kubernetes.io/cluster/k8s-pj-dev": "owned"
                    },
                    "tags_all": {
                        "Component": "compute",
                        "Environment": "dev",
                        "Managed_by": "terraform",
                        "Name": "k8s-pj-dev-master-2",
                        "Owner": "tth",
                        "Project": "k8s-pj",
                        "Role": "control-plane",
                        "Type": "k8s-master",
                        "kubernetes.io/cluster/k8s-pj-dev": "owned"
                    },
                    "timeouts": null,
                    "user_data": "a29766ffcdb7ba64223ad33131cc2c45b9c8eef5",
                    "user_data_replace_on_change": false,
                    "volume_tags": null,
                    "vpc_security_group_ids": [
                        "sg-031d7360941b108e9"
                    ]
                },
                "after_unknown": {
                    "arn": true,
                    "associate_public_ip_address": true,
                    "availability_zone": true,
                    "capacity_reservation_specification": true,
                    "cpu_core_count": true,
                    "cpu_options": true,
                    "cpu_threads_per_core": true,
                    "credit_specification": [],
                    "disable_api_stop": true,
                    "disable_api_termination": true,
                    "ebs_block_device": true,
                    "ebs_optimized": true,
                    "enable_primary_ipv6": true,
                    "enclave_options": true,
                    "ephemeral_block_device": true,
                    "host_id": true,
                    "host_resource_group_arn": true,
                    "id": true,
                    "instance_initiated_shutdown_behavior": true,
                    "instance_lifecycle": true,
                    "instance_market_options": true,
                    "instance_state": true,
                    "ipv6_address_count": true,
                    "ipv6_addresses": true,
                    "launch_template": [],
                    "maintenance_options": true,
                    "metadata_options": true,
                    "monitoring": true,
                    "network_interface": true,
                    "outpost_arn": true,
                    "password_data": true,
                    "placement_group": true,
                    "placement_partition_number": true,
                    "primary_network_interface_id": true,
                    "private_dns": true,
                    "private_dns_name_options": true,
                    "private_ip": true,
                    "public_dns": true,
                    "public_ip": true,
                    "root_block_device": [
                        {
                            "device_name": true,
                            "iops": true,
                            "kms_key_id": true,
                            "tags": {},
                            "tags_all": true,
                            "throughput": true,
                            "volume_id": true
                        }
                    ],
                    "secondary_private_ips": true,
                    "security_groups": true,
                    "spot_instance_request_id": true,
                    "tags": {},
                    "tags_all": {},
                    "tenancy": true,
                    "user_data_base64": true,
                    "vpc_security_group_ids": [
                        false
                    ]
                },
                "before_sensitive": false,
                "after_sensitive": {
                    "capacity_reservation_specification": [],
                    "cpu_options": [],
                    "credit_specification": [],
                    "ebs_block_device": [],
                    "enclave_options": [],
                    "ephemeral_block_device": [],
                    "instance_market_options": [],
                    "ipv6_addresses": [],
                    "launch_template": [],
                    "maintenance_options": [],
                    "metadata_options": [],
                    "network_interface": [],
                    "private_dns_name_options": [],
                    "root_block_device": [
                        {
                            "tags": {},
                            "tags_all": {}
                        }
                    ],
                    "secondary_private_ips": [],
                    "security_groups": [],
                    "tags": {},
                    "tags_all": {},
                    "vpc_security_group_ids": [
                        false
                    ]
                }
            }
        },
        {
            "address": "module.ec2.aws_instance.master[2]",
            "module_address": "module.ec2",
            "mode": "managed",
            "type": "aws_instance",
            "name": "master",
            "index": 2,
            "provider_name": "registry.terraform.io/hashicorp/aws",
            "change": {
                "actions": [
                    "create"
                ],
                "before": null,
                "after": {
                    "ami": "ami-0b0fc92e07c19b67f",
                    "credit_specification": [],
                    "get_password_data": false,
                    "hibernation": null,
                    "iam_instance_profile": "k8s-pj-dev-master-profile",
                    "instance_type": "t3.medium",
                    "key_name": "k8s-pj-dev-key",
                    "launch_template": [],
                    "root_block_device": [
                        {
                            "delete_on_termination": true,
                            "encrypted": true,
                            "tags": {
                                "Component": "compute",
                                "Name": "k8s-pj-dev-master-3-root"
                            },
                            "volume_size": 20,
                            "volume_type": "gp3"
                        }
                    ],
                    "source_dest_check": true,
                    "subnet_id": "subnet-022bead9e9bf1881a",
                    "tags": {
                        "Component": "compute",
                        "Name": "k8s-pj-dev-master-3",
                        "Role": "control-plane",
                        "Type": "k8s-master",
                        "kubernetes.io/cluster/k8s-pj-dev": "owned"
                    },
                    "tags_all": {
                        "Component": "compute",
                        "Environment": "dev",
                        "Managed_by": "terraform",
                        "Name": "k8s-pj-dev-master-3",
                        "Owner": "tth",
                        "Project": "k8s-pj",
                        "Role": "control-plane",
                        "Type": "k8s-master",
                        "kubernetes.io/cluster/k8s-pj-dev": "owned"
                    },
                    "timeouts": null,
                    "user_data": "06fc5e6af0ec1e1b27d32557f0b5f7de3e9369fe",
                    "user_data_replace_on_change": false,
                    "volume_tags": null,
                    "vpc_security_group_ids": [
                        "sg-031d7360941b108e9"
                    ]
                },
                "after_unknown": {
                    "arn": true,
                    "associate_public_ip_address": true,
                    "availability_zone": true,
                    "capacity_reservation_specification": true,
                    "cpu_core_count": true,
                    "cpu_options": true,
                    "cpu_threads_per_core": true,
                    "credit_specification": [],
                    "disable_api_stop": true,
                    "disable_api_termination": true,
                    "ebs_block_device": true,
                    "ebs_optimized": true,
                    "enable_primary_ipv6": true,
                    "enclave_options": true,
                    "ephemeral_block_device": true,
                    "host_id": true,
                    "host_resource_group_arn": true,
                    "id": true,
                    "instance_initiated_shutdown_behavior": true,
                    "instance_lifecycle": true,
                    "instance_market_options": true,
                    "instance_state": true,
                    "ipv6_address_count": true,
                    "ipv6_addresses": true,
                    "launch_template": [],
                    "maintenance_options": true,
                    "metadata_options": true,
                    "monitoring": true,
                    "network_interface": true,
                    "outpost_arn": true,
                    "password_data": true,
                    "placement_group": true,
                    "placement_partition_number": true,
                    "primary_network_interface_id": true,
                    "private_dns": true,
                    "private_dns_name_options": true,
                    "private_ip": true,
                    "public_dns": true,
                    "public_ip": true,
                    "root_block_device": [
                        {
                            "device_name": true,
                            "iops": true,
                            "kms_key_id": true,
                            "tags": {},
                            "tags_all": true,
                            "throughput": true,
                            "volume_id": true
                        }
                    ],
                    "secondary_private_ips": true,
                    "security_groups": true,
                    "spot_instance_request_id": true,
                    "tags": {},
                    "tags_all": {},
                    "tenancy": true,
                    "user_data_base64": true,
                    "vpc_security_group_ids": [
                        false
                    ]
                },
                "before_sensitive": false,
                "after_sensitive": {
                    "capacity_reservation_specification": [],
                    "cpu_options": [],
                    "credit_specification": [],
                    "ebs_block_device": [],
                    "enclave_options": [],
                    "ephemeral_block_device": [],
                    "instance_market_options": [],
                    "ipv6_addresses": [],
                    "launch_template": [],
                    "maintenance_options": [],
                    "metadata_options": [],
                    "network_interface": [],
                    "private_dns_name_options": [],
                    "root_block_device": [
                        {
                            "tags": {},
                            "tags_all": {}
                        }
                    ],
                    "secondary_private_ips": [],
                    "security_groups": [],
                    "tags": {},
                    "tags_all": {},
                    "vpc_security_group_ids": [
                        false
                    ]
                }
            }
        },
        {
            "address": "module.ec2.aws_instance.worker[0]",
            "module_address": "module.ec2",
            "mode": "managed",
            "type": "aws_instance",
            "name": "worker",
            "index": 0,
            "provider_name": "registry.terraform.io/hashicorp/aws",
            "change": {
                "actions": [
                    "create"
                ],
                "before": null,
                "after": {
                    "ami": "ami-0b0fc92e07c19b67f",
                    "credit_specification": [],
                    "get_password_data": false,
                    "hibernation": null,
                    "iam_instance_profile": "k8s-pj-dev-worker-profile",
                    "instance_type": "t3.large",
                    "key_name": "k8s-pj-dev-key",
                    "launch_template": [],
                    "root_block_device": [
                        {
                            "delete_on_termination": true,
                            "encrypted": true,
                            "tags": {
                                "Component": "compute",
                                "Name": "k8s-pj-dev-worker-1-root"
                            },
                            "volume_size": 30,
                            "volume_type": "gp3"
                        }
                    ],
                    "source_dest_check": true,
                    "subnet_id": "subnet-038245452c18fdcd3",
                    "tags": {
                        "Component": "compute",
                        "Name": "k8s-pj-dev-worker-1",
                        "Role": "worker",
                        "Type": "k8s-worker",
                        "kubernetes.io/cluster/k8s-pj-dev": "owned"
                    },
                    "tags_all": {
                        "Component": "compute",
                        "Environment": "dev",
                        "Managed_by": "terraform",
                        "Name": "k8s-pj-dev-worker-1",
                        "Owner": "tth",
                        "Project": "k8s-pj",
                        "Role": "worker",
                        "Type": "k8s-worker",
                        "kubernetes.io/cluster/k8s-pj-dev": "owned"
                    },
                    "timeouts": null,
                    "user_data": "57820cc7fd42951b0ea3bf0c844463bbc6364388",
                    "user_data_replace_on_change": false,
                    "volume_tags": null,
                    "vpc_security_group_ids": [
                        "sg-046de11f549086969"
                    ]
                },
                "after_unknown": {
                    "arn": true,
                    "associate_public_ip_address": true,
                    "availability_zone": true,
                    "capacity_reservation_specification": true,
                    "cpu_core_count": true,
                    "cpu_options": true,
                    "cpu_threads_per_core": true,
                    "credit_specification": [],
                    "disable_api_stop": true,
                    "disable_api_termination": true,
                    "ebs_block_device": true,
                    "ebs_optimized": true,
                    "enable_primary_ipv6": true,
                    "enclave_options": true,
                    "ephemeral_block_device": true,
                    "host_id": true,
                    "host_resource_group_arn": true,
                    "id": true,
                    "instance_initiated_shutdown_behavior": true,
                    "instance_lifecycle": true,
                    "instance_market_options": true,
                    "instance_state": true,
                    "ipv6_address_count": true,
                    "ipv6_addresses": true,
                    "launch_template": [],
                    "maintenance_options": true,
                    "metadata_options": true,
                    "monitoring": true,
                    "network_interface": true,
                    "outpost_arn": true,
                    "password_data": true,
                    "placement_group": true,
                    "placement_partition_number": true,
                    "primary_network_interface_id": true,
                    "private_dns": true,
                    "private_dns_name_options": true,
                    "private_ip": true,
                    "public_dns": true,
                    "public_ip": true,
                    "root_block_device": [
                        {
                            "device_name": true,
                            "iops": true,
                            "kms_key_id": true,
                            "tags": {},
                            "tags_all": true,
                            "throughput": true,
                            "volume_id": true
                        }
                    ],
                    "secondary_private_ips": true,
                    "security_groups": true,
                    "spot_instance_request_id": true,
                    "tags": {},
                    "tags_all": {},
                    "tenancy": true,
                    "user_data_base64": true,
                    "vpc_security_group_ids": [
                        false
                    ]
                },
                "before_sensitive": false,
                "after_sensitive": {
                    "capacity_reservation_specification": [],
                    "cpu_options": [],
                    "credit_specification": [],
                    "ebs_block_device": [],
                    "enclave_options": [],
                    "ephemeral_block_device": [],
                    "instance_market_options": [],
                    "ipv6_addresses": [],
                    "launch_template": [],
                    "maintenance_options": [],
                    "metadata_options": [],
                    "network_interface": [],
                    "private_dns_name_options": [],
                    "root_block_device": [
                        {
                            "tags": {},
                            "tags_all": {}
                        }
                    ],
                    "secondary_private_ips": [],
                    "security_groups": [],
                    "tags": {},
                    "tags_all": {},
                    "vpc_security_group_ids": [
                        false
                    ]
                }
            }
        },
        {
            "address": "module.ec2.aws_instance.worker[1]",
            "module_address": "module.ec2",
            "mode": "managed",
            "type": "aws_instance",
            "name": "worker",
            "index": 1,
            "provider_name": "registry.terraform.io/hashicorp/aws",
            "change": {
                "actions": [
                    "create"
                ],
                "before": null,
                "after": {
                    "ami": "ami-0b0fc92e07c19b67f",
                    "credit_specification": [],
                    "get_password_data": false,
                    "hibernation": null,
                    "iam_instance_profile": "k8s-pj-dev-worker-profile",
                    "instance_type": "t3.large",
                    "key_name": "k8s-pj-dev-key",
                    "launch_template": [],
                    "root_block_device": [
                        {
                            "delete_on_termination": true,
                            "encrypted": true,
                            "tags": {
                                "Component": "compute",
                                "Name": "k8s-pj-dev-worker-2-root"
                            },
                            "volume_size": 30,
                            "volume_type": "gp3"
                        }
                    ],
                    "source_dest_check": true,
                    "subnet_id": "subnet-0cebcc97620a59c5c",
                    "tags": {
                        "Component": "compute",
                        "Name": "k8s-pj-dev-worker-2",
                        "Role": "worker",
                        "Type": "k8s-worker",
                        "kubernetes.io/cluster/k8s-pj-dev": "owned"
                    },
                    "tags_all": {
                        "Component": "compute",
                        "Environment": "dev",
                        "Managed_by": "terraform",
                        "Name": "k8s-pj-dev-worker-2",
                        "Owner": "tth",
                        "Project": "k8s-pj",
                        "Role": "worker",
                        "Type": "k8s-worker",
                        "kubernetes.io/cluster/k8s-pj-dev": "owned"
                    },
                    "timeouts": null,
                    "user_data": "2365db95eed8ec73483157aed7a8259fdf279f9a",
                    "user_data_replace_on_change": false,
                    "volume_tags": null,
                    "vpc_security_group_ids": [
                        "sg-046de11f549086969"
                    ]
                },
                "after_unknown": {
                    "arn": true,
                    "associate_public_ip_address": true,
                    "availability_zone": true,
                    "capacity_reservation_specification": true,
                    "cpu_core_count": true,
                    "cpu_options": true,
                    "cpu_threads_per_core": true,
                    "credit_specification": [],
                    "disable_api_stop": true,
                    "disable_api_termination": true,
                    "ebs_block_device": true,
                    "ebs_optimized": true,
                    "enable_primary_ipv6": true,
                    "enclave_options": true,
                    "ephemeral_block_device": true,
                    "host_id": true,
                    "host_resource_group_arn": true,
                    "id": true,
                    "instance_initiated_shutdown_behavior": true,
                    "instance_lifecycle": true,
                    "instance_market_options": true,
                    "instance_state": true,
                    "ipv6_address_count": true,
                    "ipv6_addresses": true,
                    "launch_template": [],
                    "maintenance_options": true,
                    "metadata_options": true,
                    "monitoring": true,
                    "network_interface": true,
                    "outpost_arn": true,
                    "password_data": true,
                    "placement_group": true,
                    "placement_partition_number": true,
                    "primary_network_interface_id": true,
                    "private_dns": true,
                    "private_dns_name_options": true,
                    "private_ip": true,
                    "public_dns": true,
                    "public_ip": true,
                    "root_block_device": [
                        {
                            "device_name": true,
                            "iops": true,
                            "kms_key_id": true,
                            "tags": {},
                            "tags_all": true,
                            "throughput": true,
                            "volume_id": true
                        }
                    ],
                    "secondary_private_ips": true,
                    "security_groups": true,
                    "spot_instance_request_id": true,
                    "tags": {},
                    "tags_all": {},
                    "tenancy": true,
                    "user_data_base64": true,
                    "vpc_security_group_ids": [
                        false
                    ]
                },
                "before_sensitive": false,
                "after_sensitive": {
                    "capacity_reservation_specification": [],
                    "cpu_options": [],
                    "credit_specification": [],
                    "ebs_block_device": [],
                    "enclave_options": [],
                    "ephemeral_block_device": [],
                    "instance_market_options": [],
                    "ipv6_addresses": [],
                    "launch_template": [],
                    "maintenance_options": [],
                    "metadata_options": [],
                    "network_interface": [],
                    "private_dns_name_options": [],
                    "root_block_device": [
                        {
                            "tags": {},
                            "tags_all": {}
                        }
                    ],
                    "secondary_private_ips": [],
                    "security_groups": [],
                    "tags": {},
                    "tags_all": {},
                    "vpc_security_group_ids": [
                        false
                    ]
                }
            }
        },
        {
            "address": "module.ec2.aws_instance.worker[2]",
            "module_address": "module.ec2",
            "mode": "managed",
            "type": "aws_instance",
            "name": "worker",
            "index": 2,
            "provider_name": "registry.terraform.io/hashicorp/aws",
            "change": {
                "actions": [
                    "create"
                ],
                "before": null,
                "after": {
                    "ami": "ami-0b0fc92e07c19b67f",
                    "credit_specification": [],
                    "get_password_data": false,
                    "hibernation": null,
                    "iam_instance_profile": "k8s-pj-dev-worker-profile",
                    "instance_type": "t3.large",
                    "key_name": "k8s-pj-dev-key",
                    "launch_template": [],
                    "root_block_device": [
                        {
                            "delete_on_termination": true,
                            "encrypted": true,
                            "tags": {
                                "Component": "compute",
                                "Name": "k8s-pj-dev-worker-3-root"
                            },
                            "volume_size": 30,
                            "volume_type": "gp3"
                        }
                    ],
                    "source_dest_check": true,
                    "subnet_id": "subnet-022bead9e9bf1881a",
                    "tags": {
                        "Component": "compute",
                        "Name": "k8s-pj-dev-worker-3",
                        "Role": "worker",
                        "Type": "k8s-worker",
                        "kubernetes.io/cluster/k8s-pj-dev": "owned"
                    },
                    "tags_all": {
                        "Component": "compute",
                        "Environment": "dev",
                        "Managed_by": "terraform",
                        "Name": "k8s-pj-dev-worker-3",
                        "Owner": "tth",
                        "Project": "k8s-pj",
                        "Role": "worker",
                        "Type": "k8s-worker",
                        "kubernetes.io/cluster/k8s-pj-dev": "owned"
                    },
                    "timeouts": null,
                    "user_data": "ab0df9277b8708e7afb61bffa41338dfb9c9cca3",
                    "user_data_replace_on_change": false,
                    "volume_tags": null,
                    "vpc_security_group_ids": [
                        "sg-046de11f549086969"
                    ]
                },
                "after_unknown": {
                    "arn": true,
                    "associate_public_ip_address": true,
                    "availability_zone": true,
                    "capacity_reservation_specification": true,
                    "cpu_core_count": true,
                    "cpu_options": true,
                    "cpu_threads_per_core": true,
                    "credit_specification": [],
                    "disable_api_stop": true,
                    "disable_api_termination": true,
                    "ebs_block_device": true,
                    "ebs_optimized": true,
                    "enable_primary_ipv6": true,
                    "enclave_options": true,
                    "ephemeral_block_device": true,
                    "host_id": true,
                    "host_resource_group_arn": true,
                    "id": true,
                    "instance_initiated_shutdown_behavior": true,
                    "instance_lifecycle": true,
                    "instance_market_options": true,
                    "instance_state": true,
                    "ipv6_address_count": true,
                    "ipv6_addresses": true,
                    "launch_template": [],
                    "maintenance_options": true,
                    "metadata_options": true,
                    "monitoring": true,
                    "network_interface": true,
                    "outpost_arn": true,
                    "password_data": true,
                    "placement_group": true,
                    "placement_partition_number": true,
                    "primary_network_interface_id": true,
                    "private_dns": true,
                    "private_dns_name_options": true,
                    "private_ip": true,
                    "public_dns": true,
                    "public_ip": true,
                    "root_block_device": [
                        {
                            "device_name": true,
                            "iops": true,
                            "kms_key_id": true,
                            "tags": {},
                            "tags_all": true,
                            "throughput": true,
                            "volume_id": true
                        }
                    ],
                    "secondary_private_ips": true,
                    "security_groups": true,
                    "spot_instance_request_id": true,
                    "tags": {},
                    "tags_all": {},
                    "tenancy": true,
                    "user_data_base64": true,
                    "vpc_security_group_ids": [
                        false
                    ]
                },
                "before_sensitive": false,
                "after_sensitive": {
                    "capacity_reservation_specification": [],
                    "cpu_options": [],
                    "credit_specification": [],
                    "ebs_block_device": [],
                    "enclave_options": [],
                    "ephemeral_block_device": [],
                    "instance_market_options": [],
                    "ipv6_addresses": [],
                    "launch_template": [],
                    "maintenance_options": [],
                    "metadata_options": [],
                    "network_interface": [],
                    "private_dns_name_options": [],
                    "root_block_device": [
                        {
                            "tags": {},
                            "tags_all": {}
                        }
                    ],
                    "secondary_private_ips": [],
                    "security_groups": [],
                    "tags": {},
                    "tags_all": {},
                    "vpc_security_group_ids": [
                        false
                    ]
                }
            }
        },
        {
            "address": "module.ec2.aws_key_pair.k8s_key",
            "module_address": "module.ec2",
            "mode": "managed",
            "type": "aws_key_pair",
            "name": "k8s_key",
            "provider_name": "registry.terraform.io/hashicorp/aws",
            "change": {
                "actions": [
                    "create"
                ],
                "before": null,
                "after": {
                    "key_name": "k8s-pj-dev-key",
                    "public_key": "ssh-rsa AAAAB3NzaC1yc2EAAAADAQABAAABgQC90wpsDwb4Ul2rktyAnUk9YDB2gBH2Vlv0j/O4ObQoOgCWLy3R7GVUgkuBvQyd0llIbtuach8mji9l7GjDqj/+fOLwBYFAQNss/trePSqEPLdTw9N3XS9OuQE6X3D06EvpGWktZyRj6ny3ObJ+NcWpYm5D+a3J5uo8ynhpyvbYYcjKzKoWQADLIsNp4JDW7X4ggTJunCsDY/tjlFlxxZ/9gWnsvlQ2OGsTI/wmI0u/EQD81HphWC9DSdu/WsQqgROj9qI8nmzyrMuNK4CppHHorzHt31tQLPHiWXhYe9CnMxrQiBQwhXRQfu4k7FTcJf/rRJhhcX+jEeTBftq2NGzOtwaxneMbm+O0TTF2Yzk6/2yLUB8D1Da/Z25CM5lt5IgJTCuUmN8mpzcACss61mP1qxD9mr5l7Pg/OKk0aWpNeBLdTeeRXLEDFe+lDvNYmDEuqoiNfyc8Nnv94ceNdFz1atY4TZcJrI1xqoSxuFyiltvdgCK30azDX70wW87iswE= ubuntu@XPS-9310-TTH0102",
                    "tags": {
                        "Component": "compute",
                        "Name": "k8s-pj-dev-key"
                    },
                    "tags_all": {
                        "Component": "compute",
                        "Environment": "dev",
                        "Managed_by": "terraform",
                        "Name": "k8s-pj-dev-key",
                        "Owner": "tth",
                        "Project": "k8s-pj"
                    }
                },
                "after_unknown": {
                    "arn": true,
                    "fingerprint": true,
                    "id": true,
                    "key_name_prefix": true,
                    "key_pair_id": true,
                    "key_type": true,
                    "tags": {},
                    "tags_all": {}
                },
                "before_sensitive": false,
                "after_sensitive": {
                    "tags": {},
                    "tags_all": {}
                }
            }
        },
        {
            "address": "module.security.aws_security_group.alb",
            "module_address": "module.security",
            "mode": "managed",
            "type": "aws_security_group",
            "name": "alb",
            "provider_name": "registry.terraform.io/hashicorp/aws",
            "change": {
                "actions": [
                    "no-op"
                ],
                "before": {
                    "arn": "arn:aws:ec2:ap-southeast-5:187091248012:security-group/sg-0c62d4f2f995e96ba",
                    "description": "Security group for ALB",
                    "egress": [
                        {
                            "cidr_blocks": [],
                            "description": "To K8s API",
                            "from_port": 6443,
                            "ipv6_cidr_blocks": [],
                            "prefix_list_ids": [],
                            "protocol": "tcp",
                            "security_groups": [
                                "sg-031d7360941b108e9"
                            ],
                            "self": false,
                            "to_port": 6443
                        }
                    ],
                    "id": "sg-0c62d4f2f995e96ba",
                    "ingress": [
                        {
                            "cidr_blocks": [
                                "0.0.0.0/0"
                            ],
                            "description": "HTTP",
                            "from_port": 80,
                            "ipv6_cidr_blocks": [],
                            "prefix_list_ids": [],
                            "protocol": "tcp",
                            "security_groups": [],
                            "self": false,
                            "to_port": 80
                        },
                        {
                            "cidr_blocks": [
                                "0.0.0.0/0"
                            ],
                            "description": "HTTPS",
                            "from_port": 443,
                            "ipv6_cidr_blocks": [],
                            "prefix_list_ids": [],
                            "protocol": "tcp",
                            "security_groups": [],
                            "self": false,
                            "to_port": 443
                        }
                    ],
                    "name": "tth-k8s-pj-dev-alb-sg",
                    "name_prefix": "",
                    "owner_id": "187091248012",
                    "revoke_rules_on_delete": false,
                    "tags": {
                        "Component": "security",
                        "Name": "tth-k8s-pj-dev-alb-sg",
                        "Type": "load-balancer"
                    },
                    "tags_all": {
                        "Component": "security",
                        "Environment": "dev",
                        "Managed_by": "terraform",
                        "Name": "tth-k8s-pj-dev-alb-sg",
                        "Owner": "tth",
                        "Project": "k8s-pj",
                        "Type": "load-balancer"
                    },
                    "timeouts": null,
                    "vpc_id": "vpc-036c34f6badf10f07"
                },
                "after": {
                    "arn": "arn:aws:ec2:ap-southeast-5:187091248012:security-group/sg-0c62d4f2f995e96ba",
                    "description": "Security group for ALB",
                    "egress": [
                        {
                            "cidr_blocks": [],
                            "description": "To K8s API",
                            "from_port": 6443,
                            "ipv6_cidr_blocks": [],
                            "prefix_list_ids": [],
                            "protocol": "tcp",
                            "security_groups": [
                                "sg-031d7360941b108e9"
                            ],
                            "self": false,
                            "to_port": 6443
                        }
                    ],
                    "id": "sg-0c62d4f2f995e96ba",
                    "ingress": [
                        {
                            "cidr_blocks": [
                                "0.0.0.0/0"
                            ],
                            "description": "HTTP",
                            "from_port": 80,
                            "ipv6_cidr_blocks": [],
                            "prefix_list_ids": [],
                            "protocol": "tcp",
                            "security_groups": [],
                            "self": false,
                            "to_port": 80
                        },
                        {
                            "cidr_blocks": [
                                "0.0.0.0/0"
                            ],
                            "description": "HTTPS",
                            "from_port": 443,
                            "ipv6_cidr_blocks": [],
                            "prefix_list_ids": [],
                            "protocol": "tcp",
                            "security_groups": [],
                            "self": false,
                            "to_port": 443
                        }
                    ],
                    "name": "tth-k8s-pj-dev-alb-sg",
                    "name_prefix": "",
                    "owner_id": "187091248012",
                    "revoke_rules_on_delete": false,
                    "tags": {
                        "Component": "security",
                        "Name": "tth-k8s-pj-dev-alb-sg",
                        "Type": "load-balancer"
                    },
                    "tags_all": {
                        "Component": "security",
                        "Environment": "dev",
                        "Managed_by": "terraform",
                        "Name": "tth-k8s-pj-dev-alb-sg",
                        "Owner": "tth",
                        "Project": "k8s-pj",
                        "Type": "load-balancer"
                    },
                    "timeouts": null,
                    "vpc_id": "vpc-036c34f6badf10f07"
                },
                "after_unknown": {},
                "before_sensitive": {
                    "egress": [
                        {
                            "cidr_blocks": [],
                            "ipv6_cidr_blocks": [],
                            "prefix_list_ids": [],
                            "security_groups": [
                                false
                            ]
                        }
                    ],
                    "ingress": [
                        {
                            "cidr_blocks": [
                                false
                            ],
                            "ipv6_cidr_blocks": [],
                            "prefix_list_ids": [],
                            "security_groups": []
                        },
                        {
                            "cidr_blocks": [
                                false
                            ],
                            "ipv6_cidr_blocks": [],
                            "prefix_list_ids": [],
                            "security_groups": []
                        }
                    ],
                    "tags": {},
                    "tags_all": {}
                },
                "after_sensitive": {
                    "egress": [
                        {
                            "cidr_blocks": [],
                            "ipv6_cidr_blocks": [],
                            "prefix_list_ids": [],
                            "security_groups": [
                                false
                            ]
                        }
                    ],
                    "ingress": [
                        {
                            "cidr_blocks": [
                                false
                            ],
                            "ipv6_cidr_blocks": [],
                            "prefix_list_ids": [],
                            "security_groups": []
                        },
                        {
                            "cidr_blocks": [
                                false
                            ],
                            "ipv6_cidr_blocks": [],
                            "prefix_list_ids": [],
                            "security_groups": []
                        }
                    ],
                    "tags": {},
                    "tags_all": {}
                }
            }
        },
        {
            "address": "module.security.aws_security_group.k8s_master",
            "module_address": "module.security",
            "mode": "managed",
            "type": "aws_security_group",
            "name": "k8s_master",
            "provider_name": "registry.terraform.io/hashicorp/aws",
            "change": {
                "actions": [
                    "no-op"
                ],
                "before": {
                    "arn": "arn:aws:ec2:ap-southeast-5:187091248012:security-group/sg-031d7360941b108e9",
                    "description": "Security group for Kubernetes master nodes",
                    "egress": [
                        {
                            "cidr_blocks": [
                                "0.0.0.0/0"
                            ],
                            "description": "",
                            "from_port": 0,
                            "ipv6_cidr_blocks": [],
                            "prefix_list_ids": [],
                            "protocol": "-1",
                            "security_groups": [],
                            "self": false,
                            "to_port": 0
                        }
                    ],
                    "id": "sg-031d7360941b108e9",
                    "ingress": [
                        {
                            "cidr_blocks": [
                                "10.25.0.0/16"
                            ],
                            "description": "K8s API Server",
                            "from_port": 6443,
                            "ipv6_cidr_blocks": [],
                            "prefix_list_ids": [],
                            "protocol": "tcp",
                            "security_groups": [],
                            "self": false,
                            "to_port": 6443
                        },
                        {
                            "cidr_blocks": [
                                "10.25.0.0/16"
                            ],
                            "description": "Kubelet API",
                            "from_port": 10250,
                            "ipv6_cidr_blocks": [],
                            "prefix_list_ids": [],
                            "protocol": "tcp",
                            "security_groups": [],
                            "self": false,
                            "to_port": 10250
                        },
                        {
                            "cidr_blocks": [
                                "10.25.0.0/16"
                            ],
                            "description": "SSH",
                            "from_port": 22,
                            "ipv6_cidr_blocks": [],
                            "prefix_list_ids": [],
                            "protocol": "tcp",
                            "security_groups": [],
                            "self": false,
                            "to_port": 22
                        },
                        {
                            "cidr_blocks": [],
                            "description": "etcd client requests",
                            "from_port": 2379,
                            "ipv6_cidr_blocks": [],
                            "prefix_list_ids": [],
                            "protocol": "tcp",
                            "security_groups": [],
                            "self": true,
                            "to_port": 2380
                        },
                        {
                            "cidr_blocks": [],
                            "description": "kube-controller-manager",
                            "from_port": 10252,
                            "ipv6_cidr_blocks": [],
                            "prefix_list_ids": [],
                            "protocol": "tcp",
                            "security_groups": [],
                            "self": true,
                            "to_port": 10252
                        },
                        {
                            "cidr_blocks": [],
                            "description": "kube-scheduler",
                            "from_port": 10251,
                            "ipv6_cidr_blocks": [],
                            "prefix_list_ids": [],
                            "protocol": "tcp",
                            "security_groups": [],
                            "self": true,
                            "to_port": 10251
                        }
                    ],
                    "name": "tth-k8s-pj-dev-master-sg",
                    "name_prefix": "",
                    "owner_id": "187091248012",
                    "revoke_rules_on_delete": false,
                    "tags": {
                        "Component": "security",
                        "Name": "tth-k8s-pj-dev-master-sg",
                        "Type": "k8s-master"
                    },
                    "tags_all": {
                        "Component": "security",
                        "Environment": "dev",
                        "Managed_by": "terraform",
                        "Name": "tth-k8s-pj-dev-master-sg",
                        "Owner": "tth",
                        "Project": "k8s-pj",
                        "Type": "k8s-master"
                    },
                    "timeouts": null,
                    "vpc_id": "vpc-036c34f6badf10f07"
                },
                "after": {
                    "arn": "arn:aws:ec2:ap-southeast-5:187091248012:security-group/sg-031d7360941b108e9",
                    "description": "Security group for Kubernetes master nodes",
                    "egress": [
                        {
                            "cidr_blocks": [
                                "0.0.0.0/0"
                            ],
                            "description": "",
                            "from_port": 0,
                            "ipv6_cidr_blocks": [],
                            "prefix_list_ids": [],
                            "protocol": "-1",
                            "security_groups": [],
                            "self": false,
                            "to_port": 0
                        }
                    ],
                    "id": "sg-031d7360941b108e9",
                    "ingress": [
                        {
                            "cidr_blocks": [
                                "10.25.0.0/16"
                            ],
                            "description": "K8s API Server",
                            "from_port": 6443,
                            "ipv6_cidr_blocks": [],
                            "prefix_list_ids": [],
                            "protocol": "tcp",
                            "security_groups": [],
                            "self": false,
                            "to_port": 6443
                        },
                        {
                            "cidr_blocks": [
                                "10.25.0.0/16"
                            ],
                            "description": "Kubelet API",
                            "from_port": 10250,
                            "ipv6_cidr_blocks": [],
                            "prefix_list_ids": [],
                            "protocol": "tcp",
                            "security_groups": [],
                            "self": false,
                            "to_port": 10250
                        },
                        {
                            "cidr_blocks": [
                                "10.25.0.0/16"
                            ],
                            "description": "SSH",
                            "from_port": 22,
                            "ipv6_cidr_blocks": [],
                            "prefix_list_ids": [],
                            "protocol": "tcp",
                            "security_groups": [],
                            "self": false,
                            "to_port": 22
                        },
                        {
                            "cidr_blocks": [],
                            "description": "etcd client requests",
                            "from_port": 2379,
                            "ipv6_cidr_blocks": [],
                            "prefix_list_ids": [],
                            "protocol": "tcp",
                            "security_groups": [],
                            "self": true,
                            "to_port": 2380
                        },
                        {
                            "cidr_blocks": [],
                            "description": "kube-controller-manager",
                            "from_port": 10252,
                            "ipv6_cidr_blocks": [],
                            "prefix_list_ids": [],
                            "protocol": "tcp",
                            "security_groups": [],
                            "self": true,
                            "to_port": 10252
                        },
                        {
                            "cidr_blocks": [],
                            "description": "kube-scheduler",
                            "from_port": 10251,
                            "ipv6_cidr_blocks": [],
                            "prefix_list_ids": [],
                            "protocol": "tcp",
                            "security_groups": [],
                            "self": true,
                            "to_port": 10251
                        }
                    ],
                    "name": "tth-k8s-pj-dev-master-sg",
                    "name_prefix": "",
                    "owner_id": "187091248012",
                    "revoke_rules_on_delete": false,
                    "tags": {
                        "Component": "security",
                        "Name": "tth-k8s-pj-dev-master-sg",
                        "Type": "k8s-master"
                    },
                    "tags_all": {
                        "Component": "security",
                        "Environment": "dev",
                        "Managed_by": "terraform",
                        "Name": "tth-k8s-pj-dev-master-sg",
                        "Owner": "tth",
                        "Project": "k8s-pj",
                        "Type": "k8s-master"
                    },
                    "timeouts": null,
                    "vpc_id": "vpc-036c34f6badf10f07"
                },
                "after_unknown": {},
                "before_sensitive": {
                    "egress": [
                        {
                            "cidr_blocks": [
                                false
                            ],
                            "ipv6_cidr_blocks": [],
                            "prefix_list_ids": [],
                            "security_groups": []
                        }
                    ],
                    "ingress": [
                        {
                            "cidr_blocks": [
                                false
                            ],
                            "ipv6_cidr_blocks": [],
                            "prefix_list_ids": [],
                            "security_groups": []
                        },
                        {
                            "cidr_blocks": [
                                false
                            ],
                            "ipv6_cidr_blocks": [],
                            "prefix_list_ids": [],
                            "security_groups": []
                        },
                        {
                            "cidr_blocks": [
                                false
                            ],
                            "ipv6_cidr_blocks": [],
                            "prefix_list_ids": [],
                            "security_groups": []
                        },
                        {
                            "cidr_blocks": [],
                            "ipv6_cidr_blocks": [],
                            "prefix_list_ids": [],
                            "security_groups": []
                        },
                        {
                            "cidr_blocks": [],
                            "ipv6_cidr_blocks": [],
                            "prefix_list_ids": [],
                            "security_groups": []
                        },
                        {
                            "cidr_blocks": [],
                            "ipv6_cidr_blocks": [],
                            "prefix_list_ids": [],
                            "security_groups": []
                        }
                    ],
                    "tags": {},
                    "tags_all": {}
                },
                "after_sensitive": {
                    "egress": [
                        {
                            "cidr_blocks": [
                                false
                            ],
                            "ipv6_cidr_blocks": [],
                            "prefix_list_ids": [],
                            "security_groups": []
                        }
                    ],
                    "ingress": [
                        {
                            "cidr_blocks": [
                                false
                            ],
                            "ipv6_cidr_blocks": [],
                            "prefix_list_ids": [],
                            "security_groups": []
                        },
                        {
                            "cidr_blocks": [
                                false
                            ],
                            "ipv6_cidr_blocks": [],
                            "prefix_list_ids": [],
                            "security_groups": []
                        },
                        {
                            "cidr_blocks": [
                                false
                            ],
                            "ipv6_cidr_blocks": [],
                            "prefix_list_ids": [],
                            "security_groups": []
                        },
                        {
                            "cidr_blocks": [],
                            "ipv6_cidr_blocks": [],
                            "prefix_list_ids": [],
                            "security_groups": []
                        },
                        {
                            "cidr_blocks": [],
                            "ipv6_cidr_blocks": [],
                            "prefix_list_ids": [],
                            "security_groups": []
                        },
                        {
                            "cidr_blocks": [],
                            "ipv6_cidr_blocks": [],
                            "prefix_list_ids": [],
                            "security_groups": []
                        }
                    ],
                    "tags": {},
                    "tags_all": {}
                }
            }
        },
        {
            "address": "module.security.aws_security_group.k8s_worker",
            "module_address": "module.security",
            "mode": "managed",
            "type": "aws_security_group",
            "name": "k8s_worker",
            "provider_name": "registry.terraform.io/hashicorp/aws",
            "change": {
                "actions": [
                    "no-op"
                ],
                "before": {
                    "arn": "arn:aws:ec2:ap-southeast-5:187091248012:security-group/sg-046de11f549086969",
                    "description": "Security group for Kubernetes worker nodes",
                    "egress": [
                        {
                            "cidr_blocks": [
                                "0.0.0.0/0"
                            ],
                            "description": "",
                            "from_port": 0,
                            "ipv6_cidr_blocks": [],
                            "prefix_list_ids": [],
                            "protocol": "-1",
                            "security_groups": [],
                            "self": false,
                            "to_port": 0
                        }
                    ],
                    "id": "sg-046de11f549086969",
                    "ingress": [
                        {
                            "cidr_blocks": [
                                "10.25.0.0/16"
                            ],
                            "description": "NodePort Services",
                            "from_port": 30000,
                            "ipv6_cidr_blocks": [],
                            "prefix_list_ids": [],
                            "protocol": "tcp",
                            "security_groups": [],
                            "self": false,
                            "to_port": 32767
                        },
                        {
                            "cidr_blocks": [
                                "10.25.0.0/16"
                            ],
                            "description": "SSH",
                            "from_port": 22,
                            "ipv6_cidr_blocks": [],
                            "prefix_list_ids": [],
                            "protocol": "tcp",
                            "security_groups": [],
                            "self": false,
                            "to_port": 22
                        },
                        {
                            "cidr_blocks": [],
                            "description": "K8s API Server",
                            "from_port": 6443,
                            "ipv6_cidr_blocks": [],
                            "prefix_list_ids": [],
                            "protocol": "tcp",
                            "security_groups": [
                                "sg-031d7360941b108e9"
                            ],
                            "self": false,
                            "to_port": 6443
                        },
                        {
                            "cidr_blocks": [],
                            "description": "Kubelet API from masters",
                            "from_port": 10250,
                            "ipv6_cidr_blocks": [],
                            "prefix_list_ids": [],
                            "protocol": "tcp",
                            "security_groups": [
                                "sg-031d7360941b108e9"
                            ],
                            "self": false,
                            "to_port": 10250
                        },
                        {
                            "cidr_blocks": [],
                            "description": "Worker to worker UDP (CNI)",
                            "from_port": 0,
                            "ipv6_cidr_blocks": [],
                            "prefix_list_ids": [],
                            "protocol": "udp",
                            "security_groups": [],
                            "self": true,
                            "to_port": 65535
                        },
                        {
                            "cidr_blocks": [],
                            "description": "Worker to worker communication",
                            "from_port": 0,
                            "ipv6_cidr_blocks": [],
                            "prefix_list_ids": [],
                            "protocol": "tcp",
                            "security_groups": [],
                            "self": true,
                            "to_port": 65535
                        }
                    ],
                    "name": "tth-k8s-pj-dev-worker-sg",
                    "name_prefix": "",
                    "owner_id": "187091248012",
                    "revoke_rules_on_delete": false,
                    "tags": {
                        "Component": "security",
                        "Name": "tth-k8s-pj-dev-worker-sg",
                        "Type": "k8s-worker"
                    },
                    "tags_all": {
                        "Component": "security",
                        "Environment": "dev",
                        "Managed_by": "terraform",
                        "Name": "tth-k8s-pj-dev-worker-sg",
                        "Owner": "tth",
                        "Project": "k8s-pj",
                        "Type": "k8s-worker"
                    },
                    "timeouts": null,
                    "vpc_id": "vpc-036c34f6badf10f07"
                },
                "after": {
                    "arn": "arn:aws:ec2:ap-southeast-5:187091248012:security-group/sg-046de11f549086969",
                    "description": "Security group for Kubernetes worker nodes",
                    "egress": [
                        {
                            "cidr_blocks": [
                                "0.0.0.0/0"
                            ],
                            "description": "",
                            "from_port": 0,
                            "ipv6_cidr_blocks": [],
                            "prefix_list_ids": [],
                            "protocol": "-1",
                            "security_groups": [],
                            "self": false,
                            "to_port": 0
                        }
                    ],
                    "id": "sg-046de11f549086969",
                    "ingress": [
                        {
                            "cidr_blocks": [
                                "10.25.0.0/16"
                            ],
                            "description": "NodePort Services",
                            "from_port": 30000,
                            "ipv6_cidr_blocks": [],
                            "prefix_list_ids": [],
                            "protocol": "tcp",
                            "security_groups": [],
                            "self": false,
                            "to_port": 32767
                        },
                        {
                            "cidr_blocks": [
                                "10.25.0.0/16"
                            ],
                            "description": "SSH",
                            "from_port": 22,
                            "ipv6_cidr_blocks": [],
                            "prefix_list_ids": [],
                            "protocol": "tcp",
                            "security_groups": [],
                            "self": false,
                            "to_port": 22
                        },
                        {
                            "cidr_blocks": [],
                            "description": "K8s API Server",
                            "from_port": 6443,
                            "ipv6_cidr_blocks": [],
                            "prefix_list_ids": [],
                            "protocol": "tcp",
                            "security_groups": [
                                "sg-031d7360941b108e9"
                            ],
                            "self": false,
                            "to_port": 6443
                        },
                        {
                            "cidr_blocks": [],
                            "description": "Kubelet API from masters",
                            "from_port": 10250,
                            "ipv6_cidr_blocks": [],
                            "prefix_list_ids": [],
                            "protocol": "tcp",
                            "security_groups": [
                                "sg-031d7360941b108e9"
                            ],
                            "self": false,
                            "to_port": 10250
                        },
                        {
                            "cidr_blocks": [],
                            "description": "Worker to worker UDP (CNI)",
                            "from_port": 0,
                            "ipv6_cidr_blocks": [],
                            "prefix_list_ids": [],
                            "protocol": "udp",
                            "security_groups": [],
                            "self": true,
                            "to_port": 65535
                        },
                        {
                            "cidr_blocks": [],
                            "description": "Worker to worker communication",
                            "from_port": 0,
                            "ipv6_cidr_blocks": [],
                            "prefix_list_ids": [],
                            "protocol": "tcp",
                            "security_groups": [],
                            "self": true,
                            "to_port": 65535
                        }
                    ],
                    "name": "tth-k8s-pj-dev-worker-sg",
                    "name_prefix": "",
                    "owner_id": "187091248012",
                    "revoke_rules_on_delete": false,
                    "tags": {
                        "Component": "security",
                        "Name": "tth-k8s-pj-dev-worker-sg",
                        "Type": "k8s-worker"
                    },
                    "tags_all": {
                        "Component": "security",
                        "Environment": "dev",
                        "Managed_by": "terraform",
                        "Name": "tth-k8s-pj-dev-worker-sg",
                        "Owner": "tth",
                        "Project": "k8s-pj",
                        "Type": "k8s-worker"
                    },
                    "timeouts": null,
                    "vpc_id": "vpc-036c34f6badf10f07"
                },
                "after_unknown": {},
                "before_sensitive": {
                    "egress": [
                        {
                            "cidr_blocks": [
                                false
                            ],
                            "ipv6_cidr_blocks": [],
                            "prefix_list_ids": [],
                            "security_groups": []
                        }
                    ],
                    "ingress": [
                        {
                            "cidr_blocks": [
                                false
                            ],
                            "ipv6_cidr_blocks": [],
                            "prefix_list_ids": [],
                            "security_groups": []
                        },
                        {
                            "cidr_blocks": [
                                false
                            ],
                            "ipv6_cidr_blocks": [],
                            "prefix_list_ids": [],
                            "security_groups": []
                        },
                        {
                            "cidr_blocks": [],
                            "ipv6_cidr_blocks": [],
                            "prefix_list_ids": [],
                            "security_groups": [
                                false
                            ]
                        },
                        {
                            "cidr_blocks": [],
                            "ipv6_cidr_blocks": [],
                            "prefix_list_ids": [],
                            "security_groups": [
                                false
                            ]
                        },
                        {
                            "cidr_blocks": [],
                            "ipv6_cidr_blocks": [],
                            "prefix_list_ids": [],
                            "security_groups": []
                        },
                        {
                            "cidr_blocks": [],
                            "ipv6_cidr_blocks": [],
                            "prefix_list_ids": [],
                            "security_groups": []
                        }
                    ],
                    "tags": {},
                    "tags_all": {}
                },
                "after_sensitive": {
                    "egress": [
                        {
                            "cidr_blocks": [
                                false
                            ],
                            "ipv6_cidr_blocks": [],
                            "prefix_list_ids": [],
                            "security_groups": []
                        }
                    ],
                    "ingress": [
                        {
                            "cidr_blocks": [
                                false
                            ],
                            "ipv6_cidr_blocks": [],
                            "prefix_list_ids": [],
                            "security_groups": []
                        },
                        {
                            "cidr_blocks": [
                                false
                            ],
                            "ipv6_cidr_blocks": [],
                            "prefix_list_ids": [],
                            "security_groups": []
                        },
                        {
                            "cidr_blocks": [],
                            "ipv6_cidr_blocks": [],
                            "prefix_list_ids": [],
                            "security_groups": [
                                false
                            ]
                        },
                        {
                            "cidr_blocks": [],
                            "ipv6_cidr_blocks": [],
                            "prefix_list_ids": [],
                            "security_groups": [
                                false
                            ]
                        },
                        {
                            "cidr_blocks": [],
                            "ipv6_cidr_blocks": [],
                            "prefix_list_ids": [],
                            "security_groups": []
                        },
                        {
                            "cidr_blocks": [],
                            "ipv6_cidr_blocks": [],
                            "prefix_list_ids": [],
                            "security_groups": []
                        }
                    ],
                    "tags": {},
                    "tags_all": {}
                }
            }
        },
        {
            "address": "module.vpc.aws_internet_gateway.main",
            "module_address": "module.vpc",
            "mode": "managed",
            "type": "aws_internet_gateway",
            "name": "main",
            "provider_name": "registry.terraform.io/hashicorp/aws",
            "change": {
                "actions": [
                    "no-op"
                ],
                "before": {
                    "arn": "arn:aws:ec2:ap-southeast-5:187091248012:internet-gateway/igw-06da4ef37b385e1de",
                    "id": "igw-06da4ef37b385e1de",
                    "owner_id": "187091248012",
                    "tags": {
                        "Name": "tth-k8s-pj-dev-igw"
                    },
                    "tags_all": {
                        "Environment": "dev",
                        "Managed_by": "terraform",
                        "Name": "tth-k8s-pj-dev-igw",
                        "Owner": "tth",
                        "Project": "k8s-pj"
                    },
                    "timeouts": null,
                    "vpc_id": "vpc-036c34f6badf10f07"
                },
                "after": {
                    "arn": "arn:aws:ec2:ap-southeast-5:187091248012:internet-gateway/igw-06da4ef37b385e1de",
                    "id": "igw-06da4ef37b385e1de",
                    "owner_id": "187091248012",
                    "tags": {
                        "Name": "tth-k8s-pj-dev-igw"
                    },
                    "tags_all": {
                        "Environment": "dev",
                        "Managed_by": "terraform",
                        "Name": "tth-k8s-pj-dev-igw",
                        "Owner": "tth",
                        "Project": "k8s-pj"
                    },
                    "timeouts": null,
                    "vpc_id": "vpc-036c34f6badf10f07"
                },
                "after_unknown": {},
                "before_sensitive": {
                    "tags": {},
                    "tags_all": {}
                },
                "after_sensitive": {
                    "tags": {},
                    "tags_all": {}
                }
            }
        },
        {
            "address": "module.vpc.aws_route_table.private[0]",
            "module_address": "module.vpc",
            "mode": "managed",
            "type": "aws_route_table",
            "name": "private",
            "index": 0,
            "provider_name": "registry.terraform.io/hashicorp/aws",
            "change": {
                "actions": [
                    "no-op"
                ],
                "before": {
                    "arn": "arn:aws:ec2:ap-southeast-5:187091248012:route-table/rtb-08e6985dac5174e7b",
                    "id": "rtb-08e6985dac5174e7b",
                    "owner_id": "187091248012",
                    "propagating_vgws": [],
                    "route": [],
                    "tags": {
                        "Name": "tth-k8s-pj-dev-private-rt"
                    },
                    "tags_all": {
                        "Environment": "dev",
                        "Managed_by": "terraform",
                        "Name": "tth-k8s-pj-dev-private-rt",
                        "Owner": "tth",
                        "Project": "k8s-pj"
                    },
                    "timeouts": null,
                    "vpc_id": "vpc-036c34f6badf10f07"
                },
                "after": {
                    "arn": "arn:aws:ec2:ap-southeast-5:187091248012:route-table/rtb-08e6985dac5174e7b",
                    "id": "rtb-08e6985dac5174e7b",
                    "owner_id": "187091248012",
                    "propagating_vgws": [],
                    "route": [],
                    "tags": {
                        "Name": "tth-k8s-pj-dev-private-rt"
                    },
                    "tags_all": {
                        "Environment": "dev",
                        "Managed_by": "terraform",
                        "Name": "tth-k8s-pj-dev-private-rt",
                        "Owner": "tth",
                        "Project": "k8s-pj"
                    },
                    "timeouts": null,
                    "vpc_id": "vpc-036c34f6badf10f07"
                },
                "after_unknown": {},
                "before_sensitive": {
                    "propagating_vgws": [],
                    "route": [],
                    "tags": {},
                    "tags_all": {}
                },
                "after_sensitive": {
                    "propagating_vgws": [],
                    "route": [],
                    "tags": {},
                    "tags_all": {}
                }
            }
        },
        {
            "address": "module.vpc.aws_route_table.public",
            "module_address": "module.vpc",
            "mode": "managed",
            "type": "aws_route_table",
            "name": "public",
            "provider_name": "registry.terraform.io/hashicorp/aws",
            "change": {
                "actions": [
                    "no-op"
                ],
                "before": {
                    "arn": "arn:aws:ec2:ap-southeast-5:187091248012:route-table/rtb-0f32fae5b9bf1c148",
                    "id": "rtb-0f32fae5b9bf1c148",
                    "owner_id": "187091248012",
                    "propagating_vgws": [],
                    "route": [
                        {
                            "carrier_gateway_id": "",
                            "cidr_block": "0.0.0.0/0",
                            "core_network_arn": "",
                            "destination_prefix_list_id": "",
                            "egress_only_gateway_id": "",
                            "gateway_id": "igw-06da4ef37b385e1de",
                            "ipv6_cidr_block": "",
                            "local_gateway_id": "",
                            "nat_gateway_id": "",
                            "network_interface_id": "",
                            "transit_gateway_id": "",
                            "vpc_endpoint_id": "",
                            "vpc_peering_connection_id": ""
                        }
                    ],
                    "tags": {
                        "Name": "tth-k8s-pj-dev-public-rt"
                    },
                    "tags_all": {
                        "Environment": "dev",
                        "Managed_by": "terraform",
                        "Name": "tth-k8s-pj-dev-public-rt",
                        "Owner": "tth",
                        "Project": "k8s-pj"
                    },
                    "timeouts": null,
                    "vpc_id": "vpc-036c34f6badf10f07"
                },
                "after": {
                    "arn": "arn:aws:ec2:ap-southeast-5:187091248012:route-table/rtb-0f32fae5b9bf1c148",
                    "id": "rtb-0f32fae5b9bf1c148",
                    "owner_id": "187091248012",
                    "propagating_vgws": [],
                    "route": [
                        {
                            "carrier_gateway_id": "",
                            "cidr_block": "0.0.0.0/0",
                            "core_network_arn": "",
                            "destination_prefix_list_id": "",
                            "egress_only_gateway_id": "",
                            "gateway_id": "igw-06da4ef37b385e1de",
                            "ipv6_cidr_block": "",
                            "local_gateway_id": "",
                            "nat_gateway_id": "",
                            "network_interface_id": "",
                            "transit_gateway_id": "",
                            "vpc_endpoint_id": "",
                            "vpc_peering_connection_id": ""
                        }
                    ],
                    "tags": {
                        "Name": "tth-k8s-pj-dev-public-rt"
                    },
                    "tags_all": {
                        "Environment": "dev",
                        "Managed_by": "terraform",
                        "Name": "tth-k8s-pj-dev-public-rt",
                        "Owner": "tth",
                        "Project": "k8s-pj"
                    },
                    "timeouts": null,
                    "vpc_id": "vpc-036c34f6badf10f07"
                },
                "after_unknown": {},
                "before_sensitive": {
                    "propagating_vgws": [],
                    "route": [
                        {}
                    ],
                    "tags": {},
                    "tags_all": {}
                },
                "after_sensitive": {
                    "propagating_vgws": [],
                    "route": [
                        {}
                    ],
                    "tags": {},
                    "tags_all": {}
                }
            }
        },
        {
            "address": "module.vpc.aws_route_table_association.private[0]",
            "module_address": "module.vpc",
            "mode": "managed",
            "type": "aws_route_table_association",
            "name": "private",
            "index": 0,
            "provider_name": "registry.terraform.io/hashicorp/aws",
            "change": {
                "actions": [
                    "no-op"
                ],
                "before": {
                    "gateway_id": "",
                    "id": "rtbassoc-04d237a7f68019fcb",
                    "route_table_id": "rtb-08e6985dac5174e7b",
                    "subnet_id": "subnet-038245452c18fdcd3",
                    "timeouts": null
                },
                "after": {
                    "gateway_id": "",
                    "id": "rtbassoc-04d237a7f68019fcb",
                    "route_table_id": "rtb-08e6985dac5174e7b",
                    "subnet_id": "subnet-038245452c18fdcd3",
                    "timeouts": null
                },
                "after_unknown": {},
                "before_sensitive": {},
                "after_sensitive": {}
            }
        },
        {
            "address": "module.vpc.aws_route_table_association.private[1]",
            "module_address": "module.vpc",
            "mode": "managed",
            "type": "aws_route_table_association",
            "name": "private",
            "index": 1,
            "provider_name": "registry.terraform.io/hashicorp/aws",
            "change": {
                "actions": [
                    "no-op"
                ],
                "before": {
                    "gateway_id": "",
                    "id": "rtbassoc-063a0d4f881095567",
                    "route_table_id": "rtb-08e6985dac5174e7b",
                    "subnet_id": "subnet-0cebcc97620a59c5c",
                    "timeouts": null
                },
                "after": {
                    "gateway_id": "",
                    "id": "rtbassoc-063a0d4f881095567",
                    "route_table_id": "rtb-08e6985dac5174e7b",
                    "subnet_id": "subnet-0cebcc97620a59c5c",
                    "timeouts": null
                },
                "after_unknown": {},
                "before_sensitive": {},
                "after_sensitive": {}
            }
        },
        {
            "address": "module.vpc.aws_route_table_association.private[2]",
            "module_address": "module.vpc",
            "mode": "managed",
            "type": "aws_route_table_association",
            "name": "private",
            "index": 2,
            "provider_name": "registry.terraform.io/hashicorp/aws",
            "change": {
                "actions": [
                    "no-op"
                ],
                "before": {
                    "gateway_id": "",
                    "id": "rtbassoc-03596caeea3092f4a",
                    "route_table_id": "rtb-08e6985dac5174e7b",
                    "subnet_id": "subnet-022bead9e9bf1881a",
                    "timeouts": null
                },
                "after": {
                    "gateway_id": "",
                    "id": "rtbassoc-03596caeea3092f4a",
                    "route_table_id": "rtb-08e6985dac5174e7b",
                    "subnet_id": "subnet-022bead9e9bf1881a",
                    "timeouts": null
                },
                "after_unknown": {},
                "before_sensitive": {},
                "after_sensitive": {}
            }
        },
        {
            "address": "module.vpc.aws_route_table_association.public[0]",
            "module_address": "module.vpc",
            "mode": "managed",
            "type": "aws_route_table_association",
            "name": "public",
            "index": 0,
            "provider_name": "registry.terraform.io/hashicorp/aws",
            "change": {
                "actions": [
                    "no-op"
                ],
                "before": {
                    "gateway_id": "",
                    "id": "rtbassoc-0e1aae262972f592f",
                    "route_table_id": "rtb-0f32fae5b9bf1c148",
                    "subnet_id": "subnet-01164d443a698c146",
                    "timeouts": null
                },
                "after": {
                    "gateway_id": "",
                    "id": "rtbassoc-0e1aae262972f592f",
                    "route_table_id": "rtb-0f32fae5b9bf1c148",
                    "subnet_id": "subnet-01164d443a698c146",
                    "timeouts": null
                },
                "after_unknown": {},
                "before_sensitive": {},
                "after_sensitive": {}
            }
        },
        {
            "address": "module.vpc.aws_route_table_association.public[1]",
            "module_address": "module.vpc",
            "mode": "managed",
            "type": "aws_route_table_association",
            "name": "public",
            "index": 1,
            "provider_name": "registry.terraform.io/hashicorp/aws",
            "change": {
                "actions": [
                    "no-op"
                ],
                "before": {
                    "gateway_id": "",
                    "id": "rtbassoc-0ca3e817df5739a87",
                    "route_table_id": "rtb-0f32fae5b9bf1c148",
                    "subnet_id": "subnet-0728b3c4a8b34f64d",
                    "timeouts": null
                },
                "after": {
                    "gateway_id": "",
                    "id": "rtbassoc-0ca3e817df5739a87",
                    "route_table_id": "rtb-0f32fae5b9bf1c148",
                    "subnet_id": "subnet-0728b3c4a8b34f64d",
                    "timeouts": null
                },
                "after_unknown": {},
                "before_sensitive": {},
                "after_sensitive": {}
            }
        },
        {
            "address": "module.vpc.aws_route_table_association.public[2]",
            "module_address": "module.vpc",
            "mode": "managed",
            "type": "aws_route_table_association",
            "name": "public",
            "index": 2,
            "provider_name": "registry.terraform.io/hashicorp/aws",
            "change": {
                "actions": [
                    "no-op"
                ],
                "before": {
                    "gateway_id": "",
                    "id": "rtbassoc-0b1cc8ca9819d3439",
                    "route_table_id": "rtb-0f32fae5b9bf1c148",
                    "subnet_id": "subnet-0af67cc33786e9d19",
                    "timeouts": null
                },
                "after": {
                    "gateway_id": "",
                    "id": "rtbassoc-0b1cc8ca9819d3439",
                    "route_table_id": "rtb-0f32fae5b9bf1c148",
                    "subnet_id": "subnet-0af67cc33786e9d19",
                    "timeouts": null
                },
                "after_unknown": {},
                "before_sensitive": {},
                "after_sensitive": {}
            }
        },
        {
            "address": "module.vpc.aws_subnet.private[0]",
            "module_address": "module.vpc",
            "mode": "managed",
            "type": "aws_subnet",
            "name": "private",
            "index": 0,
            "provider_name": "registry.terraform.io/hashicorp/aws",
            "change": {
                "actions": [
                    "no-op"
                ],
                "before": {
                    "arn": "arn:aws:ec2:ap-southeast-5:187091248012:subnet/subnet-038245452c18fdcd3",
                    "assign_ipv6_address_on_creation": false,
                    "availability_zone": "ap-southeast-5a",
                    "availability_zone_id": "apse5-az1",
                    "cidr_block": "10.25.10.0/24",
                    "customer_owned_ipv4_pool": "",
                    "enable_dns64": false,
                    "enable_lni_at_device_index": 0,
                    "enable_resource_name_dns_a_record_on_launch": false,
                    "enable_resource_name_dns_aaaa_record_on_launch": false,
                    "id": "subnet-038245452c18fdcd3",
                    "ipv6_cidr_block": "",
                    "ipv6_cidr_block_association_id": "",
                    "ipv6_native": false,
                    "map_customer_owned_ip_on_launch": false,
                    "map_public_ip_on_launch": false,
                    "outpost_arn": "",
                    "owner_id": "187091248012",
                    "private_dns_hostname_type_on_launch": "ip-name",
                    "tags": {
                        "Name": "tth-k8s-pj-dev-private-1",
                        "Type": "private",
                        "kubernetes.io/role/internal-elb": "1"
                    },
                    "tags_all": {
                        "Environment": "dev",
                        "Managed_by": "terraform",
                        "Name": "tth-k8s-pj-dev-private-1",
                        "Owner": "tth",
                        "Project": "k8s-pj",
                        "Type": "private",
                        "kubernetes.io/role/internal-elb": "1"
                    },
                    "timeouts": null,
                    "vpc_id": "vpc-036c34f6badf10f07"
                },
                "after": {
                    "arn": "arn:aws:ec2:ap-southeast-5:187091248012:subnet/subnet-038245452c18fdcd3",
                    "assign_ipv6_address_on_creation": false,
                    "availability_zone": "ap-southeast-5a",
                    "availability_zone_id": "apse5-az1",
                    "cidr_block": "10.25.10.0/24",
                    "customer_owned_ipv4_pool": "",
                    "enable_dns64": false,
                    "enable_lni_at_device_index": 0,
                    "enable_resource_name_dns_a_record_on_launch": false,
                    "enable_resource_name_dns_aaaa_record_on_launch": false,
                    "id": "subnet-038245452c18fdcd3",
                    "ipv6_cidr_block": "",
                    "ipv6_cidr_block_association_id": "",
                    "ipv6_native": false,
                    "map_customer_owned_ip_on_launch": false,
                    "map_public_ip_on_launch": false,
                    "outpost_arn": "",
                    "owner_id": "187091248012",
                    "private_dns_hostname_type_on_launch": "ip-name",
                    "tags": {
                        "Name": "tth-k8s-pj-dev-private-1",
                        "Type": "private",
                        "kubernetes.io/role/internal-elb": "1"
                    },
                    "tags_all": {
                        "Environment": "dev",
                        "Managed_by": "terraform",
                        "Name": "tth-k8s-pj-dev-private-1",
                        "Owner": "tth",
                        "Project": "k8s-pj",
                        "Type": "private",
                        "kubernetes.io/role/internal-elb": "1"
                    },
                    "timeouts": null,
                    "vpc_id": "vpc-036c34f6badf10f07"
                },
                "after_unknown": {},
                "before_sensitive": {
                    "tags": {},
                    "tags_all": {}
                },
                "after_sensitive": {
                    "tags": {},
                    "tags_all": {}
                }
            }
        },
        {
            "address": "module.vpc.aws_subnet.private[1]",
            "module_address": "module.vpc",
            "mode": "managed",
            "type": "aws_subnet",
            "name": "private",
            "index": 1,
            "provider_name": "registry.terraform.io/hashicorp/aws",
            "change": {
                "actions": [
                    "no-op"
                ],
                "before": {
                    "arn": "arn:aws:ec2:ap-southeast-5:187091248012:subnet/subnet-0cebcc97620a59c5c",
                    "assign_ipv6_address_on_creation": false,
                    "availability_zone": "ap-southeast-5b",
                    "availability_zone_id": "apse5-az2",
                    "cidr_block": "10.25.11.0/24",
                    "customer_owned_ipv4_pool": "",
                    "enable_dns64": false,
                    "enable_lni_at_device_index": 0,
                    "enable_resource_name_dns_a_record_on_launch": false,
                    "enable_resource_name_dns_aaaa_record_on_launch": false,
                    "id": "subnet-0cebcc97620a59c5c",
                    "ipv6_cidr_block": "",
                    "ipv6_cidr_block_association_id": "",
                    "ipv6_native": false,
                    "map_customer_owned_ip_on_launch": false,
                    "map_public_ip_on_launch": false,
                    "outpost_arn": "",
                    "owner_id": "187091248012",
                    "private_dns_hostname_type_on_launch": "ip-name",
                    "tags": {
                        "Name": "tth-k8s-pj-dev-private-2",
                        "Type": "private",
                        "kubernetes.io/role/internal-elb": "1"
                    },
                    "tags_all": {
                        "Environment": "dev",
                        "Managed_by": "terraform",
                        "Name": "tth-k8s-pj-dev-private-2",
                        "Owner": "tth",
                        "Project": "k8s-pj",
                        "Type": "private",
                        "kubernetes.io/role/internal-elb": "1"
                    },
                    "timeouts": null,
                    "vpc_id": "vpc-036c34f6badf10f07"
                },
                "after": {
                    "arn": "arn:aws:ec2:ap-southeast-5:187091248012:subnet/subnet-0cebcc97620a59c5c",
                    "assign_ipv6_address_on_creation": false,
                    "availability_zone": "ap-southeast-5b",
                    "availability_zone_id": "apse5-az2",
                    "cidr_block": "10.25.11.0/24",
                    "customer_owned_ipv4_pool": "",
                    "enable_dns64": false,
                    "enable_lni_at_device_index": 0,
                    "enable_resource_name_dns_a_record_on_launch": false,
                    "enable_resource_name_dns_aaaa_record_on_launch": false,
                    "id": "subnet-0cebcc97620a59c5c",
                    "ipv6_cidr_block": "",
                    "ipv6_cidr_block_association_id": "",
                    "ipv6_native": false,
                    "map_customer_owned_ip_on_launch": false,
                    "map_public_ip_on_launch": false,
                    "outpost_arn": "",
                    "owner_id": "187091248012",
                    "private_dns_hostname_type_on_launch": "ip-name",
                    "tags": {
                        "Name": "tth-k8s-pj-dev-private-2",
                        "Type": "private",
                        "kubernetes.io/role/internal-elb": "1"
                    },
                    "tags_all": {
                        "Environment": "dev",
                        "Managed_by": "terraform",
                        "Name": "tth-k8s-pj-dev-private-2",
                        "Owner": "tth",
                        "Project": "k8s-pj",
                        "Type": "private",
                        "kubernetes.io/role/internal-elb": "1"
                    },
                    "timeouts": null,
                    "vpc_id": "vpc-036c34f6badf10f07"
                },
                "after_unknown": {},
                "before_sensitive": {
                    "tags": {},
                    "tags_all": {}
                },
                "after_sensitive": {
                    "tags": {},
                    "tags_all": {}
                }
            }
        },
        {
            "address": "module.vpc.aws_subnet.private[2]",
            "module_address": "module.vpc",
            "mode": "managed",
            "type": "aws_subnet",
            "name": "private",
            "index": 2,
            "provider_name": "registry.terraform.io/hashicorp/aws",
            "change": {
                "actions": [
                    "no-op"
                ],
                "before": {
                    "arn": "arn:aws:ec2:ap-southeast-5:187091248012:subnet/subnet-022bead9e9bf1881a",
                    "assign_ipv6_address_on_creation": false,
                    "availability_zone": "ap-southeast-5c",
                    "availability_zone_id": "apse5-az3",
                    "cidr_block": "10.25.12.0/24",
                    "customer_owned_ipv4_pool": "",
                    "enable_dns64": false,
                    "enable_lni_at_device_index": 0,
                    "enable_resource_name_dns_a_record_on_launch": false,
                    "enable_resource_name_dns_aaaa_record_on_launch": false,
                    "id": "subnet-022bead9e9bf1881a",
                    "ipv6_cidr_block": "",
                    "ipv6_cidr_block_association_id": "",
                    "ipv6_native": false,
                    "map_customer_owned_ip_on_launch": false,
                    "map_public_ip_on_launch": false,
                    "outpost_arn": "",
                    "owner_id": "187091248012",
                    "private_dns_hostname_type_on_launch": "ip-name",
                    "tags": {
                        "Name": "tth-k8s-pj-dev-private-3",
                        "Type": "private",
                        "kubernetes.io/role/internal-elb": "1"
                    },
                    "tags_all": {
                        "Environment": "dev",
                        "Managed_by": "terraform",
                        "Name": "tth-k8s-pj-dev-private-3",
                        "Owner": "tth",
                        "Project": "k8s-pj",
                        "Type": "private",
                        "kubernetes.io/role/internal-elb": "1"
                    },
                    "timeouts": null,
                    "vpc_id": "vpc-036c34f6badf10f07"
                },
                "after": {
                    "arn": "arn:aws:ec2:ap-southeast-5:187091248012:subnet/subnet-022bead9e9bf1881a",
                    "assign_ipv6_address_on_creation": false,
                    "availability_zone": "ap-southeast-5c",
                    "availability_zone_id": "apse5-az3",
                    "cidr_block": "10.25.12.0/24",
                    "customer_owned_ipv4_pool": "",
                    "enable_dns64": false,
                    "enable_lni_at_device_index": 0,
                    "enable_resource_name_dns_a_record_on_launch": false,
                    "enable_resource_name_dns_aaaa_record_on_launch": false,
                    "id": "subnet-022bead9e9bf1881a",
                    "ipv6_cidr_block": "",
                    "ipv6_cidr_block_association_id": "",
                    "ipv6_native": false,
                    "map_customer_owned_ip_on_launch": false,
                    "map_public_ip_on_launch": false,
                    "outpost_arn": "",
                    "owner_id": "187091248012",
                    "private_dns_hostname_type_on_launch": "ip-name",
                    "tags": {
                        "Name": "tth-k8s-pj-dev-private-3",
                        "Type": "private",
                        "kubernetes.io/role/internal-elb": "1"
                    },
                    "tags_all": {
                        "Environment": "dev",
                        "Managed_by": "terraform",
                        "Name": "tth-k8s-pj-dev-private-3",
                        "Owner": "tth",
                        "Project": "k8s-pj",
                        "Type": "private",
                        "kubernetes.io/role/internal-elb": "1"
                    },
                    "timeouts": null,
                    "vpc_id": "vpc-036c34f6badf10f07"
                },
                "after_unknown": {},
                "before_sensitive": {
                    "tags": {},
                    "tags_all": {}
                },
                "after_sensitive": {
                    "tags": {},
                    "tags_all": {}
                }
            }
        },
        {
            "address": "module.vpc.aws_subnet.public[0]",
            "module_address": "module.vpc",
            "mode": "managed",
            "type": "aws_subnet",
            "name": "public",
            "index": 0,
            "provider_name": "registry.terraform.io/hashicorp/aws",
            "change": {
                "actions": [
                    "no-op"
                ],
                "before": {
                    "arn": "arn:aws:ec2:ap-southeast-5:187091248012:subnet/subnet-01164d443a698c146",
                    "assign_ipv6_address_on_creation": false,
                    "availability_zone": "ap-southeast-5a",
                    "availability_zone_id": "apse5-az1",
                    "cidr_block": "10.25.0.0/24",
                    "customer_owned_ipv4_pool": "",
                    "enable_dns64": false,
                    "enable_lni_at_device_index": 0,
                    "enable_resource_name_dns_a_record_on_launch": false,
                    "enable_resource_name_dns_aaaa_record_on_launch": false,
                    "id": "subnet-01164d443a698c146",
                    "ipv6_cidr_block": "",
                    "ipv6_cidr_block_association_id": "",
                    "ipv6_native": false,
                    "map_customer_owned_ip_on_launch": false,
                    "map_public_ip_on_launch": true,
                    "outpost_arn": "",
                    "owner_id": "187091248012",
                    "private_dns_hostname_type_on_launch": "ip-name",
                    "tags": {
                        "Name": "tth-k8s-pj-dev-public-1",
                        "Type": "public",
                        "kubernetes.io/role/elb": "1"
                    },
                    "tags_all": {
                        "Environment": "dev",
                        "Managed_by": "terraform",
                        "Name": "tth-k8s-pj-dev-public-1",
                        "Owner": "tth",
                        "Project": "k8s-pj",
                        "Type": "public",
                        "kubernetes.io/role/elb": "1"
                    },
                    "timeouts": null,
                    "vpc_id": "vpc-036c34f6badf10f07"
                },
                "after": {
                    "arn": "arn:aws:ec2:ap-southeast-5:187091248012:subnet/subnet-01164d443a698c146",
                    "assign_ipv6_address_on_creation": false,
                    "availability_zone": "ap-southeast-5a",
                    "availability_zone_id": "apse5-az1",
                    "cidr_block": "10.25.0.0/24",
                    "customer_owned_ipv4_pool": "",
                    "enable_dns64": false,
                    "enable_lni_at_device_index": 0,
                    "enable_resource_name_dns_a_record_on_launch": false,
                    "enable_resource_name_dns_aaaa_record_on_launch": false,
                    "id": "subnet-01164d443a698c146",
                    "ipv6_cidr_block": "",
                    "ipv6_cidr_block_association_id": "",
                    "ipv6_native": false,
                    "map_customer_owned_ip_on_launch": false,
                    "map_public_ip_on_launch": true,
                    "outpost_arn": "",
                    "owner_id": "187091248012",
                    "private_dns_hostname_type_on_launch": "ip-name",
                    "tags": {
                        "Name": "tth-k8s-pj-dev-public-1",
                        "Type": "public",
                        "kubernetes.io/role/elb": "1"
                    },
                    "tags_all": {
                        "Environment": "dev",
                        "Managed_by": "terraform",
                        "Name": "tth-k8s-pj-dev-public-1",
                        "Owner": "tth",
                        "Project": "k8s-pj",
                        "Type": "public",
                        "kubernetes.io/role/elb": "1"
                    },
                    "timeouts": null,
                    "vpc_id": "vpc-036c34f6badf10f07"
                },
                "after_unknown": {},
                "before_sensitive": {
                    "tags": {},
                    "tags_all": {}
                },
                "after_sensitive": {
                    "tags": {},
                    "tags_all": {}
                }
            }
        },
        {
            "address": "module.vpc.aws_subnet.public[1]",
            "module_address": "module.vpc",
            "mode": "managed",
            "type": "aws_subnet",
            "name": "public",
            "index": 1,
            "provider_name": "registry.terraform.io/hashicorp/aws",
            "change": {
                "actions": [
                    "no-op"
                ],
                "before": {
                    "arn": "arn:aws:ec2:ap-southeast-5:187091248012:subnet/subnet-0728b3c4a8b34f64d",
                    "assign_ipv6_address_on_creation": false,
                    "availability_zone": "ap-southeast-5b",
                    "availability_zone_id": "apse5-az2",
                    "cidr_block": "10.25.1.0/24",
                    "customer_owned_ipv4_pool": "",
                    "enable_dns64": false,
                    "enable_lni_at_device_index": 0,
                    "enable_resource_name_dns_a_record_on_launch": false,
                    "enable_resource_name_dns_aaaa_record_on_launch": false,
                    "id": "subnet-0728b3c4a8b34f64d",
                    "ipv6_cidr_block": "",
                    "ipv6_cidr_block_association_id": "",
                    "ipv6_native": false,
                    "map_customer_owned_ip_on_launch": false,
                    "map_public_ip_on_launch": true,
                    "outpost_arn": "",
                    "owner_id": "187091248012",
                    "private_dns_hostname_type_on_launch": "ip-name",
                    "tags": {
                        "Name": "tth-k8s-pj-dev-public-2",
                        "Type": "public",
                        "kubernetes.io/role/elb": "1"
                    },
                    "tags_all": {
                        "Environment": "dev",
                        "Managed_by": "terraform",
                        "Name": "tth-k8s-pj-dev-public-2",
                        "Owner": "tth",
                        "Project": "k8s-pj",
                        "Type": "public",
                        "kubernetes.io/role/elb": "1"
                    },
                    "timeouts": null,
                    "vpc_id": "vpc-036c34f6badf10f07"
                },
                "after": {
                    "arn": "arn:aws:ec2:ap-southeast-5:187091248012:subnet/subnet-0728b3c4a8b34f64d",
                    "assign_ipv6_address_on_creation": false,
                    "availability_zone": "ap-southeast-5b",
                    "availability_zone_id": "apse5-az2",
                    "cidr_block": "10.25.1.0/24",
                    "customer_owned_ipv4_pool": "",
                    "enable_dns64": false,
                    "enable_lni_at_device_index": 0,
                    "enable_resource_name_dns_a_record_on_launch": false,
                    "enable_resource_name_dns_aaaa_record_on_launch": false,
                    "id": "subnet-0728b3c4a8b34f64d",
                    "ipv6_cidr_block": "",
                    "ipv6_cidr_block_association_id": "",
                    "ipv6_native": false,
                    "map_customer_owned_ip_on_launch": false,
                    "map_public_ip_on_launch": true,
                    "outpost_arn": "",
                    "owner_id": "187091248012",
                    "private_dns_hostname_type_on_launch": "ip-name",
                    "tags": {
                        "Name": "tth-k8s-pj-dev-public-2",
                        "Type": "public",
                        "kubernetes.io/role/elb": "1"
                    },
                    "tags_all": {
                        "Environment": "dev",
                        "Managed_by": "terraform",
                        "Name": "tth-k8s-pj-dev-public-2",
                        "Owner": "tth",
                        "Project": "k8s-pj",
                        "Type": "public",
                        "kubernetes.io/role/elb": "1"
                    },
                    "timeouts": null,
                    "vpc_id": "vpc-036c34f6badf10f07"
                },
                "after_unknown": {},
                "before_sensitive": {
                    "tags": {},
                    "tags_all": {}
                },
                "after_sensitive": {
                    "tags": {},
                    "tags_all": {}
                }
            }
        },
        {
            "address": "module.vpc.aws_subnet.public[2]",
            "module_address": "module.vpc",
            "mode": "managed",
            "type": "aws_subnet",
            "name": "public",
            "index": 2,
            "provider_name": "registry.terraform.io/hashicorp/aws",
            "change": {
                "actions": [
                    "no-op"
                ],
                "before": {
                    "arn": "arn:aws:ec2:ap-southeast-5:187091248012:subnet/subnet-0af67cc33786e9d19",
                    "assign_ipv6_address_on_creation": false,
                    "availability_zone": "ap-southeast-5c",
                    "availability_zone_id": "apse5-az3",
                    "cidr_block": "10.25.2.0/24",
                    "customer_owned_ipv4_pool": "",
                    "enable_dns64": false,
                    "enable_lni_at_device_index": 0,
                    "enable_resource_name_dns_a_record_on_launch": false,
                    "enable_resource_name_dns_aaaa_record_on_launch": false,
                    "id": "subnet-0af67cc33786e9d19",
                    "ipv6_cidr_block": "",
                    "ipv6_cidr_block_association_id": "",
                    "ipv6_native": false,
                    "map_customer_owned_ip_on_launch": false,
                    "map_public_ip_on_launch": true,
                    "outpost_arn": "",
                    "owner_id": "187091248012",
                    "private_dns_hostname_type_on_launch": "ip-name",
                    "tags": {
                        "Name": "tth-k8s-pj-dev-public-3",
                        "Type": "public",
                        "kubernetes.io/role/elb": "1"
                    },
                    "tags_all": {
                        "Environment": "dev",
                        "Managed_by": "terraform",
                        "Name": "tth-k8s-pj-dev-public-3",
                        "Owner": "tth",
                        "Project": "k8s-pj",
                        "Type": "public",
                        "kubernetes.io/role/elb": "1"
                    },
                    "timeouts": null,
                    "vpc_id": "vpc-036c34f6badf10f07"
                },
                "after": {
                    "arn": "arn:aws:ec2:ap-southeast-5:187091248012:subnet/subnet-0af67cc33786e9d19",
                    "assign_ipv6_address_on_creation": false,
                    "availability_zone": "ap-southeast-5c",
                    "availability_zone_id": "apse5-az3",
                    "cidr_block": "10.25.2.0/24",
                    "customer_owned_ipv4_pool": "",
                    "enable_dns64": false,
                    "enable_lni_at_device_index": 0,
                    "enable_resource_name_dns_a_record_on_launch": false,
                    "enable_resource_name_dns_aaaa_record_on_launch": false,
                    "id": "subnet-0af67cc33786e9d19",
                    "ipv6_cidr_block": "",
                    "ipv6_cidr_block_association_id": "",
                    "ipv6_native": false,
                    "map_customer_owned_ip_on_launch": false,
                    "map_public_ip_on_launch": true,
                    "outpost_arn": "",
                    "owner_id": "187091248012",
                    "private_dns_hostname_type_on_launch": "ip-name",
                    "tags": {
                        "Name": "tth-k8s-pj-dev-public-3",
                        "Type": "public",
                        "kubernetes.io/role/elb": "1"
                    },
                    "tags_all": {
                        "Environment": "dev",
                        "Managed_by": "terraform",
                        "Name": "tth-k8s-pj-dev-public-3",
                        "Owner": "tth",
                        "Project": "k8s-pj",
                        "Type": "public",
                        "kubernetes.io/role/elb": "1"
                    },
                    "timeouts": null,
                    "vpc_id": "vpc-036c34f6badf10f07"
                },
                "after_unknown": {},
                "before_sensitive": {
                    "tags": {},
                    "tags_all": {}
                },
                "after_sensitive": {
                    "tags": {},
                    "tags_all": {}
                }
            }
        },
        {
            "address": "module.vpc.aws_vpc.main",
            "module_address": "module.vpc",
            "mode": "managed",
            "type": "aws_vpc",
            "name": "main",
            "provider_name": "registry.terraform.io/hashicorp/aws",
            "change": {
                "actions": [
                    "no-op"
                ],
                "before": {
                    "arn": "arn:aws:ec2:ap-southeast-5:187091248012:vpc/vpc-036c34f6badf10f07",
                    "assign_generated_ipv6_cidr_block": false,
                    "cidr_block": "10.25.0.0/16",
                    "default_network_acl_id": "acl-01a5d99a0b23415fd",
                    "default_route_table_id": "rtb-072d33812801e023a",
                    "default_security_group_id": "sg-0e4f52e9a17948440",
                    "dhcp_options_id": "dopt-0b1ed4b643f18010a",
                    "enable_dns_hostnames": true,
                    "enable_dns_support": true,
                    "enable_network_address_usage_metrics": false,
                    "id": "vpc-036c34f6badf10f07",
                    "instance_tenancy": "default",
                    "ipv4_ipam_pool_id": null,
                    "ipv4_netmask_length": null,
                    "ipv6_association_id": "",
                    "ipv6_cidr_block": "",
                    "ipv6_cidr_block_network_border_group": "",
                    "ipv6_ipam_pool_id": "",
                    "ipv6_netmask_length": 0,
                    "main_route_table_id": "rtb-072d33812801e023a",
                    "owner_id": "187091248012",
                    "tags": {
                        "Name": "tth-k8s-pj-dev-vpc"
                    },
                    "tags_all": {
                        "Environment": "dev",
                        "Managed_by": "terraform",
                        "Name": "tth-k8s-pj-dev-vpc",
                        "Owner": "tth",
                        "Project": "k8s-pj"
                    }
                },
                "after": {
                    "arn": "arn:aws:ec2:ap-southeast-5:187091248012:vpc/vpc-036c34f6badf10f07",
                    "assign_generated_ipv6_cidr_block": false,
                    "cidr_block": "10.25.0.0/16",
                    "default_network_acl_id": "acl-01a5d99a0b23415fd",
                    "default_route_table_id": "rtb-072d33812801e023a",
                    "default_security_group_id": "sg-0e4f52e9a17948440",
                    "dhcp_options_id": "dopt-0b1ed4b643f18010a",
                    "enable_dns_hostnames": true,
                    "enable_dns_support": true,
                    "enable_network_address_usage_metrics": false,
                    "id": "vpc-036c34f6badf10f07",
                    "instance_tenancy": "default",
                    "ipv4_ipam_pool_id": null,
                    "ipv4_netmask_length": null,
                    "ipv6_association_id": "",
                    "ipv6_cidr_block": "",
                    "ipv6_cidr_block_network_border_group": "",
                    "ipv6_ipam_pool_id": "",
                    "ipv6_netmask_length": 0,
                    "main_route_table_id": "rtb-072d33812801e023a",
                    "owner_id": "187091248012",
                    "tags": {
                        "Name": "tth-k8s-pj-dev-vpc"
                    },
                    "tags_all": {
                        "Environment": "dev",
                        "Managed_by": "terraform",
                        "Name": "tth-k8s-pj-dev-vpc",
                        "Owner": "tth",
                        "Project": "k8s-pj"
                    }
                },
                "after_unknown": {},
                "before_sensitive": {
                    "tags": {},
                    "tags_all": {}
                },
                "after_sensitive": {
                    "tags": {},
                    "tags_all": {}
                }
            }
        }
    ],
    "output_changes": {
        "availability_zones": {
            "actions": [
                "no-op"
            ],
            "before": [
                "ap-southeast-5a",
                "ap-southeast-5b",
                "ap-southeast-5c"
            ],
            "after": [
                "ap-southeast-5a",
                "ap-southeast-5b",
                "ap-southeast-5c"
            ],
            "after_unknown": false,
            "before_sensitive": false,
            "after_sensitive": false
        },
        "private_subnet_ids": {
            "actions": [
                "no-op"
            ],
            "before": [
                "subnet-038245452c18fdcd3",
                "subnet-0cebcc97620a59c5c",
                "subnet-022bead9e9bf1881a"
            ],
            "after": [
                "subnet-038245452c18fdcd3",
                "subnet-0cebcc97620a59c5c",
                "subnet-022bead9e9bf1881a"
            ],
            "after_unknown": false,
            "before_sensitive": false,
            "after_sensitive": false
        },
        "public_subnet_ids": {
            "actions": [
                "no-op"
            ],
            "before": [
                "subnet-01164d443a698c146",
                "subnet-0728b3c4a8b34f64d",
                "subnet-0af67cc33786e9d19"
            ],
            "after": [
                "subnet-01164d443a698c146",
                "subnet-0728b3c4a8b34f64d",
                "subnet-0af67cc33786e9d19"
            ],
            "after_unknown": false,
            "before_sensitive": false,
            "after_sensitive": false
        },
        "vpc_cidr_block": {
            "actions": [
                "no-op"
            ],
            "before": "10.25.0.0/16",
            "after": "10.25.0.0/16",
            "after_unknown": false,
            "before_sensitive": false,
            "after_sensitive": false
        },
        "vpc_id": {
            "actions": [
                "no-op"
            ],
            "before": "vpc-036c34f6badf10f07",
            "after": "vpc-036c34f6badf10f07",
            "after_unknown": false,
            "before_sensitive": false,
            "after_sensitive": false
        }
    },
    "prior_state": {
        "format_version": "1.0",
        "terraform_version": "1.12.2",
        "values": {
            "outputs": {
                "availability_zones": {
                    "sensitive": false,
                    "value": [
                        "ap-southeast-5a",
                        "ap-southeast-5b",
                        "ap-southeast-5c"
                    ],
                    "type": [
                        "list",
                        "string"
                    ]
                },
                "private_subnet_ids": {
                    "sensitive": false,
                    "value": [
                        "subnet-038245452c18fdcd3",
                        "subnet-0cebcc97620a59c5c",
                        "subnet-022bead9e9bf1881a"
                    ],
                    "type": [
                        "tuple",
                        [
                            "string",
                            "string",
                            "string"
                        ]
                    ]
                },
                "public_subnet_ids": {
                    "sensitive": false,
                    "value": [
                        "subnet-01164d443a698c146",
                        "subnet-0728b3c4a8b34f64d",
                        "subnet-0af67cc33786e9d19"
                    ],
                    "type": [
                        "tuple",
                        [
                            "string",
                            "string",
                            "string"
                        ]
                    ]
                },
                "vpc_cidr_block": {
                    "sensitive": false,
                    "value": "10.25.0.0/16",
                    "type": "string"
                },
                "vpc_id": {
                    "sensitive": false,
                    "value": "vpc-036c34f6badf10f07",
                    "type": "string"
                }
            },
            "root_module": {
                "resources": [
                    {
                        "address": "aws_resourcegroups_group.dev_resources",
                        "mode": "managed",
                        "type": "aws_resourcegroups_group",
                        "name": "dev_resources",
                        "provider_name": "registry.terraform.io/hashicorp/aws",
                        "schema_version": 0,
                        "values": {
                            "arn": "arn:aws:resource-groups:ap-southeast-5:187091248012:group/tth-k8s-pj-dev-resourcesgroup",
                            "configuration": [],
                            "description": "All resources for k8s-pj dev environment",
                            "id": "tth-k8s-pj-dev-resourcesgroup",
                            "name": "tth-k8s-pj-dev-resourcesgroup",
                            "resource_query": [
                                {
                                    "query": "{\"ResourceTypeFilters\":[\"AWS::AllSupported\"],\"TagFilters\":[{\"Key\":\"Project\",\"Values\":[\"k8s-pj\"]},{\"Key\":\"Environment\",\"Values\":[\"dev\"]}]}",
                                    "type": "TAG_FILTERS_1_0"
                                }
                            ],
                            "tags": {
                                "Environment": "dev",
                                "Managed_by": "terraform",
                                "Name": "tth-k8s-pj-dev-resourcesgroup",
                                "Owner": "tth",
                                "Project": "k8s-pj"
                            },
                            "tags_all": {
                                "Environment": "dev",
                                "Managed_by": "terraform",
                                "Name": "tth-k8s-pj-dev-resourcesgroup",
                                "Owner": "tth",
                                "Project": "k8s-pj"
                            },
                            "timeouts": null
                        },
                        "sensitive_values": {
                            "configuration": [],
                            "resource_query": [
                                {}
                            ],
                            "tags": {},
                            "tags_all": {}
                        }
                    }
                ],
                "child_modules": [
                    {
                        "resources": [
                            {
                                "address": "module.ec2.data.aws_ami.ubuntu",
                                "mode": "data",
                                "type": "aws_ami",
                                "name": "ubuntu",
                                "provider_name": "registry.terraform.io/hashicorp/aws",
                                "schema_version": 0,
                                "values": {
                                    "architecture": "x86_64",
                                    "arn": "arn:aws:ec2:ap-southeast-5::image/ami-0b0fc92e07c19b67f",
                                    "block_device_mappings": [
                                        {
                                            "device_name": "/dev/sda1",
                                            "ebs": {
                                                "delete_on_termination": "true",
                                                "encrypted": "false",
                                                "iops": "0",
                                                "snapshot_id": "snap-03b308cd1cf670201",
                                                "throughput": "0",
                                                "volume_initialization_rate": "0",
                                                "volume_size": "8",
                                                "volume_type": "gp2"
                                            },
                                            "no_device": "",
                                            "virtual_name": ""
                                        },
                                        {
                                            "device_name": "/dev/sdb",
                                            "ebs": {},
                                            "no_device": "",
                                            "virtual_name": "ephemeral0"
                                        },
                                        {
                                            "device_name": "/dev/sdc",
                                            "ebs": {},
                                            "no_device": "",
                                            "virtual_name": "ephemeral1"
                                        }
                                    ],
                                    "boot_mode": "uefi-preferred",
                                    "creation_date": "2025-06-17T06:49:55.000Z",
                                    "deprecation_time": "2027-06-17T06:49:55.000Z",
                                    "description": "Canonical, Ubuntu, 22.04, amd64 jammy image",
                                    "ena_support": true,
                                    "executable_users": null,
                                    "filter": [
                                        {
                                            "name": "name",
                                            "values": [
                                                "ubuntu/images/hvm-ssd/ubuntu-jammy-22.04-amd64-server-*"
                                            ]
                                        },
                                        {
                                            "name": "virtualization-type",
                                            "values": [
                                                "hvm"
                                            ]
                                        }
                                    ],
                                    "hypervisor": "xen",
                                    "id": "ami-0b0fc92e07c19b67f",
                                    "image_id": "ami-0b0fc92e07c19b67f",
                                    "image_location": "amazon/ubuntu/images/hvm-ssd/ubuntu-jammy-22.04-amd64-server-20250617",
                                    "image_owner_alias": "amazon",
                                    "image_type": "machine",
                                    "imds_support": "",
                                    "include_deprecated": false,
                                    "kernel_id": "",
                                    "last_launched_time": "",
                                    "most_recent": true,
                                    "name": "ubuntu/images/hvm-ssd/ubuntu-jammy-22.04-amd64-server-20250617",
                                    "name_regex": null,
                                    "owner_id": "099720109477",
                                    "owners": [
                                        "099720109477"
                                    ],
                                    "platform": "",
                                    "platform_details": "Linux/UNIX",
                                    "product_codes": [],
                                    "public": true,
                                    "ramdisk_id": "",
                                    "root_device_name": "/dev/sda1",
                                    "root_device_type": "ebs",
                                    "root_snapshot_id": "snap-03b308cd1cf670201",
                                    "sriov_net_support": "simple",
                                    "state": "available",
                                    "state_reason": {
                                        "code": "UNSET",
                                        "message": "UNSET"
                                    },
                                    "tags": {},
                                    "timeouts": null,
                                    "tpm_support": "",
                                    "uefi_data": null,
                                    "usage_operation": "RunInstances",
                                    "virtualization_type": "hvm"
                                },
                                "sensitive_values": {
                                    "block_device_mappings": [
                                        {
                                            "ebs": {}
                                        },
                                        {
                                            "ebs": {}
                                        },
                                        {
                                            "ebs": {}
                                        }
                                    ],
                                    "filter": [
                                        {
                                            "values": [
                                                false
                                            ]
                                        },
                                        {
                                            "values": [
                                                false
                                            ]
                                        }
                                    ],
                                    "owners": [
                                        false
                                    ],
                                    "product_codes": [],
                                    "state_reason": {},
                                    "tags": {}
                                }
                            },
                            {
                                "address": "module.ec2.data.aws_default_tags.current",
                                "mode": "data",
                                "type": "aws_default_tags",
                                "name": "current",
                                "provider_name": "registry.terraform.io/hashicorp/aws",
                                "schema_version": 0,
                                "values": {
                                    "id": "aws",
                                    "tags": {
                                        "Environment": "dev",
                                        "Managed_by": "terraform",
                                        "Owner": "tth",
                                        "Project": "k8s-pj"
                                    }
                                },
                                "sensitive_values": {
                                    "tags": {}
                                }
                            }
                        ],
                        "address": "module.ec2"
                    },
                    {
                        "resources": [
                            {
                                "address": "module.security.data.aws_default_tags.current",
                                "mode": "data",
                                "type": "aws_default_tags",
                                "name": "current",
                                "provider_name": "registry.terraform.io/hashicorp/aws",
                                "schema_version": 0,
                                "values": {
                                    "id": "aws",
                                    "tags": {
                                        "Environment": "dev",
                                        "Managed_by": "terraform",
                                        "Owner": "tth",
                                        "Project": "k8s-pj"
                                    }
                                },
                                "sensitive_values": {
                                    "tags": {}
                                }
                            },
                            {
                                "address": "module.security.aws_security_group.alb",
                                "mode": "managed",
                                "type": "aws_security_group",
                                "name": "alb",
                                "provider_name": "registry.terraform.io/hashicorp/aws",
                                "schema_version": 1,
                                "values": {
                                    "arn": "arn:aws:ec2:ap-southeast-5:187091248012:security-group/sg-0c62d4f2f995e96ba",
                                    "description": "Security group for ALB",
                                    "egress": [
                                        {
                                            "cidr_blocks": [],
                                            "description": "To K8s API",
                                            "from_port": 6443,
                                            "ipv6_cidr_blocks": [],
                                            "prefix_list_ids": [],
                                            "protocol": "tcp",
                                            "security_groups": [
                                                "sg-031d7360941b108e9"
                                            ],
                                            "self": false,
                                            "to_port": 6443
                                        }
                                    ],
                                    "id": "sg-0c62d4f2f995e96ba",
                                    "ingress": [
                                        {
                                            "cidr_blocks": [
                                                "0.0.0.0/0"
                                            ],
                                            "description": "HTTP",
                                            "from_port": 80,
                                            "ipv6_cidr_blocks": [],
                                            "prefix_list_ids": [],
                                            "protocol": "tcp",
                                            "security_groups": [],
                                            "self": false,
                                            "to_port": 80
                                        },
                                        {
                                            "cidr_blocks": [
                                                "0.0.0.0/0"
                                            ],
                                            "description": "HTTPS",
                                            "from_port": 443,
                                            "ipv6_cidr_blocks": [],
                                            "prefix_list_ids": [],
                                            "protocol": "tcp",
                                            "security_groups": [],
                                            "self": false,
                                            "to_port": 443
                                        }
                                    ],
                                    "name": "tth-k8s-pj-dev-alb-sg",
                                    "name_prefix": "",
                                    "owner_id": "187091248012",
                                    "revoke_rules_on_delete": false,
                                    "tags": {
                                        "Component": "security",
                                        "Name": "tth-k8s-pj-dev-alb-sg",
                                        "Type": "load-balancer"
                                    },
                                    "tags_all": {
                                        "Component": "security",
                                        "Environment": "dev",
                                        "Managed_by": "terraform",
                                        "Name": "tth-k8s-pj-dev-alb-sg",
                                        "Owner": "tth",
                                        "Project": "k8s-pj",
                                        "Type": "load-balancer"
                                    },
                                    "timeouts": null,
                                    "vpc_id": "vpc-036c34f6badf10f07"
                                },
                                "sensitive_values": {
                                    "egress": [
                                        {
                                            "cidr_blocks": [],
                                            "ipv6_cidr_blocks": [],
                                            "prefix_list_ids": [],
                                            "security_groups": [
                                                false
                                            ]
                                        }
                                    ],
                                    "ingress": [
                                        {
                                            "cidr_blocks": [
                                                false
                                            ],
                                            "ipv6_cidr_blocks": [],
                                            "prefix_list_ids": [],
                                            "security_groups": []
                                        },
                                        {
                                            "cidr_blocks": [
                                                false
                                            ],
                                            "ipv6_cidr_blocks": [],
                                            "prefix_list_ids": [],
                                            "security_groups": []
                                        }
                                    ],
                                    "tags": {},
                                    "tags_all": {}
                                },
                                "depends_on": [
                                    "module.security.aws_security_group.k8s_master",
                                    "module.security.data.aws_default_tags.current",
                                    "module.vpc.aws_vpc.main",
                                    "module.vpc.data.aws_default_tags.current"
                                ]
                            },
                            {
                                "address": "module.security.aws_security_group.k8s_master",
                                "mode": "managed",
                                "type": "aws_security_group",
                                "name": "k8s_master",
                                "provider_name": "registry.terraform.io/hashicorp/aws",
                                "schema_version": 1,
                                "values": {
                                    "arn": "arn:aws:ec2:ap-southeast-5:187091248012:security-group/sg-031d7360941b108e9",
                                    "description": "Security group for Kubernetes master nodes",
                                    "egress": [
                                        {
                                            "cidr_blocks": [
                                                "0.0.0.0/0"
                                            ],
                                            "description": "",
                                            "from_port": 0,
                                            "ipv6_cidr_blocks": [],
                                            "prefix_list_ids": [],
                                            "protocol": "-1",
                                            "security_groups": [],
                                            "self": false,
                                            "to_port": 0
                                        }
                                    ],
                                    "id": "sg-031d7360941b108e9",
                                    "ingress": [
                                        {
                                            "cidr_blocks": [
                                                "10.25.0.0/16"
                                            ],
                                            "description": "K8s API Server",
                                            "from_port": 6443,
                                            "ipv6_cidr_blocks": [],
                                            "prefix_list_ids": [],
                                            "protocol": "tcp",
                                            "security_groups": [],
                                            "self": false,
                                            "to_port": 6443
                                        },
                                        {
                                            "cidr_blocks": [
                                                "10.25.0.0/16"
                                            ],
                                            "description": "Kubelet API",
                                            "from_port": 10250,
                                            "ipv6_cidr_blocks": [],
                                            "prefix_list_ids": [],
                                            "protocol": "tcp",
                                            "security_groups": [],
                                            "self": false,
                                            "to_port": 10250
                                        },
                                        {
                                            "cidr_blocks": [
                                                "10.25.0.0/16"
                                            ],
                                            "description": "SSH",
                                            "from_port": 22,
                                            "ipv6_cidr_blocks": [],
                                            "prefix_list_ids": [],
                                            "protocol": "tcp",
                                            "security_groups": [],
                                            "self": false,
                                            "to_port": 22
                                        },
                                        {
                                            "cidr_blocks": [],
                                            "description": "etcd client requests",
                                            "from_port": 2379,
                                            "ipv6_cidr_blocks": [],
                                            "prefix_list_ids": [],
                                            "protocol": "tcp",
                                            "security_groups": [],
                                            "self": true,
                                            "to_port": 2380
                                        },
                                        {
                                            "cidr_blocks": [],
                                            "description": "kube-controller-manager",
                                            "from_port": 10252,
                                            "ipv6_cidr_blocks": [],
                                            "prefix_list_ids": [],
                                            "protocol": "tcp",
                                            "security_groups": [],
                                            "self": true,
                                            "to_port": 10252
                                        },
                                        {
                                            "cidr_blocks": [],
                                            "description": "kube-scheduler",
                                            "from_port": 10251,
                                            "ipv6_cidr_blocks": [],
                                            "prefix_list_ids": [],
                                            "protocol": "tcp",
                                            "security_groups": [],
                                            "self": true,
                                            "to_port": 10251
                                        }
                                    ],
                                    "name": "tth-k8s-pj-dev-master-sg",
                                    "name_prefix": "",
                                    "owner_id": "187091248012",
                                    "revoke_rules_on_delete": false,
                                    "tags": {
                                        "Component": "security",
                                        "Name": "tth-k8s-pj-dev-master-sg",
                                        "Type": "k8s-master"
                                    },
                                    "tags_all": {
                                        "Component": "security",
                                        "Environment": "dev",
                                        "Managed_by": "terraform",
                                        "Name": "tth-k8s-pj-dev-master-sg",
                                        "Owner": "tth",
                                        "Project": "k8s-pj",
                                        "Type": "k8s-master"
                                    },
                                    "timeouts": null,
                                    "vpc_id": "vpc-036c34f6badf10f07"
                                },
                                "sensitive_values": {
                                    "egress": [
                                        {
                                            "cidr_blocks": [
                                                false
                                            ],
                                            "ipv6_cidr_blocks": [],
                                            "prefix_list_ids": [],
                                            "security_groups": []
                                        }
                                    ],
                                    "ingress": [
                                        {
                                            "cidr_blocks": [
                                                false
                                            ],
                                            "ipv6_cidr_blocks": [],
                                            "prefix_list_ids": [],
                                            "security_groups": []
                                        },
                                        {
                                            "cidr_blocks": [
                                                false
                                            ],
                                            "ipv6_cidr_blocks": [],
                                            "prefix_list_ids": [],
                                            "security_groups": []
                                        },
                                        {
                                            "cidr_blocks": [
                                                false
                                            ],
                                            "ipv6_cidr_blocks": [],
                                            "prefix_list_ids": [],
                                            "security_groups": []
                                        },
                                        {
                                            "cidr_blocks": [],
                                            "ipv6_cidr_blocks": [],
                                            "prefix_list_ids": [],
                                            "security_groups": []
                                        },
                                        {
                                            "cidr_blocks": [],
                                            "ipv6_cidr_blocks": [],
                                            "prefix_list_ids": [],
                                            "security_groups": []
                                        },
                                        {
                                            "cidr_blocks": [],
                                            "ipv6_cidr_blocks": [],
                                            "prefix_list_ids": [],
                                            "security_groups": []
                                        }
                                    ],
                                    "tags": {},
                                    "tags_all": {}
                                },
                                "depends_on": [
                                    "module.security.data.aws_default_tags.current",
                                    "module.vpc.aws_vpc.main",
                                    "module.vpc.data.aws_default_tags.current"
                                ]
                            },
                            {
                                "address": "module.security.aws_security_group.k8s_worker",
                                "mode": "managed",
                                "type": "aws_security_group",
                                "name": "k8s_worker",
                                "provider_name": "registry.terraform.io/hashicorp/aws",
                                "schema_version": 1,
                                "values": {
                                    "arn": "arn:aws:ec2:ap-southeast-5:187091248012:security-group/sg-046de11f549086969",
                                    "description": "Security group for Kubernetes worker nodes",
                                    "egress": [
                                        {
                                            "cidr_blocks": [
                                                "0.0.0.0/0"
                                            ],
                                            "description": "",
                                            "from_port": 0,
                                            "ipv6_cidr_blocks": [],
                                            "prefix_list_ids": [],
                                            "protocol": "-1",
                                            "security_groups": [],
                                            "self": false,
                                            "to_port": 0
                                        }
                                    ],
                                    "id": "sg-046de11f549086969",
                                    "ingress": [
                                        {
                                            "cidr_blocks": [
                                                "10.25.0.0/16"
                                            ],
                                            "description": "NodePort Services",
                                            "from_port": 30000,
                                            "ipv6_cidr_blocks": [],
                                            "prefix_list_ids": [],
                                            "protocol": "tcp",
                                            "security_groups": [],
                                            "self": false,
                                            "to_port": 32767
                                        },
                                        {
                                            "cidr_blocks": [
                                                "10.25.0.0/16"
                                            ],
                                            "description": "SSH",
                                            "from_port": 22,
                                            "ipv6_cidr_blocks": [],
                                            "prefix_list_ids": [],
                                            "protocol": "tcp",
                                            "security_groups": [],
                                            "self": false,
                                            "to_port": 22
                                        },
                                        {
                                            "cidr_blocks": [],
                                            "description": "K8s API Server",
                                            "from_port": 6443,
                                            "ipv6_cidr_blocks": [],
                                            "prefix_list_ids": [],
                                            "protocol": "tcp",
                                            "security_groups": [
                                                "sg-031d7360941b108e9"
                                            ],
                                            "self": false,
                                            "to_port": 6443
                                        },
                                        {
                                            "cidr_blocks": [],
                                            "description": "Kubelet API from masters",
                                            "from_port": 10250,
                                            "ipv6_cidr_blocks": [],
                                            "prefix_list_ids": [],
                                            "protocol": "tcp",
                                            "security_groups": [
                                                "sg-031d7360941b108e9"
                                            ],
                                            "self": false,
                                            "to_port": 10250
                                        },
                                        {
                                            "cidr_blocks": [],
                                            "description": "Worker to worker UDP (CNI)",
                                            "from_port": 0,
                                            "ipv6_cidr_blocks": [],
                                            "prefix_list_ids": [],
                                            "protocol": "udp",
                                            "security_groups": [],
                                            "self": true,
                                            "to_port": 65535
                                        },
                                        {
                                            "cidr_blocks": [],
                                            "description": "Worker to worker communication",
                                            "from_port": 0,
                                            "ipv6_cidr_blocks": [],
                                            "prefix_list_ids": [],
                                            "protocol": "tcp",
                                            "security_groups": [],
                                            "self": true,
                                            "to_port": 65535
                                        }
                                    ],
                                    "name": "tth-k8s-pj-dev-worker-sg",
                                    "name_prefix": "",
                                    "owner_id": "187091248012",
                                    "revoke_rules_on_delete": false,
                                    "tags": {
                                        "Component": "security",
                                        "Name": "tth-k8s-pj-dev-worker-sg",
                                        "Type": "k8s-worker"
                                    },
                                    "tags_all": {
                                        "Component": "security",
                                        "Environment": "dev",
                                        "Managed_by": "terraform",
                                        "Name": "tth-k8s-pj-dev-worker-sg",
                                        "Owner": "tth",
                                        "Project": "k8s-pj",
                                        "Type": "k8s-worker"
                                    },
                                    "timeouts": null,
                                    "vpc_id": "vpc-036c34f6badf10f07"
                                },
                                "sensitive_values": {
                                    "egress": [
                                        {
                                            "cidr_blocks": [
                                                false
                                            ],
                                            "ipv6_cidr_blocks": [],
                                            "prefix_list_ids": [],
                                            "security_groups": []
                                        }
                                    ],
                                    "ingress": [
                                        {
                                            "cidr_blocks": [
                                                false
                                            ],
                                            "ipv6_cidr_blocks": [],
                                            "prefix_list_ids": [],
                                            "security_groups": []
                                        },
                                        {
                                            "cidr_blocks": [
                                                false
                                            ],
                                            "ipv6_cidr_blocks": [],
                                            "prefix_list_ids": [],
                                            "security_groups": []
                                        },
                                        {
                                            "cidr_blocks": [],
                                            "ipv6_cidr_blocks": [],
                                            "prefix_list_ids": [],
                                            "security_groups": [
                                                false
                                            ]
                                        },
                                        {
                                            "cidr_blocks": [],
                                            "ipv6_cidr_blocks": [],
                                            "prefix_list_ids": [],
                                            "security_groups": [
                                                false
                                            ]
                                        },
                                        {
                                            "cidr_blocks": [],
                                            "ipv6_cidr_blocks": [],
                                            "prefix_list_ids": [],
                                            "security_groups": []
                                        },
                                        {
                                            "cidr_blocks": [],
                                            "ipv6_cidr_blocks": [],
                                            "prefix_list_ids": [],
                                            "security_groups": []
                                        }
                                    ],
                                    "tags": {},
                                    "tags_all": {}
                                },
                                "depends_on": [
                                    "module.security.aws_security_group.k8s_master",
                                    "module.security.data.aws_default_tags.current",
                                    "module.vpc.aws_vpc.main",
                                    "module.vpc.data.aws_default_tags.current"
                                ]
                            }
                        ],
                        "address": "module.security"
                    },
                    {
                        "resources": [
                            {
                                "address": "module.vpc.data.aws_availability_zones.available",
                                "mode": "data",
                                "type": "aws_availability_zones",
                                "name": "available",
                                "provider_name": "registry.terraform.io/hashicorp/aws",
                                "schema_version": 0,
                                "values": {
                                    "all_availability_zones": null,
                                    "exclude_names": null,
                                    "exclude_zone_ids": null,
                                    "filter": null,
                                    "group_names": [
                                        "ap-southeast-5-zg-1"
                                    ],
                                    "id": "ap-southeast-5",
                                    "names": [
                                        "ap-southeast-5a",
                                        "ap-southeast-5b",
                                        "ap-southeast-5c"
                                    ],
                                    "state": "available",
                                    "timeouts": null,
                                    "zone_ids": [
                                        "apse5-az1",
                                        "apse5-az2",
                                        "apse5-az3"
                                    ]
                                },
                                "sensitive_values": {
                                    "group_names": [
                                        false
                                    ],
                                    "names": [
                                        false,
                                        false,
                                        false
                                    ],
                                    "zone_ids": [
                                        false,
                                        false,
                                        false
                                    ]
                                }
                            },
                            {
                                "address": "module.vpc.data.aws_default_tags.current",
                                "mode": "data",
                                "type": "aws_default_tags",
                                "name": "current",
                                "provider_name": "registry.terraform.io/hashicorp/aws",
                                "schema_version": 0,
                                "values": {
                                    "id": "aws",
                                    "tags": {
                                        "Environment": "dev",
                                        "Managed_by": "terraform",
                                        "Owner": "tth",
                                        "Project": "k8s-pj"
                                    }
                                },
                                "sensitive_values": {
                                    "tags": {}
                                }
                            },
                            {
                                "address": "module.vpc.data.aws_region.current",
                                "mode": "data",
                                "type": "aws_region",
                                "name": "current",
                                "provider_name": "registry.terraform.io/hashicorp/aws",
                                "schema_version": 0,
                                "values": {
                                    "description": "Asia Pacific (Malaysia)",
                                    "endpoint": "ec2.ap-southeast-5.amazonaws.com",
                                    "id": "ap-southeast-5",
                                    "name": "ap-southeast-5"
                                },
                                "sensitive_values": {}
                            },
                            {
                                "address": "module.vpc.aws_internet_gateway.main",
                                "mode": "managed",
                                "type": "aws_internet_gateway",
                                "name": "main",
                                "provider_name": "registry.terraform.io/hashicorp/aws",
                                "schema_version": 0,
                                "values": {
                                    "arn": "arn:aws:ec2:ap-southeast-5:187091248012:internet-gateway/igw-06da4ef37b385e1de",
                                    "id": "igw-06da4ef37b385e1de",
                                    "owner_id": "187091248012",
                                    "tags": {
                                        "Name": "tth-k8s-pj-dev-igw"
                                    },
                                    "tags_all": {
                                        "Environment": "dev",
                                        "Managed_by": "terraform",
                                        "Name": "tth-k8s-pj-dev-igw",
                                        "Owner": "tth",
                                        "Project": "k8s-pj"
                                    },
                                    "timeouts": null,
                                    "vpc_id": "vpc-036c34f6badf10f07"
                                },
                                "sensitive_values": {
                                    "tags": {},
                                    "tags_all": {}
                                },
                                "depends_on": [
                                    "module.vpc.aws_vpc.main",
                                    "module.vpc.data.aws_default_tags.current"
                                ]
                            },
                            {
                                "address": "module.vpc.aws_route_table.private[0]",
                                "mode": "managed",
                                "type": "aws_route_table",
                                "name": "private",
                                "index": 0,
                                "provider_name": "registry.terraform.io/hashicorp/aws",
                                "schema_version": 0,
                                "values": {
                                    "arn": "arn:aws:ec2:ap-southeast-5:187091248012:route-table/rtb-08e6985dac5174e7b",
                                    "id": "rtb-08e6985dac5174e7b",
                                    "owner_id": "187091248012",
                                    "propagating_vgws": [],
                                    "route": [],
                                    "tags": {
                                        "Name": "tth-k8s-pj-dev-private-rt"
                                    },
                                    "tags_all": {
                                        "Environment": "dev",
                                        "Managed_by": "terraform",
                                        "Name": "tth-k8s-pj-dev-private-rt",
                                        "Owner": "tth",
                                        "Project": "k8s-pj"
                                    },
                                    "timeouts": null,
                                    "vpc_id": "vpc-036c34f6badf10f07"
                                },
                                "sensitive_values": {
                                    "propagating_vgws": [],
                                    "route": [],
                                    "tags": {},
                                    "tags_all": {}
                                },
                                "depends_on": [
                                    "module.vpc.aws_vpc.main",
                                    "module.vpc.data.aws_default_tags.current"
                                ]
                            },
                            {
                                "address": "module.vpc.aws_route_table.public",
                                "mode": "managed",
                                "type": "aws_route_table",
                                "name": "public",
                                "provider_name": "registry.terraform.io/hashicorp/aws",
                                "schema_version": 0,
                                "values": {
                                    "arn": "arn:aws:ec2:ap-southeast-5:187091248012:route-table/rtb-0f32fae5b9bf1c148",
                                    "id": "rtb-0f32fae5b9bf1c148",
                                    "owner_id": "187091248012",
                                    "propagating_vgws": [],
                                    "route": [
                                        {
                                            "carrier_gateway_id": "",
                                            "cidr_block": "0.0.0.0/0",
                                            "core_network_arn": "",
                                            "destination_prefix_list_id": "",
                                            "egress_only_gateway_id": "",
                                            "gateway_id": "igw-06da4ef37b385e1de",
                                            "ipv6_cidr_block": "",
                                            "local_gateway_id": "",
                                            "nat_gateway_id": "",
                                            "network_interface_id": "",
                                            "transit_gateway_id": "",
                                            "vpc_endpoint_id": "",
                                            "vpc_peering_connection_id": ""
                                        }
                                    ],
                                    "tags": {
                                        "Name": "tth-k8s-pj-dev-public-rt"
                                    },
                                    "tags_all": {
                                        "Environment": "dev",
                                        "Managed_by": "terraform",
                                        "Name": "tth-k8s-pj-dev-public-rt",
                                        "Owner": "tth",
                                        "Project": "k8s-pj"
                                    },
                                    "timeouts": null,
                                    "vpc_id": "vpc-036c34f6badf10f07"
                                },
                                "sensitive_values": {
                                    "propagating_vgws": [],
                                    "route": [
                                        {}
                                    ],
                                    "tags": {},
                                    "tags_all": {}
                                },
                                "depends_on": [
                                    "module.vpc.aws_internet_gateway.main",
                                    "module.vpc.aws_vpc.main",
                                    "module.vpc.data.aws_default_tags.current"
                                ]
                            },
                            {
                                "address": "module.vpc.aws_route_table_association.private[0]",
                                "mode": "managed",
                                "type": "aws_route_table_association",
                                "name": "private",
                                "index": 0,
                                "provider_name": "registry.terraform.io/hashicorp/aws",
                                "schema_version": 0,
                                "values": {
                                    "gateway_id": "",
                                    "id": "rtbassoc-04d237a7f68019fcb",
                                    "route_table_id": "rtb-08e6985dac5174e7b",
                                    "subnet_id": "subnet-038245452c18fdcd3",
                                    "timeouts": null
                                },
                                "sensitive_values": {},
                                "depends_on": [
                                    "module.vpc.aws_route_table.private",
                                    "module.vpc.aws_subnet.private",
                                    "module.vpc.aws_vpc.main",
                                    "module.vpc.data.aws_availability_zones.available",
                                    "module.vpc.data.aws_default_tags.current"
                                ]
                            },
                            {
                                "address": "module.vpc.aws_route_table_association.private[1]",
                                "mode": "managed",
                                "type": "aws_route_table_association",
                                "name": "private",
                                "index": 1,
                                "provider_name": "registry.terraform.io/hashicorp/aws",
                                "schema_version": 0,
                                "values": {
                                    "gateway_id": "",
                                    "id": "rtbassoc-063a0d4f881095567",
                                    "route_table_id": "rtb-08e6985dac5174e7b",
                                    "subnet_id": "subnet-0cebcc97620a59c5c",
                                    "timeouts": null
                                },
                                "sensitive_values": {},
                                "depends_on": [
                                    "module.vpc.aws_route_table.private",
                                    "module.vpc.aws_subnet.private",
                                    "module.vpc.aws_vpc.main",
                                    "module.vpc.data.aws_availability_zones.available",
                                    "module.vpc.data.aws_default_tags.current"
                                ]
                            },
                            {
                                "address": "module.vpc.aws_route_table_association.private[2]",
                                "mode": "managed",
                                "type": "aws_route_table_association",
                                "name": "private",
                                "index": 2,
                                "provider_name": "registry.terraform.io/hashicorp/aws",
                                "schema_version": 0,
                                "values": {
                                    "gateway_id": "",
                                    "id": "rtbassoc-03596caeea3092f4a",
                                    "route_table_id": "rtb-08e6985dac5174e7b",
                                    "subnet_id": "subnet-022bead9e9bf1881a",
                                    "timeouts": null
                                },
                                "sensitive_values": {},
                                "depends_on": [
                                    "module.vpc.aws_route_table.private",
                                    "module.vpc.aws_subnet.private",
                                    "module.vpc.aws_vpc.main",
                                    "module.vpc.data.aws_availability_zones.available",
                                    "module.vpc.data.aws_default_tags.current"
                                ]
                            },
                            {
                                "address": "module.vpc.aws_route_table_association.public[0]",
                                "mode": "managed",
                                "type": "aws_route_table_association",
                                "name": "public",
                                "index": 0,
                                "provider_name": "registry.terraform.io/hashicorp/aws",
                                "schema_version": 0,
                                "values": {
                                    "gateway_id": "",
                                    "id": "rtbassoc-0e1aae262972f592f",
                                    "route_table_id": "rtb-0f32fae5b9bf1c148",
                                    "subnet_id": "subnet-01164d443a698c146",
                                    "timeouts": null
                                },
                                "sensitive_values": {},
                                "depends_on": [
                                    "module.vpc.aws_internet_gateway.main",
                                    "module.vpc.aws_route_table.public",
                                    "module.vpc.aws_subnet.public",
                                    "module.vpc.aws_vpc.main",
                                    "module.vpc.data.aws_availability_zones.available",
                                    "module.vpc.data.aws_default_tags.current"
                                ]
                            },
                            {
                                "address": "module.vpc.aws_route_table_association.public[1]",
                                "mode": "managed",
                                "type": "aws_route_table_association",
                                "name": "public",
                                "index": 1,
                                "provider_name": "registry.terraform.io/hashicorp/aws",
                                "schema_version": 0,
                                "values": {
                                    "gateway_id": "",
                                    "id": "rtbassoc-0ca3e817df5739a87",
                                    "route_table_id": "rtb-0f32fae5b9bf1c148",
                                    "subnet_id": "subnet-0728b3c4a8b34f64d",
                                    "timeouts": null
                                },
                                "sensitive_values": {},
                                "depends_on": [
                                    "module.vpc.aws_internet_gateway.main",
                                    "module.vpc.aws_route_table.public",
                                    "module.vpc.aws_subnet.public",
                                    "module.vpc.aws_vpc.main",
                                    "module.vpc.data.aws_availability_zones.available",
                                    "module.vpc.data.aws_default_tags.current"
                                ]
                            },
                            {
                                "address": "module.vpc.aws_route_table_association.public[2]",
                                "mode": "managed",
                                "type": "aws_route_table_association",
                                "name": "public",
                                "index": 2,
                                "provider_name": "registry.terraform.io/hashicorp/aws",
                                "schema_version": 0,
                                "values": {
                                    "gateway_id": "",
                                    "id": "rtbassoc-0b1cc8ca9819d3439",
                                    "route_table_id": "rtb-0f32fae5b9bf1c148",
                                    "subnet_id": "subnet-0af67cc33786e9d19",
                                    "timeouts": null
                                },
                                "sensitive_values": {},
                                "depends_on": [
                                    "module.vpc.aws_internet_gateway.main",
                                    "module.vpc.aws_route_table.public",
                                    "module.vpc.aws_subnet.public",
                                    "module.vpc.aws_vpc.main",
                                    "module.vpc.data.aws_availability_zones.available",
                                    "module.vpc.data.aws_default_tags.current"
                                ]
                            },
                            {
                                "address": "module.vpc.aws_subnet.private[0]",
                                "mode": "managed",
                                "type": "aws_subnet",
                                "name": "private",
                                "index": 0,
                                "provider_name": "registry.terraform.io/hashicorp/aws",
                                "schema_version": 1,
                                "values": {
                                    "arn": "arn:aws:ec2:ap-southeast-5:187091248012:subnet/subnet-038245452c18fdcd3",
                                    "assign_ipv6_address_on_creation": false,
                                    "availability_zone": "ap-southeast-5a",
                                    "availability_zone_id": "apse5-az1",
                                    "cidr_block": "10.25.10.0/24",
                                    "customer_owned_ipv4_pool": "",
                                    "enable_dns64": false,
                                    "enable_lni_at_device_index": 0,
                                    "enable_resource_name_dns_a_record_on_launch": false,
                                    "enable_resource_name_dns_aaaa_record_on_launch": false,
                                    "id": "subnet-038245452c18fdcd3",
                                    "ipv6_cidr_block": "",
                                    "ipv6_cidr_block_association_id": "",
                                    "ipv6_native": false,
                                    "map_customer_owned_ip_on_launch": false,
                                    "map_public_ip_on_launch": false,
                                    "outpost_arn": "",
                                    "owner_id": "187091248012",
                                    "private_dns_hostname_type_on_launch": "ip-name",
                                    "tags": {
                                        "Name": "tth-k8s-pj-dev-private-1",
                                        "Type": "private",
                                        "kubernetes.io/role/internal-elb": "1"
                                    },
                                    "tags_all": {
                                        "Environment": "dev",
                                        "Managed_by": "terraform",
                                        "Name": "tth-k8s-pj-dev-private-1",
                                        "Owner": "tth",
                                        "Project": "k8s-pj",
                                        "Type": "private",
                                        "kubernetes.io/role/internal-elb": "1"
                                    },
                                    "timeouts": null,
                                    "vpc_id": "vpc-036c34f6badf10f07"
                                },
                                "sensitive_values": {
                                    "tags": {},
                                    "tags_all": {}
                                },
                                "depends_on": [
                                    "module.vpc.aws_vpc.main",
                                    "module.vpc.data.aws_availability_zones.available",
                                    "module.vpc.data.aws_default_tags.current"
                                ]
                            },
                            {
                                "address": "module.vpc.aws_subnet.private[1]",
                                "mode": "managed",
                                "type": "aws_subnet",
                                "name": "private",
                                "index": 1,
                                "provider_name": "registry.terraform.io/hashicorp/aws",
                                "schema_version": 1,
                                "values": {
                                    "arn": "arn:aws:ec2:ap-southeast-5:187091248012:subnet/subnet-0cebcc97620a59c5c",
                                    "assign_ipv6_address_on_creation": false,
                                    "availability_zone": "ap-southeast-5b",
                                    "availability_zone_id": "apse5-az2",
                                    "cidr_block": "10.25.11.0/24",
                                    "customer_owned_ipv4_pool": "",
                                    "enable_dns64": false,
                                    "enable_lni_at_device_index": 0,
                                    "enable_resource_name_dns_a_record_on_launch": false,
                                    "enable_resource_name_dns_aaaa_record_on_launch": false,
                                    "id": "subnet-0cebcc97620a59c5c",
                                    "ipv6_cidr_block": "",
                                    "ipv6_cidr_block_association_id": "",
                                    "ipv6_native": false,
                                    "map_customer_owned_ip_on_launch": false,
                                    "map_public_ip_on_launch": false,
                                    "outpost_arn": "",
                                    "owner_id": "187091248012",
                                    "private_dns_hostname_type_on_launch": "ip-name",
                                    "tags": {
                                        "Name": "tth-k8s-pj-dev-private-2",
                                        "Type": "private",
                                        "kubernetes.io/role/internal-elb": "1"
                                    },
                                    "tags_all": {
                                        "Environment": "dev",
                                        "Managed_by": "terraform",
                                        "Name": "tth-k8s-pj-dev-private-2",
                                        "Owner": "tth",
                                        "Project": "k8s-pj",
                                        "Type": "private",
                                        "kubernetes.io/role/internal-elb": "1"
                                    },
                                    "timeouts": null,
                                    "vpc_id": "vpc-036c34f6badf10f07"
                                },
                                "sensitive_values": {
                                    "tags": {},
                                    "tags_all": {}
                                },
                                "depends_on": [
                                    "module.vpc.aws_vpc.main",
                                    "module.vpc.data.aws_availability_zones.available",
                                    "module.vpc.data.aws_default_tags.current"
                                ]
                            },
                            {
                                "address": "module.vpc.aws_subnet.private[2]",
                                "mode": "managed",
                                "type": "aws_subnet",
                                "name": "private",
                                "index": 2,
                                "provider_name": "registry.terraform.io/hashicorp/aws",
                                "schema_version": 1,
                                "values": {
                                    "arn": "arn:aws:ec2:ap-southeast-5:187091248012:subnet/subnet-022bead9e9bf1881a",
                                    "assign_ipv6_address_on_creation": false,
                                    "availability_zone": "ap-southeast-5c",
                                    "availability_zone_id": "apse5-az3",
                                    "cidr_block": "10.25.12.0/24",
                                    "customer_owned_ipv4_pool": "",
                                    "enable_dns64": false,
                                    "enable_lni_at_device_index": 0,
                                    "enable_resource_name_dns_a_record_on_launch": false,
                                    "enable_resource_name_dns_aaaa_record_on_launch": false,
                                    "id": "subnet-022bead9e9bf1881a",
                                    "ipv6_cidr_block": "",
                                    "ipv6_cidr_block_association_id": "",
                                    "ipv6_native": false,
                                    "map_customer_owned_ip_on_launch": false,
                                    "map_public_ip_on_launch": false,
                                    "outpost_arn": "",
                                    "owner_id": "187091248012",
                                    "private_dns_hostname_type_on_launch": "ip-name",
                                    "tags": {
                                        "Name": "tth-k8s-pj-dev-private-3",
                                        "Type": "private",
                                        "kubernetes.io/role/internal-elb": "1"
                                    },
                                    "tags_all": {
                                        "Environment": "dev",
                                        "Managed_by": "terraform",
                                        "Name": "tth-k8s-pj-dev-private-3",
                                        "Owner": "tth",
                                        "Project": "k8s-pj",
                                        "Type": "private",
                                        "kubernetes.io/role/internal-elb": "1"
                                    },
                                    "timeouts": null,
                                    "vpc_id": "vpc-036c34f6badf10f07"
                                },
                                "sensitive_values": {
                                    "tags": {},
                                    "tags_all": {}
                                },
                                "depends_on": [
                                    "module.vpc.aws_vpc.main",
                                    "module.vpc.data.aws_availability_zones.available",
                                    "module.vpc.data.aws_default_tags.current"
                                ]
                            },
                            {
                                "address": "module.vpc.aws_subnet.public[0]",
                                "mode": "managed",
                                "type": "aws_subnet",
                                "name": "public",
                                "index": 0,
                                "provider_name": "registry.terraform.io/hashicorp/aws",
                                "schema_version": 1,
                                "values": {
                                    "arn": "arn:aws:ec2:ap-southeast-5:187091248012:subnet/subnet-01164d443a698c146",
                                    "assign_ipv6_address_on_creation": false,
                                    "availability_zone": "ap-southeast-5a",
                                    "availability_zone_id": "apse5-az1",
                                    "cidr_block": "10.25.0.0/24",
                                    "customer_owned_ipv4_pool": "",
                                    "enable_dns64": false,
                                    "enable_lni_at_device_index": 0,
                                    "enable_resource_name_dns_a_record_on_launch": false,
                                    "enable_resource_name_dns_aaaa_record_on_launch": false,
                                    "id": "subnet-01164d443a698c146",
                                    "ipv6_cidr_block": "",
                                    "ipv6_cidr_block_association_id": "",
                                    "ipv6_native": false,
                                    "map_customer_owned_ip_on_launch": false,
                                    "map_public_ip_on_launch": true,
                                    "outpost_arn": "",
                                    "owner_id": "187091248012",
                                    "private_dns_hostname_type_on_launch": "ip-name",
                                    "tags": {
                                        "Name": "tth-k8s-pj-dev-public-1",
                                        "Type": "public",
                                        "kubernetes.io/role/elb": "1"
                                    },
                                    "tags_all": {
                                        "Environment": "dev",
                                        "Managed_by": "terraform",
                                        "Name": "tth-k8s-pj-dev-public-1",
                                        "Owner": "tth",
                                        "Project": "k8s-pj",
                                        "Type": "public",
                                        "kubernetes.io/role/elb": "1"
                                    },
                                    "timeouts": null,
                                    "vpc_id": "vpc-036c34f6badf10f07"
                                },
                                "sensitive_values": {
                                    "tags": {},
                                    "tags_all": {}
                                },
                                "depends_on": [
                                    "module.vpc.aws_vpc.main",
                                    "module.vpc.data.aws_availability_zones.available",
                                    "module.vpc.data.aws_default_tags.current"
                                ]
                            },
                            {
                                "address": "module.vpc.aws_subnet.public[1]",
                                "mode": "managed",
                                "type": "aws_subnet",
                                "name": "public",
                                "index": 1,
                                "provider_name": "registry.terraform.io/hashicorp/aws",
                                "schema_version": 1,
                                "values": {
                                    "arn": "arn:aws:ec2:ap-southeast-5:187091248012:subnet/subnet-0728b3c4a8b34f64d",
                                    "assign_ipv6_address_on_creation": false,
                                    "availability_zone": "ap-southeast-5b",
                                    "availability_zone_id": "apse5-az2",
                                    "cidr_block": "10.25.1.0/24",
                                    "customer_owned_ipv4_pool": "",
                                    "enable_dns64": false,
                                    "enable_lni_at_device_index": 0,
                                    "enable_resource_name_dns_a_record_on_launch": false,
                                    "enable_resource_name_dns_aaaa_record_on_launch": false,
                                    "id": "subnet-0728b3c4a8b34f64d",
                                    "ipv6_cidr_block": "",
                                    "ipv6_cidr_block_association_id": "",
                                    "ipv6_native": false,
                                    "map_customer_owned_ip_on_launch": false,
                                    "map_public_ip_on_launch": true,
                                    "outpost_arn": "",
                                    "owner_id": "187091248012",
                                    "private_dns_hostname_type_on_launch": "ip-name",
                                    "tags": {
                                        "Name": "tth-k8s-pj-dev-public-2",
                                        "Type": "public",
                                        "kubernetes.io/role/elb": "1"
                                    },
                                    "tags_all": {
                                        "Environment": "dev",
                                        "Managed_by": "terraform",
                                        "Name": "tth-k8s-pj-dev-public-2",
                                        "Owner": "tth",
                                        "Project": "k8s-pj",
                                        "Type": "public",
                                        "kubernetes.io/role/elb": "1"
                                    },
                                    "timeouts": null,
                                    "vpc_id": "vpc-036c34f6badf10f07"
                                },
                                "sensitive_values": {
                                    "tags": {},
                                    "tags_all": {}
                                },
                                "depends_on": [
                                    "module.vpc.aws_vpc.main",
                                    "module.vpc.data.aws_availability_zones.available",
                                    "module.vpc.data.aws_default_tags.current"
                                ]
                            },
                            {
                                "address": "module.vpc.aws_subnet.public[2]",
                                "mode": "managed",
                                "type": "aws_subnet",
                                "name": "public",
                                "index": 2,
                                "provider_name": "registry.terraform.io/hashicorp/aws",
                                "schema_version": 1,
                                "values": {
                                    "arn": "arn:aws:ec2:ap-southeast-5:187091248012:subnet/subnet-0af67cc33786e9d19",
                                    "assign_ipv6_address_on_creation": false,
                                    "availability_zone": "ap-southeast-5c",
                                    "availability_zone_id": "apse5-az3",
                                    "cidr_block": "10.25.2.0/24",
                                    "customer_owned_ipv4_pool": "",
                                    "enable_dns64": false,
                                    "enable_lni_at_device_index": 0,
                                    "enable_resource_name_dns_a_record_on_launch": false,
                                    "enable_resource_name_dns_aaaa_record_on_launch": false,
                                    "id": "subnet-0af67cc33786e9d19",
                                    "ipv6_cidr_block": "",
                                    "ipv6_cidr_block_association_id": "",
                                    "ipv6_native": false,
                                    "map_customer_owned_ip_on_launch": false,
                                    "map_public_ip_on_launch": true,
                                    "outpost_arn": "",
                                    "owner_id": "187091248012",
                                    "private_dns_hostname_type_on_launch": "ip-name",
                                    "tags": {
                                        "Name": "tth-k8s-pj-dev-public-3",
                                        "Type": "public",
                                        "kubernetes.io/role/elb": "1"
                                    },
                                    "tags_all": {
                                        "Environment": "dev",
                                        "Managed_by": "terraform",
                                        "Name": "tth-k8s-pj-dev-public-3",
                                        "Owner": "tth",
                                        "Project": "k8s-pj",
                                        "Type": "public",
                                        "kubernetes.io/role/elb": "1"
                                    },
                                    "timeouts": null,
                                    "vpc_id": "vpc-036c34f6badf10f07"
                                },
                                "sensitive_values": {
                                    "tags": {},
                                    "tags_all": {}
                                },
                                "depends_on": [
                                    "module.vpc.aws_vpc.main",
                                    "module.vpc.data.aws_availability_zones.available",
                                    "module.vpc.data.aws_default_tags.current"
                                ]
                            },
                            {
                                "address": "module.vpc.aws_vpc.main",
                                "mode": "managed",
                                "type": "aws_vpc",
                                "name": "main",
                                "provider_name": "registry.terraform.io/hashicorp/aws",
                                "schema_version": 1,
                                "values": {
                                    "arn": "arn:aws:ec2:ap-southeast-5:187091248012:vpc/vpc-036c34f6badf10f07",
                                    "assign_generated_ipv6_cidr_block": false,
                                    "cidr_block": "10.25.0.0/16",
                                    "default_network_acl_id": "acl-01a5d99a0b23415fd",
                                    "default_route_table_id": "rtb-072d33812801e023a",
                                    "default_security_group_id": "sg-0e4f52e9a17948440",
                                    "dhcp_options_id": "dopt-0b1ed4b643f18010a",
                                    "enable_dns_hostnames": true,
                                    "enable_dns_support": true,
                                    "enable_network_address_usage_metrics": false,
                                    "id": "vpc-036c34f6badf10f07",
                                    "instance_tenancy": "default",
                                    "ipv4_ipam_pool_id": null,
                                    "ipv4_netmask_length": null,
                                    "ipv6_association_id": "",
                                    "ipv6_cidr_block": "",
                                    "ipv6_cidr_block_network_border_group": "",
                                    "ipv6_ipam_pool_id": "",
                                    "ipv6_netmask_length": 0,
                                    "main_route_table_id": "rtb-072d33812801e023a",
                                    "owner_id": "187091248012",
                                    "tags": {
                                        "Name": "tth-k8s-pj-dev-vpc"
                                    },
                                    "tags_all": {
                                        "Environment": "dev",
                                        "Managed_by": "terraform",
                                        "Name": "tth-k8s-pj-dev-vpc",
                                        "Owner": "tth",
                                        "Project": "k8s-pj"
                                    }
                                },
                                "sensitive_values": {
                                    "tags": {},
                                    "tags_all": {}
                                },
                                "depends_on": [
                                    "module.vpc.data.aws_default_tags.current"
                                ]
                            }
                        ],
                        "address": "module.vpc"
                    }
                ]
            }
        }
    },
    "configuration": {
        "provider_config": {
            "aws": {
                "name": "aws",
                "full_name": "registry.terraform.io/hashicorp/aws",
                "version_constraint": "~\u003e 5.0",
                "expressions": {
                    "default_tags": [
                        {
                            "tags": {
                                "references": [
                                    "local.tags"
                                ]
                            }
                        }
                    ],
                    "region": {
                        "references": [
                            "var.region"
                        ]
                    }
                }
            }
        },
        "root_module": {
            "outputs": {
                "availability_zones": {
                    "expression": {
                        "references": [
                            "module.vpc.availability_zones",
                            "module.vpc"
                        ]
                    },
                    "description": "List of availability zones used"
                },
                "private_subnet_ids": {
                    "expression": {
                        "references": [
                            "module.vpc.private_subnet_ids",
                            "module.vpc"
                        ]
                    },
                    "description": "IDs of the private subnets"
                },
                "public_subnet_ids": {
                    "expression": {
                        "references": [
                            "module.vpc.public_subnet_ids",
                            "module.vpc"
                        ]
                    },
                    "description": "IDs of the public subnets"
                },
                "vpc_cidr_block": {
                    "expression": {
                        "references": [
                            "module.vpc.vpc_cidr_block",
                            "module.vpc"
                        ]
                    },
                    "description": "CIDR block of the VPC"
                },
                "vpc_id": {
                    "expression": {
                        "references": [
                            "module.vpc.vpc_id",
                            "module.vpc"
                        ]
                    },
                    "description": "ID of the VPC"
                }
            },
            "resources": [
                {
                    "address": "aws_resourcegroups_group.dev_resources",
                    "mode": "managed",
                    "type": "aws_resourcegroups_group",
                    "name": "dev_resources",
                    "provider_config_key": "aws",
                    "expressions": {
                        "description": {
                            "constant_value": "All resources for k8s-pj dev environment"
                        },
                        "name": {
                            "references": [
                                "local.name_prefix"
                            ]
                        },
                        "resource_query": [
                            {
                                "query": {
                                    "references": [
                                        "var.project",
                                        "var.environment"
                                    ]
                                }
                            }
                        ],
                        "tags": {
                            "references": [
                                "local.tags",
                                "local.name_prefix"
                            ]
                        }
                    },
                    "schema_version": 0
                }
            ],
            "module_calls": {
                "ec2": {
                    "source": "../../modules/ec2",
                    "expressions": {
                        "additional_tags": {
                            "constant_value": {
                                "Component": "compute"
                            }
                        },
                        "master_security_group_id": {
                            "references": [
                                "module.security.k8s_master_sg_id",
                                "module.security"
                            ]
                        },
                        "private_subnet_ids": {
                            "references": [
                                "module.vpc.private_subnet_ids",
                                "module.vpc"
                            ]
                        },
                        "public_key": {},
                        "worker_security_group_id": {
                            "references": [
                                "module.security.k8s_worker_sg_id",
                                "module.security"
                            ]
                        }
                    },
                    "module": {
                        "outputs": {
                            "cluster_info": {
                                "expression": {
                                    "references": [
                                        "local.name_prefix",
                                        "var.master_count",
                                        "var.worker_count",
                                        "var.master_count",
                                        "var.worker_count",
                                        "var.kubernetes_version",
                                        "aws_instance.master[0].private_ip",
                                        "aws_instance.master[0]",
                                        "aws_instance.master"
                                    ]
                                },
                                "description": "Summary information about the K8s cluster"
                            },
                            "master_instance_ids": {
                                "expression": {
                                    "references": [
                                        "aws_instance.master"
                                    ]
                                },
                                "description": "IDs of the master instances"
                            },
                            "master_private_ips": {
                                "expression": {
                                    "references": [
                                        "aws_instance.master"
                                    ]
                                },
                                "description": "Private IP addresses of master nodes"
                            },
                            "worker_instance_ids": {
                                "expression": {
                                    "references": [
                                        "aws_instance.worker"
                                    ]
                                },
                                "description": "IDs of the worker instances"
                            },
                            "worker_private_ips": {
                                "expression": {
                                    "references": [
                                        "aws_instance.worker"
                                    ]
                                },
                                "description": "Private IP addresses of worker nodes"
                            }
                        },
                        "resources": [
                            {
                                "address": "aws_iam_instance_profile.k8s_master",
                                "mode": "managed",
                                "type": "aws_iam_instance_profile",
                                "name": "k8s_master",
                                "provider_config_key": "aws",
                                "expressions": {
                                    "name": {
                                        "references": [
                                            "local.name_prefix"
                                        ]
                                    },
                                    "role": {
                                        "references": [
                                            "aws_iam_role.k8s_master.name",
                                            "aws_iam_role.k8s_master"
                                        ]
                                    },
                                    "tags": {
                                        "references": [
                                            "var.additional_tags",
                                            "local.name_prefix"
                                        ]
                                    }
                                },
                                "schema_version": 0
                            },
                            {
                                "address": "aws_iam_instance_profile.k8s_worker",
                                "mode": "managed",
                                "type": "aws_iam_instance_profile",
                                "name": "k8s_worker",
                                "provider_config_key": "aws",
                                "expressions": {
                                    "name": {
                                        "references": [
                                            "local.name_prefix"
                                        ]
                                    },
                                    "role": {
                                        "references": [
                                            "aws_iam_role.k8s_worker.name",
                                            "aws_iam_role.k8s_worker"
                                        ]
                                    },
                                    "tags": {
                                        "references": [
                                            "var.additional_tags",
                                            "local.name_prefix"
                                        ]
                                    }
                                },
                                "schema_version": 0
                            },
                            {
                                "address": "aws_iam_role.k8s_master",
                                "mode": "managed",
                                "type": "aws_iam_role",
                                "name": "k8s_master",
                                "provider_config_key": "aws",
                                "expressions": {
                                    "assume_role_policy": {},
                                    "name": {
                                        "references": [
                                            "local.name_prefix"
                                        ]
                                    },
                                    "tags": {
                                        "references": [
                                            "var.additional_tags",
                                            "local.name_prefix"
                                        ]
                                    }
                                },
                                "schema_version": 0
                            },
                            {
                                "address": "aws_iam_role.k8s_worker",
                                "mode": "managed",
                                "type": "aws_iam_role",
                                "name": "k8s_worker",
                                "provider_config_key": "aws",
                                "expressions": {
                                    "assume_role_policy": {},
                                    "name": {
                                        "references": [
                                            "local.name_prefix"
                                        ]
                                    },
                                    "tags": {
                                        "references": [
                                            "var.additional_tags",
                                            "local.name_prefix"
                                        ]
                                    }
                                },
                                "schema_version": 0
                            },
                            {
                                "address": "aws_iam_role_policy.k8s_master_policy",
                                "mode": "managed",
                                "type": "aws_iam_role_policy",
                                "name": "k8s_master_policy",
                                "provider_config_key": "aws",
                                "expressions": {
                                    "name": {
                                        "references": [
                                            "local.name_prefix"
                                        ]
                                    },
                                    "policy": {},
                                    "role": {
                                        "references": [
                                            "aws_iam_role.k8s_master.id",
                                            "aws_iam_role.k8s_master"
                                        ]
                                    }
                                },
                                "schema_version": 0
                            },
                            {
                                "address": "aws_iam_role_policy.k8s_worker_policy",
                                "mode": "managed",
                                "type": "aws_iam_role_policy",
                                "name": "k8s_worker_policy",
                                "provider_config_key": "aws",
                                "expressions": {
                                    "name": {
                                        "references": [
                                            "local.name_prefix"
                                        ]
                                    },
                                    "policy": {},
                                    "role": {
                                        "references": [
                                            "aws_iam_role.k8s_worker.id",
                                            "aws_iam_role.k8s_worker"
                                        ]
                                    }
                                },
                                "schema_version": 0
                            },
                            {
                                "address": "aws_instance.master",
                                "mode": "managed",
                                "type": "aws_instance",
                                "name": "master",
                                "provider_config_key": "aws",
                                "expressions": {
                                    "ami": {
                                        "references": [
                                            "data.aws_ami.ubuntu.id",
                                            "data.aws_ami.ubuntu"
                                        ]
                                    },
                                    "iam_instance_profile": {
                                        "references": [
                                            "aws_iam_instance_profile.k8s_master.name",
                                            "aws_iam_instance_profile.k8s_master"
                                        ]
                                    },
                                    "instance_type": {
                                        "references": [
                                            "var.master_instance_type"
                                        ]
                                    },
                                    "key_name": {
                                        "references": [
                                            "aws_key_pair.k8s_key.key_name",
                                            "aws_key_pair.k8s_key"
                                        ]
                                    },
                                    "root_block_device": [
                                        {
                                            "delete_on_termination": {
                                                "constant_value": true
                                            },
                                            "encrypted": {
                                                "constant_value": true
                                            },
                                            "tags": {
                                                "references": [
                                                    "var.additional_tags",
                                                    "local.name_prefix",
                                                    "count.index"
                                                ]
                                            },
                                            "volume_size": {
                                                "constant_value": 20
                                            },
                                            "volume_type": {
                                                "constant_value": "gp3"
                                            }
                                        }
                                    ],
                                    "subnet_id": {
                                        "references": [
                                            "var.private_subnet_ids",
                                            "count.index",
                                            "var.private_subnet_ids"
                                        ]
                                    },
                                    "tags": {
                                        "references": [
                                            "var.additional_tags",
                                            "local.name_prefix",
                                            "count.index",
                                            "local.name_prefix"
                                        ]
                                    },
                                    "user_data": {
                                        "references": [
                                            "path.module",
                                            "var.kubernetes_version",
                                            "var.containerd_version",
                                            "count.index"
                                        ]
                                    },
                                    "vpc_security_group_ids": {
                                        "references": [
                                            "var.master_security_group_id"
                                        ]
                                    }
                                },
                                "schema_version": 1,
                                "count_expression": {
                                    "references": [
                                        "var.master_count"
                                    ]
                                }
                            },
                            {
                                "address": "aws_instance.worker",
                                "mode": "managed",
                                "type": "aws_instance",
                                "name": "worker",
                                "provider_config_key": "aws",
                                "expressions": {
                                    "ami": {
                                        "references": [
                                            "data.aws_ami.ubuntu.id",
                                            "data.aws_ami.ubuntu"
                                        ]
                                    },
                                    "iam_instance_profile": {
                                        "references": [
                                            "aws_iam_instance_profile.k8s_worker.name",
                                            "aws_iam_instance_profile.k8s_worker"
                                        ]
                                    },
                                    "instance_type": {
                                        "references": [
                                            "var.worker_instance_type"
                                        ]
                                    },
                                    "key_name": {
                                        "references": [
                                            "aws_key_pair.k8s_key.key_name",
                                            "aws_key_pair.k8s_key"
                                        ]
                                    },
                                    "root_block_device": [
                                        {
                                            "delete_on_termination": {
                                                "constant_value": true
                                            },
                                            "encrypted": {
                                                "constant_value": true
                                            },
                                            "tags": {
                                                "references": [
                                                    "var.additional_tags",
                                                    "local.name_prefix",
                                                    "count.index"
                                                ]
                                            },
                                            "volume_size": {
                                                "constant_value": 30
                                            },
                                            "volume_type": {
                                                "constant_value": "gp3"
                                            }
                                        }
                                    ],
                                    "subnet_id": {
                                        "references": [
                                            "var.private_subnet_ids",
                                            "count.index",
                                            "var.private_subnet_ids"
                                        ]
                                    },
                                    "tags": {
                                        "references": [
                                            "var.additional_tags",
                                            "local.name_prefix",
                                            "count.index",
                                            "local.name_prefix"
                                        ]
                                    },
                                    "user_data": {
                                        "references": [
                                            "path.module",
                                            "var.kubernetes_version",
                                            "var.containerd_version",
                                            "count.index"
                                        ]
                                    },
                                    "vpc_security_group_ids": {
                                        "references": [
                                            "var.worker_security_group_id"
                                        ]
                                    }
                                },
                                "schema_version": 1,
                                "count_expression": {
                                    "references": [
                                        "var.worker_count"
                                    ]
                                }
                            },
                            {
                                "address": "aws_key_pair.k8s_key",
                                "mode": "managed",
                                "type": "aws_key_pair",
                                "name": "k8s_key",
                                "provider_config_key": "aws",
                                "expressions": {
                                    "key_name": {
                                        "references": [
                                            "local.name_prefix"
                                        ]
                                    },
                                    "public_key": {
                                        "references": [
                                            "var.public_key"
                                        ]
                                    },
                                    "tags": {
                                        "references": [
                                            "var.additional_tags",
                                            "local.name_prefix"
                                        ]
                                    }
                                },
                                "schema_version": 1
                            },
                            {
                                "address": "data.aws_ami.ubuntu",
                                "mode": "data",
                                "type": "aws_ami",
                                "name": "ubuntu",
                                "provider_config_key": "aws",
                                "expressions": {
                                    "filter": [
                                        {
                                            "name": {
                                                "constant_value": "name"
                                            },
                                            "values": {
                                                "constant_value": [
                                                    "ubuntu/images/hvm-ssd/ubuntu-jammy-22.04-amd64-server-*"
                                                ]
                                            }
                                        },
                                        {
                                            "name": {
                                                "constant_value": "virtualization-type"
                                            },
                                            "values": {
                                                "constant_value": [
                                                    "hvm"
                                                ]
                                            }
                                        }
                                    ],
                                    "most_recent": {
                                        "constant_value": true
                                    },
                                    "owners": {
                                        "constant_value": [
                                            "099720109477"
                                        ]
                                    }
                                },
                                "schema_version": 0
                            },
                            {
                                "address": "data.aws_default_tags.current",
                                "mode": "data",
                                "type": "aws_default_tags",
                                "name": "current",
                                "provider_config_key": "aws",
                                "schema_version": 0
                            }
                        ],
                        "variables": {
                            "additional_tags": {
                                "default": {},
                                "description": "Additional tags to merge with default provider tags"
                            },
                            "containerd_version": {
                                "default": "1.6.24-1",
                                "description": "Containerd version to install"
                            },
                            "kubernetes_version": {
                                "default": "1.28",
                                "description": "Kubernetes version to install"
                            },
                            "master_count": {
                                "default": 3,
                                "description": "Number of master nodes"
                            },
                            "master_instance_type": {
                                "default": "t3.medium",
                                "description": "Instance type for master nodes"
                            },
                            "master_security_group_id": {
                                "description": "Security group ID for master nodes"
                            },
                            "private_subnet_ids": {
                                "description": "List of private subnet IDs"
                            },
                            "public_key": {
                                "description": "Public key for SSH access"
                            },
                            "worker_count": {
                                "default": 3,
                                "description": "Number of worker nodes"
                            },
                            "worker_instance_type": {
                                "default": "t3.large",
                                "description": "Instance type for worker nodes"
                            },
                            "worker_security_group_id": {
                                "description": "Security group ID for worker nodes"
                            }
                        }
                    }
                },
                "security": {
                    "source": "../../modules/security",
                    "expressions": {
                        "additional_tags": {
                            "constant_value": {
                                "Component": "security"
                            }
                        },
                        "vpc_cidr": {
                            "references": [
                                "module.vpc.vpc_cidr_block",
                                "module.vpc"
                            ]
                        },
                        "vpc_id": {
                            "references": [
                                "module.vpc.vpc_id",
                                "module.vpc"
                            ]
                        }
                    },
                    "module": {
                        "outputs": {
                            "alb_sg_id": {
                                "expression": {
                                    "references": [
                                        "aws_security_group.alb.id",
                                        "aws_security_group.alb"
                                    ]
                                },
                                "description": "Security group ID for ALB"
                            },
                            "all_sg_ids": {
                                "expression": {
                                    "references": [
                                        "aws_security_group.k8s_master.id",
                                        "aws_security_group.k8s_master",
                                        "aws_security_group.k8s_worker.id",
                                        "aws_security_group.k8s_worker",
                                        "aws_security_group.alb.id",
                                        "aws_security_group.alb"
                                    ]
                                },
                                "description": "Map of all security group IDs"
                            },
                            "k8s_master_sg_id": {
                                "expression": {
                                    "references": [
                                        "aws_security_group.k8s_master.id",
                                        "aws_security_group.k8s_master"
                                    ]
                                },
                                "description": "Security group ID for K8s master nodes"
                            },
                            "k8s_worker_sg_id": {
                                "expression": {
                                    "references": [
                                        "aws_security_group.k8s_worker.id",
                                        "aws_security_group.k8s_worker"
                                    ]
                                },
                                "description": "Security group ID for K8s worker nodes"
                            }
                        },
                        "resources": [
                            {
                                "address": "aws_security_group.alb",
                                "mode": "managed",
                                "type": "aws_security_group",
                                "name": "alb",
                                "provider_config_key": "aws",
                                "expressions": {
                                    "description": {
                                        "constant_value": "Security group for ALB"
                                    },
                                    "egress": {
                                        "references": [
                                            "aws_security_group.k8s_master.id",
                                            "aws_security_group.k8s_master"
                                        ]
                                    },
                                    "ingress": {
                                        "constant_value": [
                                            {
                                                "cidr_blocks": [
                                                    "0.0.0.0/0"
                                                ],
                                                "description": "HTTPS",
                                                "from_port": 443,
                                                "ipv6_cidr_blocks": null,
                                                "prefix_list_ids": null,
                                                "protocol": "tcp",
                                                "security_groups": null,
                                                "self": null,
                                                "to_port": 443
                                            },
                                            {
                                                "cidr_blocks": [
                                                    "0.0.0.0/0"
                                                ],
                                                "description": "HTTP",
                                                "from_port": 80,
                                                "ipv6_cidr_blocks": null,
                                                "prefix_list_ids": null,
                                                "protocol": "tcp",
                                                "security_groups": null,
                                                "self": null,
                                                "to_port": 80
                                            }
                                        ]
                                    },
                                    "name": {
                                        "references": [
                                            "local.name_prefix"
                                        ]
                                    },
                                    "tags": {
                                        "references": [
                                            "var.additional_tags",
                                            "local.name_prefix"
                                        ]
                                    },
                                    "vpc_id": {
                                        "references": [
                                            "var.vpc_id"
                                        ]
                                    }
                                },
                                "schema_version": 1
                            },
                            {
                                "address": "aws_security_group.k8s_master",
                                "mode": "managed",
                                "type": "aws_security_group",
                                "name": "k8s_master",
                                "provider_config_key": "aws",
                                "expressions": {
                                    "description": {
                                        "constant_value": "Security group for Kubernetes master nodes"
                                    },
                                    "egress": {
                                        "constant_value": [
                                            {
                                                "cidr_blocks": [
                                                    "0.0.0.0/0"
                                                ],
                                                "description": null,
                                                "from_port": 0,
                                                "ipv6_cidr_blocks": null,
                                                "prefix_list_ids": null,
                                                "protocol": "-1",
                                                "security_groups": null,
                                                "self": null,
                                                "to_port": 0
                                            }
                                        ]
                                    },
                                    "ingress": {
                                        "references": [
                                            "var.vpc_cidr",
                                            "var.vpc_cidr",
                                            "var.vpc_cidr"
                                        ]
                                    },
                                    "name": {
                                        "references": [
                                            "local.name_prefix"
                                        ]
                                    },
                                    "tags": {
                                        "references": [
                                            "var.additional_tags",
                                            "local.name_prefix"
                                        ]
                                    },
                                    "vpc_id": {
                                        "references": [
                                            "var.vpc_id"
                                        ]
                                    }
                                },
                                "schema_version": 1
                            },
                            {
                                "address": "aws_security_group.k8s_worker",
                                "mode": "managed",
                                "type": "aws_security_group",
                                "name": "k8s_worker",
                                "provider_config_key": "aws",
                                "expressions": {
                                    "description": {
                                        "constant_value": "Security group for Kubernetes worker nodes"
                                    },
                                    "egress": {
                                        "constant_value": [
                                            {
                                                "cidr_blocks": [
                                                    "0.0.0.0/0"
                                                ],
                                                "description": null,
                                                "from_port": 0,
                                                "ipv6_cidr_blocks": null,
                                                "prefix_list_ids": null,
                                                "protocol": "-1",
                                                "security_groups": null,
                                                "self": null,
                                                "to_port": 0
                                            }
                                        ]
                                    },
                                    "ingress": {
                                        "references": [
                                            "aws_security_group.k8s_master.id",
                                            "aws_security_group.k8s_master",
                                            "var.vpc_cidr",
                                            "var.vpc_cidr",
                                            "aws_security_group.k8s_master.id",
                                            "aws_security_group.k8s_master"
                                        ]
                                    },
                                    "name": {
                                        "references": [
                                            "local.name_prefix"
                                        ]
                                    },
                                    "tags": {
                                        "references": [
                                            "var.additional_tags",
                                            "local.name_prefix"
                                        ]
                                    },
                                    "vpc_id": {
                                        "references": [
                                            "var.vpc_id"
                                        ]
                                    }
                                },
                                "schema_version": 1
                            },
                            {
                                "address": "data.aws_default_tags.current",
                                "mode": "data",
                                "type": "aws_default_tags",
                                "name": "current",
                                "provider_config_key": "aws",
                                "schema_version": 0
                            }
                        ],
                        "variables": {
                            "additional_tags": {
                                "default": {},
                                "description": "Additional tags for security groups"
                            },
                            "vpc_cidr": {
                                "description": "VPC CIDR block"
                            },
                            "vpc_id": {
                                "description": "VPC ID where security groups will be created"
                            }
                        }
                    }
                },
                "vpc": {
                    "source": "../../modules/vpc",
                    "expressions": {
                        "availability_zones_count": {
                            "references": [
                                "var.availability_zones_count"
                            ]
                        },
                        "enable_nat_gateway": {
                            "references": [
                                "var.enable_nat_gateway"
                            ]
                        },
                        "enable_vpc_endpoints": {
                            "references": [
                                "var.enable_vpc_endpoints"
                            ]
                        },
                        "vpc_cidr": {
                            "references": [
                                "var.vpc_cidr"
                            ]
                        }
                    },
                    "module": {
                        "outputs": {
                            "availability_zones": {
                                "expression": {
                                    "references": [
                                        "local.azs"
                                    ]
                                },
                                "description": "List of availability zones used"
                            },
                            "internet_gateway_id": {
                                "expression": {
                                    "references": [
                                        "aws_internet_gateway.main.id",
                                        "aws_internet_gateway.main"
                                    ]
                                },
                                "description": "ID of the Internet Gateway"
                            },
                            "nat_gateway_ids": {
                                "expression": {
                                    "references": [
                                        "aws_nat_gateway.main"
                                    ]
                                },
                                "description": "IDs of the NAT Gateways"
                            },
                            "private_subnet_cidrs": {
                                "expression": {
                                    "references": [
                                        "aws_subnet.private"
                                    ]
                                },
                                "description": "CIDR blocks of the private subnets"
                            },
                            "private_subnet_ids": {
                                "expression": {
                                    "references": [
                                        "aws_subnet.private"
                                    ]
                                },
                                "description": "IDs of the private subnets"
                            },
                            "public_subnet_cidrs": {
                                "expression": {
                                    "references": [
                                        "aws_subnet.public"
                                    ]
                                },
                                "description": "CIDR blocks of the public subnets"
                            },
                            "public_subnet_ids": {
                                "expression": {
                                    "references": [
                                        "aws_subnet.public"
                                    ]
                                },
                                "description": "IDs of the public subnets"
                            },
                            "vpc_cidr_block": {
                                "expression": {
                                    "references": [
                                        "aws_vpc.main.cidr_block",
                                        "aws_vpc.main"
                                    ]
                                },
                                "description": "CIDR block of the VPC"
                            },
                            "vpc_endpoints": {
                                "expression": {
                                    "references": [
                                        "var.enable_vpc_endpoints",
                                        "aws_vpc_endpoint.s3[0].id",
                                        "aws_vpc_endpoint.s3[0]",
                                        "aws_vpc_endpoint.s3",
                                        "var.enable_vpc_endpoints",
                                        "aws_vpc_endpoint.ecr_api[0].id",
                                        "aws_vpc_endpoint.ecr_api[0]",
                                        "aws_vpc_endpoint.ecr_api",
                                        "var.enable_vpc_endpoints",
                                        "aws_vpc_endpoint.ecr_dkr[0].id",
                                        "aws_vpc_endpoint.ecr_dkr[0]",
                                        "aws_vpc_endpoint.ecr_dkr"
                                    ]
                                },
                                "description": "VPC Endpoints information"
                            },
                            "vpc_id": {
                                "expression": {
                                    "references": [
                                        "aws_vpc.main.id",
                                        "aws_vpc.main"
                                    ]
                                },
                                "description": "ID of the VPC"
                            }
                        },
                        "resources": [
                            {
                                "address": "aws_eip.nat",
                                "mode": "managed",
                                "type": "aws_eip",
                                "name": "nat",
                                "provider_config_key": "aws",
                                "expressions": {
                                    "domain": {
                                        "constant_value": "vpc"
                                    },
                                    "tags": {
                                        "references": [
                                            "var.additional_tags",
                                            "local.name_prefix",
                                            "count.index"
                                        ]
                                    }
                                },
                                "schema_version": 0,
                                "count_expression": {
                                    "references": [
                                        "var.enable_nat_gateway",
                                        "var.availability_zones_count"
                                    ]
                                },
                                "depends_on": [
                                    "aws_internet_gateway.main"
                                ]
                            },
                            {
                                "address": "aws_internet_gateway.main",
                                "mode": "managed",
                                "type": "aws_internet_gateway",
                                "name": "main",
                                "provider_config_key": "aws",
                                "expressions": {
                                    "tags": {
                                        "references": [
                                            "var.additional_tags",
                                            "local.name_prefix"
                                        ]
                                    },
                                    "vpc_id": {
                                        "references": [
                                            "aws_vpc.main.id",
                                            "aws_vpc.main"
                                        ]
                                    }
                                },
                                "schema_version": 0
                            },
                            {
                                "address": "aws_nat_gateway.main",
                                "mode": "managed",
                                "type": "aws_nat_gateway",
                                "name": "main",
                                "provider_config_key": "aws",
                                "expressions": {
                                    "allocation_id": {
                                        "references": [
                                            "aws_eip.nat",
                                            "count.index"
                                        ]
                                    },
                                    "subnet_id": {
                                        "references": [
                                            "aws_subnet.public",
                                            "count.index"
                                        ]
                                    },
                                    "tags": {
                                        "references": [
                                            "var.additional_tags",
                                            "local.name_prefix",
                                            "count.index"
                                        ]
                                    }
                                },
                                "schema_version": 0,
                                "count_expression": {
                                    "references": [
                                        "var.enable_nat_gateway",
                                        "var.availability_zones_count"
                                    ]
                                },
                                "depends_on": [
                                    "aws_internet_gateway.main"
                                ]
                            },
                            {
                                "address": "aws_route.private_nat_gateway",
                                "mode": "managed",
                                "type": "aws_route",
                                "name": "private_nat_gateway",
                                "provider_config_key": "aws",
                                "expressions": {
                                    "destination_cidr_block": {
                                        "constant_value": "0.0.0.0/0"
                                    },
                                    "nat_gateway_id": {
                                        "references": [
                                            "aws_nat_gateway.main",
                                            "count.index"
                                        ]
                                    },
                                    "route_table_id": {
                                        "references": [
                                            "aws_route_table.private",
                                            "count.index"
                                        ]
                                    },
                                    "timeouts": {
                                        "create": {
                                            "constant_value": "5m"
                                        }
                                    }
                                },
                                "schema_version": 0,
                                "count_expression": {
                                    "references": [
                                        "var.enable_nat_gateway",
                                        "var.availability_zones_count"
                                    ]
                                }
                            },
                            {
                                "address": "aws_route_table.private",
                                "mode": "managed",
                                "type": "aws_route_table",
                                "name": "private",
                                "provider_config_key": "aws",
                                "expressions": {
                                    "tags": {
                                        "references": [
                                            "var.additional_tags",
                                            "var.enable_nat_gateway",
                                            "local.name_prefix",
                                            "count.index",
                                            "local.name_prefix"
                                        ]
                                    },
                                    "vpc_id": {
                                        "references": [
                                            "aws_vpc.main.id",
                                            "aws_vpc.main"
                                        ]
                                    }
                                },
                                "schema_version": 0,
                                "count_expression": {
                                    "references": [
                                        "var.enable_nat_gateway",
                                        "var.availability_zones_count"
                                    ]
                                }
                            },
                            {
                                "address": "aws_route_table.public",
                                "mode": "managed",
                                "type": "aws_route_table",
                                "name": "public",
                                "provider_config_key": "aws",
                                "expressions": {
                                    "route": {
                                        "references": [
                                            "aws_internet_gateway.main.id",
                                            "aws_internet_gateway.main"
                                        ]
                                    },
                                    "tags": {
                                        "references": [
                                            "var.additional_tags",
                                            "local.name_prefix"
                                        ]
                                    },
                                    "vpc_id": {
                                        "references": [
                                            "aws_vpc.main.id",
                                            "aws_vpc.main"
                                        ]
                                    }
                                },
                                "schema_version": 0
                            },
                            {
                                "address": "aws_route_table_association.private",
                                "mode": "managed",
                                "type": "aws_route_table_association",
                                "name": "private",
                                "provider_config_key": "aws",
                                "expressions": {
                                    "route_table_id": {
                                        "references": [
                                            "var.enable_nat_gateway",
                                            "aws_route_table.private",
                                            "count.index",
                                            "aws_route_table.private[0].id",
                                            "aws_route_table.private[0]",
                                            "aws_route_table.private"
                                        ]
                                    },
                                    "subnet_id": {
                                        "references": [
                                            "aws_subnet.private",
                                            "count.index"
                                        ]
                                    }
                                },
                                "schema_version": 0,
                                "count_expression": {
                                    "references": [
                                        "var.availability_zones_count"
                                    ]
                                }
                            },
                            {
                                "address": "aws_route_table_association.public",
                                "mode": "managed",
                                "type": "aws_route_table_association",
                                "name": "public",
                                "provider_config_key": "aws",
                                "expressions": {
                                    "route_table_id": {
                                        "references": [
                                            "aws_route_table.public.id",
                                            "aws_route_table.public"
                                        ]
                                    },
                                    "subnet_id": {
                                        "references": [
                                            "aws_subnet.public",
                                            "count.index"
                                        ]
                                    }
                                },
                                "schema_version": 0,
                                "count_expression": {
                                    "references": [
                                        "var.availability_zones_count"
                                    ]
                                }
                            },
                            {
                                "address": "aws_security_group.vpc_endpoints",
                                "mode": "managed",
                                "type": "aws_security_group",
                                "name": "vpc_endpoints",
                                "provider_config_key": "aws",
                                "expressions": {
                                    "description": {
                                        "constant_value": "Security group for VPC endpoints"
                                    },
                                    "egress": {
                                        "constant_value": [
                                            {
                                                "cidr_blocks": [
                                                    "0.0.0.0/0"
                                                ],
                                                "description": null,
                                                "from_port": 0,
                                                "ipv6_cidr_blocks": null,
                                                "prefix_list_ids": null,
                                                "protocol": "-1",
                                                "security_groups": null,
                                                "self": null,
                                                "to_port": 0
                                            }
                                        ]
                                    },
                                    "ingress": {
                                        "references": [
                                            "var.vpc_cidr"
                                        ]
                                    },
                                    "name": {
                                        "references": [
                                            "local.name_prefix"
                                        ]
                                    },
                                    "tags": {
                                        "references": [
                                            "var.additional_tags",
                                            "local.name_prefix"
                                        ]
                                    },
                                    "vpc_id": {
                                        "references": [
                                            "aws_vpc.main.id",
                                            "aws_vpc.main"
                                        ]
                                    }
                                },
                                "schema_version": 1,
                                "count_expression": {
                                    "references": [
                                        "var.enable_vpc_endpoints"
                                    ]
                                }
                            },
                            {
                                "address": "aws_subnet.private",
                                "mode": "managed",
                                "type": "aws_subnet",
                                "name": "private",
                                "provider_config_key": "aws",
                                "expressions": {
                                    "availability_zone": {
                                        "references": [
                                            "local.azs",
                                            "count.index"
                                        ]
                                    },
                                    "cidr_block": {
                                        "references": [
                                            "local.private_subnets",
                                            "count.index"
                                        ]
                                    },
                                    "tags": {
                                        "references": [
                                            "var.additional_tags",
                                            "local.name_prefix",
                                            "count.index"
                                        ]
                                    },
                                    "vpc_id": {
                                        "references": [
                                            "aws_vpc.main.id",
                                            "aws_vpc.main"
                                        ]
                                    }
                                },
                                "schema_version": 1,
                                "count_expression": {
                                    "references": [
                                        "var.availability_zones_count"
                                    ]
                                }
                            },
                            {
                                "address": "aws_subnet.public",
                                "mode": "managed",
                                "type": "aws_subnet",
                                "name": "public",
                                "provider_config_key": "aws",
                                "expressions": {
                                    "availability_zone": {
                                        "references": [
                                            "local.azs",
                                            "count.index"
                                        ]
                                    },
                                    "cidr_block": {
                                        "references": [
                                            "local.public_subnets",
                                            "count.index"
                                        ]
                                    },
                                    "map_public_ip_on_launch": {
                                        "constant_value": true
                                    },
                                    "tags": {
                                        "references": [
                                            "var.additional_tags",
                                            "local.name_prefix",
                                            "count.index"
                                        ]
                                    },
                                    "vpc_id": {
                                        "references": [
                                            "aws_vpc.main.id",
                                            "aws_vpc.main"
                                        ]
                                    }
                                },
                                "schema_version": 1,
                                "count_expression": {
                                    "references": [
                                        "var.availability_zones_count"
                                    ]
                                }
                            },
                            {
                                "address": "aws_vpc.main",
                                "mode": "managed",
                                "type": "aws_vpc",
                                "name": "main",
                                "provider_config_key": "aws",
                                "expressions": {
                                    "cidr_block": {
                                        "references": [
                                            "var.vpc_cidr"
                                        ]
                                    },
                                    "enable_dns_hostnames": {
                                        "constant_value": true
                                    },
                                    "enable_dns_support": {
                                        "constant_value": true
                                    },
                                    "tags": {
                                        "references": [
                                            "var.additional_tags",
                                            "local.name_prefix"
                                        ]
                                    }
                                },
                                "schema_version": 1
                            },
                            {
                                "address": "aws_vpc_endpoint.ecr_api",
                                "mode": "managed",
                                "type": "aws_vpc_endpoint",
                                "name": "ecr_api",
                                "provider_config_key": "aws",
                                "expressions": {
                                    "private_dns_enabled": {
                                        "constant_value": true
                                    },
                                    "security_group_ids": {
                                        "references": [
                                            "aws_security_group.vpc_endpoints[0].id",
                                            "aws_security_group.vpc_endpoints[0]",
                                            "aws_security_group.vpc_endpoints"
                                        ]
                                    },
                                    "service_name": {
                                        "references": [
                                            "data.aws_region.current.name",
                                            "data.aws_region.current"
                                        ]
                                    },
                                    "subnet_ids": {
                                        "references": [
                                            "aws_subnet.private"
                                        ]
                                    },
                                    "tags": {
                                        "references": [
                                            "var.additional_tags",
                                            "local.name_prefix"
                                        ]
                                    },
                                    "vpc_endpoint_type": {
                                        "constant_value": "Interface"
                                    },
                                    "vpc_id": {
                                        "references": [
                                            "aws_vpc.main.id",
                                            "aws_vpc.main"
                                        ]
                                    }
                                },
                                "schema_version": 0,
                                "count_expression": {
                                    "references": [
                                        "var.enable_vpc_endpoints"
                                    ]
                                }
                            },
                            {
                                "address": "aws_vpc_endpoint.ecr_dkr",
                                "mode": "managed",
                                "type": "aws_vpc_endpoint",
                                "name": "ecr_dkr",
                                "provider_config_key": "aws",
                                "expressions": {
                                    "private_dns_enabled": {
                                        "constant_value": true
                                    },
                                    "security_group_ids": {
                                        "references": [
                                            "aws_security_group.vpc_endpoints[0].id",
                                            "aws_security_group.vpc_endpoints[0]",
                                            "aws_security_group.vpc_endpoints"
                                        ]
                                    },
                                    "service_name": {
                                        "references": [
                                            "data.aws_region.current.name",
                                            "data.aws_region.current"
                                        ]
                                    },
                                    "subnet_ids": {
                                        "references": [
                                            "aws_subnet.private"
                                        ]
                                    },
                                    "tags": {
                                        "references": [
                                            "var.additional_tags",
                                            "local.name_prefix"
                                        ]
                                    },
                                    "vpc_endpoint_type": {
                                        "constant_value": "Interface"
                                    },
                                    "vpc_id": {
                                        "references": [
                                            "aws_vpc.main.id",
                                            "aws_vpc.main"
                                        ]
                                    }
                                },
                                "schema_version": 0,
                                "count_expression": {
                                    "references": [
                                        "var.enable_vpc_endpoints"
                                    ]
                                }
                            },
                            {
                                "address": "aws_vpc_endpoint.s3",
                                "mode": "managed",
                                "type": "aws_vpc_endpoint",
                                "name": "s3",
                                "provider_config_key": "aws",
                                "expressions": {
                                    "route_table_ids": {
                                        "references": [
                                            "aws_route_table.public.id",
                                            "aws_route_table.public",
                                            "aws_route_table.private"
                                        ]
                                    },
                                    "service_name": {
                                        "references": [
                                            "data.aws_region.current.name",
                                            "data.aws_region.current"
                                        ]
                                    },
                                    "tags": {
                                        "references": [
                                            "var.additional_tags",
                                            "local.name_prefix"
                                        ]
                                    },
                                    "vpc_id": {
                                        "references": [
                                            "aws_vpc.main.id",
                                            "aws_vpc.main"
                                        ]
                                    }
                                },
                                "schema_version": 0,
                                "count_expression": {
                                    "references": [
                                        "var.enable_vpc_endpoints"
                                    ]
                                }
                            },
                            {
                                "address": "data.aws_availability_zones.available",
                                "mode": "data",
                                "type": "aws_availability_zones",
                                "name": "available",
                                "provider_config_key": "aws",
                                "expressions": {
                                    "state": {
                                        "constant_value": "available"
                                    }
                                },
                                "schema_version": 0
                            },
                            {
                                "address": "data.aws_default_tags.current",
                                "mode": "data",
                                "type": "aws_default_tags",
                                "name": "current",
                                "provider_config_key": "aws",
                                "schema_version": 0
                            },
                            {
                                "address": "data.aws_region.current",
                                "mode": "data",
                                "type": "aws_region",
                                "name": "current",
                                "provider_config_key": "aws",
                                "schema_version": 0
                            }
                        ],
                        "variables": {
                            "additional_tags": {
                                "default": {},
                                "description": "Additional tags to merge with default provider tags"
                            },
                            "availability_zones_count": {
                                "default": 3,
                                "description": "Number of AZs to deploy across"
                            },
                            "enable_nat_gateway": {
                                "default": false,
                                "description": "Enable NAT Gateways for private subnets"
                            },
                            "enable_vpc_endpoints": {
                                "default": false,
                                "description": "Enable VPC endpoints for S3 and ECR"
                            },
                            "vpc_cidr": {
                                "default": "10.0.0.0/16",
                                "description": "CIDR block for VPC"
                            }
                        }
                    }
                }
            },
            "variables": {
                "availability_zones_count": {
                    "default": 3,
                    "description": "Number of AZs to deploy across"
                },
                "enable_nat_gateway": {
                    "default": true,
                    "description": "Enable NAT Gateways for private subnets"
                },
                "enable_vpc_endpoints": {
                    "default": true,
                    "description": "Enable VPC endpoints for S3 and ECR"
                },
                "environment": {
                    "description": "Environment name"
                },
                "owner": {
                    "description": "Owner"
                },
                "project": {
                    "description": "Project name"
                },
                "region": {
                    "default": "ap-southeast-1",
                    "description": "AWS region"
                },
                "vpc_cidr": {
                    "default": "10.0.0.0/16",
                    "description": "CIDR block for VPC"
                }
            }
        }
    },
    "relevant_attributes": [
        {
            "resource": "module.ec2.aws_iam_instance_profile.k8s_worker",
            "attribute": [
                "name"
            ]
        },
        {
            "resource": "module.vpc.data.aws_default_tags.current",
            "attribute": [
                "tags",
                "Environment"
            ]
        },
        {
            "resource": "module.vpc.data.aws_default_tags.current",
            "attribute": [
                "tags",
                "Owner"
            ]
        },
        {
            "resource": "module.security.aws_security_group.k8s_worker",
            "attribute": [
                "id"
            ]
        },
        {
            "resource": "module.vpc.aws_internet_gateway.main",
            "attribute": [
                "id"
            ]
        },
        {
            "resource": "module.vpc.aws_subnet.private",
            "attribute": []
        },
        {
            "resource": "module.ec2.data.aws_ami.ubuntu",
            "attribute": [
                "id"
            ]
        },
        {
            "resource": "module.ec2.data.aws_default_tags.current",
            "attribute": [
                "tags",
                "Project"
            ]
        },
        {
            "resource": "module.vpc.data.aws_availability_zones.available",
            "attribute": [
                "names"
            ]
        },
        {
            "resource": "module.vpc.data.aws_default_tags.current",
            "attribute": [
                "tags",
                "Project"
            ]
        },
        {
            "resource": "module.ec2.aws_iam_role.k8s_worker",
            "attribute": [
                "name"
            ]
        },
        {
            "resource": "module.ec2.aws_instance.worker",
            "attribute": []
        },
        {
            "resource": "module.vpc.aws_nat_gateway.main",
            "attribute": []
        },
        {
            "resource": "module.ec2.aws_iam_instance_profile.k8s_master",
            "attribute": [
                "name"
            ]
        },
        {
            "resource": "module.ec2.aws_key_pair.k8s_key",
            "attribute": [
                "key_name"
            ]
        },
        {
            "resource": "module.vpc.aws_eip.nat",
            "attribute": []
        },
        {
            "resource": "module.ec2.data.aws_default_tags.current",
            "attribute": [
                "tags",
                "Environment"
            ]
        },
        {
            "resource": "module.security.aws_security_group.alb",
            "attribute": [
                "id"
            ]
        },
        {
            "resource": "module.vpc.aws_vpc.main",
            "attribute": [
                "cidr_block"
            ]
        },
        {
            "resource": "module.ec2.aws_iam_role.k8s_master",
            "attribute": [
                "id"
            ]
        },
        {
            "resource": "module.vpc.aws_vpc.main",
            "attribute": [
                "id"
            ]
        },
        {
            "resource": "module.ec2.aws_iam_role.k8s_master",
            "attribute": [
                "name"
            ]
        },
        {
            "resource": "module.ec2.aws_iam_role.k8s_worker",
            "attribute": [
                "id"
            ]
        },
        {
            "resource": "module.ec2.aws_instance.master",
            "attribute": []
        },
        {
            "resource": "module.security.aws_security_group.k8s_master",
            "attribute": [
                "id"
            ]
        },
        {
            "resource": "module.vpc.aws_subnet.public",
            "attribute": []
        },
        {
            "resource": "module.vpc.aws_vpc_endpoint.ecr_dkr[0]",
            "attribute": [
                "id"
            ]
        },
        {
            "resource": "module.ec2.aws_instance.master[0]",
            "attribute": [
                "private_ip"
            ]
        },
        {
            "resource": "module.vpc.aws_vpc_endpoint.ecr_api[0]",
            "attribute": [
                "id"
            ]
        },
        {
            "resource": "module.vpc.aws_vpc_endpoint.s3[0]",
            "attribute": [
                "id"
            ]
        }
    ],
    "timestamp": "2025-06-19T02:40:05Z",
    "applyable": true,
    "complete": true,
    "errored": false
}